PODS:
  - GoogleAPIClientForREST/Core (1.0.3):
    - GTMSessionFetcher (>= 1.1.3, ~> 1.1)
  - GoogleAPIClientForREST/Drive (1.0.3):
    - GoogleAPIClientForREST/Core
    - GTMSessionFetcher (>= 1.1.3, ~> 1.1)
  - GTMOAuth2 (1.1.3):
    - GTMSessionFetcher (~> 1.1)
  - GTMSessionFetcher (1.1.6):
    - GTMSessionFetcher/Full (= 1.1.6)
  - GTMSessionFetcher/Core (1.1.6)
  - GTMSessionFetcher/Full (1.1.6):
    - GTMSessionFetcher/Core (= 1.1.6)
  - SwiftMessages (3.0.1)

DEPENDENCIES:
  - GoogleAPIClientForREST/Drive
  - GTMOAuth2
  - SwiftMessages

SPEC CHECKSUMS:
  GoogleAPIClientForREST: 0b72399da5a108ba42a7fe0f8559edd7c49ea96a
  GTMOAuth2: 72f8a58b1ad821cc06638b6099a522789fe04fcc
  GTMSessionFetcher: 6aacd0ab48ddf0c3633ab2642d792abfcad1b08a
  SwiftMessages: 945e2928c6e819776abc8f480eb288c42cdd9e5b

PODFILE CHECKSUM: 2a28e859b131d3acd59f06d035ace28a102c582e

COCOAPODS: 1.1.0.rc.3
