// !$*UTF8*$!
{
	archiveVersion = 1;
	classes = {
	};
	objectVersion = 46;
	objects = {

/* Begin PBXBuildFile section */
		36642CBBE3A5062FB3A8B6C2 /* Pods_YSGGP.framework in Frameworks */ = {isa = PBXBuildFile; fileRef = C8C320F955D7D2D739F019E2 /* Pods_YSGGP.framework */; };
		500B6BFA1D92CA0C003996CA /* YSSettingsTableViewController.swift in Sources */ = {isa = PBXBuildFile; fileRef = 500B6BF91D92CA0C003996CA /* YSSettingsTableViewController.swift */; };
		500B6C241D93ED98003996CA /* YSDriveViewModel.swift in Sources */ = {isa = PBXBuildFile; fileRef = 500B6C231D93ED98003996CA /* YSDriveViewModel.swift */; };
		500B6C261D93EDCF003996CA /* YSDriveViewModelProtocol.swift in Sources */ = {isa = PBXBuildFile; fileRef = 500B6C251D93EDCF003996CA /* YSDriveViewModelProtocol.swift */; };
		500B6C2C1D93F083003996CA /* YSDriveItemProtocol.swift in Sources */ = {isa = PBXBuildFile; fileRef = 500B6C2B1D93F083003996CA /* YSDriveItemProtocol.swift */; };
		503FB7481D914ED6001F66F6 /* YSDriveViewController.swift in Sources */ = {isa = PBXBuildFile; fileRef = 503FB7471D914ED6001F66F6 /* YSDriveViewController.swift */; };
		503FB74A1D914F88001F66F6 /* YSPlaylistViewController.swift in Sources */ = {isa = PBXBuildFile; fileRef = 503FB7491D914F88001F66F6 /* YSPlaylistViewController.swift */; };
		504110431D95691100BE3B0C /* YSDriveItem.swift in Sources */ = {isa = PBXBuildFile; fileRef = 504110421D95691100BE3B0C /* YSDriveItem.swift */; };
		504110461D956B2A00BE3B0C /* YSDriveModelProtocol.swift in Sources */ = {isa = PBXBuildFile; fileRef = 504110451D956B2A00BE3B0C /* YSDriveModelProtocol.swift */; };
		504110491D956DEF00BE3B0C /* YSDriveModel.swift in Sources */ = {isa = PBXBuildFile; fileRef = 504110481D956DEF00BE3B0C /* YSDriveModel.swift */; };
		5041104B1D95763000BE3B0C /* YSDriveItemCell.swift in Sources */ = {isa = PBXBuildFile; fileRef = 5041104A1D95763000BE3B0C /* YSDriveItemCell.swift */; };
		504110F61D9BE35100BE3B0C /* YSCoordinatorProtocol.swift in Sources */ = {isa = PBXBuildFile; fileRef = 504110F51D9BE35100BE3B0C /* YSCoordinatorProtocol.swift */; };
		504110FD1D9BEA1D00BE3B0C /* YSDriveCoordinator.swift in Sources */ = {isa = PBXBuildFile; fileRef = 504110FC1D9BEA1D00BE3B0C /* YSDriveCoordinator.swift */; };
		504110FF1D9BF5BD00BE3B0C /* YSTabBarControllerExtension.swift in Sources */ = {isa = PBXBuildFile; fileRef = 504110FE1D9BF5BD00BE3B0C /* YSTabBarControllerExtension.swift */; };
		504111011D9C00E200BE3B0C /* YSConstants.swift in Sources */ = {isa = PBXBuildFile; fileRef = 504111001D9C00E200BE3B0C /* YSConstants.swift */; };
		505B4A3E1DAE42680055C180 /* YSDriveViewModelTests.swift in Sources */ = {isa = PBXBuildFile; fileRef = 505B4A3D1DAE42680055C180 /* YSDriveViewModelTests.swift */; };
		50911A2B1DAE9071008B7FE4 /* YSDriveCoordinatorTests.swift in Sources */ = {isa = PBXBuildFile; fileRef = 50911A291DAE9071008B7FE4 /* YSDriveCoordinatorTests.swift */; };
		50911A2C1DAE9071008B7FE4 /* YSDriveModelTests.swift in Sources */ = {isa = PBXBuildFile; fileRef = 50911A2A1DAE9071008B7FE4 /* YSDriveModelTests.swift */; };
		50AB0DBA1D8FF242008EDB0D /* YSAppDelegate.swift in Sources */ = {isa = PBXBuildFile; fileRef = 50AB0DB91D8FF242008EDB0D /* YSAppDelegate.swift */; };
		50AB0DC11D8FF242008EDB0D /* Main.storyboard in Resources */ = {isa = PBXBuildFile; fileRef = 50AB0DBF1D8FF242008EDB0D /* Main.storyboard */; };
		50AB0DC31D8FF242008EDB0D /* Assets.xcassets in Resources */ = {isa = PBXBuildFile; fileRef = 50AB0DC21D8FF242008EDB0D /* Assets.xcassets */; };
		50AB0DC61D8FF242008EDB0D /* LaunchScreen.storyboard in Resources */ = {isa = PBXBuildFile; fileRef = 50AB0DC41D8FF242008EDB0D /* LaunchScreen.storyboard */; };
		50AB0DDC1D8FF243008EDB0D /* YSGGPUITests.swift in Sources */ = {isa = PBXBuildFile; fileRef = 50AB0DDB1D8FF243008EDB0D /* YSGGPUITests.swift */; };
		50E49FBA1D9D3ED300A6FAAC /* YSStringFromClass.swift in Sources */ = {isa = PBXBuildFile; fileRef = 50E49FB91D9D3ED300A6FAAC /* YSStringFromClass.swift */; };
		50E49FC61DA2A2A800A6FAAC /* YSAuthenticationCoordinator.swift in Sources */ = {isa = PBXBuildFile; fileRef = 50E49FC51DA2A2A800A6FAAC /* YSAuthenticationCoordinator.swift */; };
		50E49FD01DA3A8E800A6FAAC /* YSToolbarView.swift in Sources */ = {isa = PBXBuildFile; fileRef = 50E49FCF1DA3A8E800A6FAAC /* YSToolbarView.swift */; };
		50E49FD21DA3DABD00A6FAAC /* YSToolbarView.xib in Resources */ = {isa = PBXBuildFile; fileRef = 50E49FD11DA3DABD00A6FAAC /* YSToolbarView.xib */; };
		50E49FD41DA3EE2D00A6FAAC /* YSDriveTopViewController.swift in Sources */ = {isa = PBXBuildFile; fileRef = 50E49FD31DA3EE2D00A6FAAC /* YSDriveTopViewController.swift */; };
		CFDE4251E89053ED071C5F30 /* Pods_YSGGPUnitTests.framework in Frameworks */ = {isa = PBXBuildFile; fileRef = D9C0842D433C95FB70F83AB6 /* Pods_YSGGPUnitTests.framework */; };
/* End PBXBuildFile section */

/* Begin PBXContainerItemProxy section */
		505B4A341DAD36600055C180 /* PBXContainerItemProxy */ = {
			isa = PBXContainerItemProxy;
			containerPortal = 50AB0DAE1D8FF242008EDB0D /* Project object */;
			proxyType = 1;
			remoteGlobalIDString = 50AB0DB51D8FF242008EDB0D;
			remoteInfo = YSGGP;
		};
		50AB0DD81D8FF243008EDB0D /* PBXContainerItemProxy */ = {
			isa = PBXContainerItemProxy;
			containerPortal = 50AB0DAE1D8FF242008EDB0D /* Project object */;
			proxyType = 1;
			remoteGlobalIDString = 50AB0DB51D8FF242008EDB0D;
			remoteInfo = YSGGP;
		};
/* End PBXContainerItemProxy section */

/* Begin PBXFileReference section */
		05CCA9077C1CD330FC026C4C /* Pods-YSGGP.release.xcconfig */ = {isa = PBXFileReference; includeInIndex = 1; lastKnownFileType = text.xcconfig; name = "Pods-YSGGP.release.xcconfig"; path = "Pods/Target Support Files/Pods-YSGGP/Pods-YSGGP.release.xcconfig"; sourceTree = "<group>"; };
		1C92BC640E2700C7990F384E /* Pods-YSGGPTests.debug.xcconfig */ = {isa = PBXFileReference; includeInIndex = 1; lastKnownFileType = text.xcconfig; name = "Pods-YSGGPTests.debug.xcconfig"; path = "Pods/Target Support Files/Pods-YSGGPTests/Pods-YSGGPTests.debug.xcconfig"; sourceTree = "<group>"; };
		21C08C12A2937BF3992D016E /* Pods-YSGGP.debug.xcconfig */ = {isa = PBXFileReference; includeInIndex = 1; lastKnownFileType = text.xcconfig; name = "Pods-YSGGP.debug.xcconfig"; path = "Pods/Target Support Files/Pods-YSGGP/Pods-YSGGP.debug.xcconfig"; sourceTree = "<group>"; };
		500B6BF91D92CA0C003996CA /* YSSettingsTableViewController.swift */ = {isa = PBXFileReference; fileEncoding = 4; lastKnownFileType = sourcecode.swift; path = YSSettingsTableViewController.swift; sourceTree = "<group>"; };
		500B6C231D93ED98003996CA /* YSDriveViewModel.swift */ = {isa = PBXFileReference; fileEncoding = 4; lastKnownFileType = sourcecode.swift; path = YSDriveViewModel.swift; sourceTree = "<group>"; };
		500B6C251D93EDCF003996CA /* YSDriveViewModelProtocol.swift */ = {isa = PBXFileReference; fileEncoding = 4; lastKnownFileType = sourcecode.swift; path = YSDriveViewModelProtocol.swift; sourceTree = "<group>"; };
		500B6C2B1D93F083003996CA /* YSDriveItemProtocol.swift */ = {isa = PBXFileReference; fileEncoding = 4; lastKnownFileType = sourcecode.swift; path = YSDriveItemProtocol.swift; sourceTree = "<group>"; };
		503FB7471D914ED6001F66F6 /* YSDriveViewController.swift */ = {isa = PBXFileReference; fileEncoding = 4; lastKnownFileType = sourcecode.swift; path = YSDriveViewController.swift; sourceTree = "<group>"; };
		503FB7491D914F88001F66F6 /* YSPlaylistViewController.swift */ = {isa = PBXFileReference; fileEncoding = 4; lastKnownFileType = sourcecode.swift; path = YSPlaylistViewController.swift; sourceTree = "<group>"; };
		504110421D95691100BE3B0C /* YSDriveItem.swift */ = {isa = PBXFileReference; fileEncoding = 4; lastKnownFileType = sourcecode.swift; path = YSDriveItem.swift; sourceTree = "<group>"; };
		504110451D956B2A00BE3B0C /* YSDriveModelProtocol.swift */ = {isa = PBXFileReference; fileEncoding = 4; lastKnownFileType = sourcecode.swift; path = YSDriveModelProtocol.swift; sourceTree = "<group>"; };
		504110481D956DEF00BE3B0C /* YSDriveModel.swift */ = {isa = PBXFileReference; fileEncoding = 4; lastKnownFileType = sourcecode.swift; path = YSDriveModel.swift; sourceTree = "<group>"; };
		5041104A1D95763000BE3B0C /* YSDriveItemCell.swift */ = {isa = PBXFileReference; fileEncoding = 4; lastKnownFileType = sourcecode.swift; path = YSDriveItemCell.swift; sourceTree = "<group>"; };
		504110F51D9BE35100BE3B0C /* YSCoordinatorProtocol.swift */ = {isa = PBXFileReference; fileEncoding = 4; lastKnownFileType = sourcecode.swift; path = YSCoordinatorProtocol.swift; sourceTree = "<group>"; };
		504110FC1D9BEA1D00BE3B0C /* YSDriveCoordinator.swift */ = {isa = PBXFileReference; fileEncoding = 4; lastKnownFileType = sourcecode.swift; path = YSDriveCoordinator.swift; sourceTree = "<group>"; };
		504110FE1D9BF5BD00BE3B0C /* YSTabBarControllerExtension.swift */ = {isa = PBXFileReference; fileEncoding = 4; lastKnownFileType = sourcecode.swift; path = YSTabBarControllerExtension.swift; sourceTree = "<group>"; };
		504111001D9C00E200BE3B0C /* YSConstants.swift */ = {isa = PBXFileReference; fileEncoding = 4; lastKnownFileType = sourcecode.swift; path = YSConstants.swift; sourceTree = "<group>"; };
		505B4A2F1DAD36600055C180 /* YSGGPUnitTests.xctest */ = {isa = PBXFileReference; explicitFileType = wrapper.cfbundle; includeInIndex = 0; path = YSGGPUnitTests.xctest; sourceTree = BUILT_PRODUCTS_DIR; };
		505B4A331DAD36600055C180 /* Info.plist */ = {isa = PBXFileReference; lastKnownFileType = text.plist.xml; path = Info.plist; sourceTree = "<group>"; };
		505B4A3D1DAE42680055C180 /* YSDriveViewModelTests.swift */ = {isa = PBXFileReference; fileEncoding = 4; lastKnownFileType = sourcecode.swift; path = YSDriveViewModelTests.swift; sourceTree = "<group>"; };
		50911A291DAE9071008B7FE4 /* YSDriveCoordinatorTests.swift */ = {isa = PBXFileReference; fileEncoding = 4; lastKnownFileType = sourcecode.swift; path = YSDriveCoordinatorTests.swift; sourceTree = "<group>"; };
		50911A2A1DAE9071008B7FE4 /* YSDriveModelTests.swift */ = {isa = PBXFileReference; fileEncoding = 4; lastKnownFileType = sourcecode.swift; path = YSDriveModelTests.swift; sourceTree = "<group>"; };
		50AB0DB61D8FF242008EDB0D /* YSGGP.app */ = {isa = PBXFileReference; explicitFileType = wrapper.application; includeInIndex = 0; path = YSGGP.app; sourceTree = BUILT_PRODUCTS_DIR; };
		50AB0DB91D8FF242008EDB0D /* YSAppDelegate.swift */ = {isa = PBXFileReference; lastKnownFileType = sourcecode.swift; path = YSAppDelegate.swift; sourceTree = "<group>"; };
		50AB0DC01D8FF242008EDB0D /* Base */ = {isa = PBXFileReference; lastKnownFileType = file.storyboard; name = Base; path = Base.lproj/Main.storyboard; sourceTree = "<group>"; };
		50AB0DC21D8FF242008EDB0D /* Assets.xcassets */ = {isa = PBXFileReference; lastKnownFileType = folder.assetcatalog; path = Assets.xcassets; sourceTree = "<group>"; };
		50AB0DC51D8FF242008EDB0D /* Base */ = {isa = PBXFileReference; lastKnownFileType = file.storyboard; name = Base; path = Base.lproj/LaunchScreen.storyboard; sourceTree = "<group>"; };
		50AB0DC71D8FF242008EDB0D /* Info.plist */ = {isa = PBXFileReference; lastKnownFileType = text.plist.xml; path = Info.plist; sourceTree = "<group>"; };
		50AB0DD71D8FF243008EDB0D /* YSGGPUITests.xctest */ = {isa = PBXFileReference; explicitFileType = wrapper.cfbundle; includeInIndex = 0; path = YSGGPUITests.xctest; sourceTree = BUILT_PRODUCTS_DIR; };
		50AB0DDB1D8FF243008EDB0D /* YSGGPUITests.swift */ = {isa = PBXFileReference; lastKnownFileType = sourcecode.swift; path = YSGGPUITests.swift; sourceTree = "<group>"; };
		50AB0DDD1D8FF243008EDB0D /* Info.plist */ = {isa = PBXFileReference; lastKnownFileType = text.plist.xml; path = Info.plist; sourceTree = "<group>"; };
		50E49FB91D9D3ED300A6FAAC /* YSStringFromClass.swift */ = {isa = PBXFileReference; fileEncoding = 4; lastKnownFileType = sourcecode.swift; path = YSStringFromClass.swift; sourceTree = "<group>"; };
		50E49FC51DA2A2A800A6FAAC /* YSAuthenticationCoordinator.swift */ = {isa = PBXFileReference; fileEncoding = 4; lastKnownFileType = sourcecode.swift; path = YSAuthenticationCoordinator.swift; sourceTree = "<group>"; };
		50E49FCF1DA3A8E800A6FAAC /* YSToolbarView.swift */ = {isa = PBXFileReference; fileEncoding = 4; lastKnownFileType = sourcecode.swift; path = YSToolbarView.swift; sourceTree = "<group>"; };
		50E49FD11DA3DABD00A6FAAC /* YSToolbarView.xib */ = {isa = PBXFileReference; fileEncoding = 4; lastKnownFileType = file.xib; path = YSToolbarView.xib; sourceTree = "<group>"; };
		50E49FD31DA3EE2D00A6FAAC /* YSDriveTopViewController.swift */ = {isa = PBXFileReference; fileEncoding = 4; lastKnownFileType = sourcecode.swift; path = YSDriveTopViewController.swift; sourceTree = "<group>"; };
		525D25D6E9B91F8F3A074FB2 /* Pods_YSGGPTests.framework */ = {isa = PBXFileReference; explicitFileType = wrapper.framework; includeInIndex = 0; path = Pods_YSGGPTests.framework; sourceTree = BUILT_PRODUCTS_DIR; };
		A4064FE1DC1DF62C4A3EC971 /* Pods-YSGGPUnitTests.release.xcconfig */ = {isa = PBXFileReference; includeInIndex = 1; lastKnownFileType = text.xcconfig; name = "Pods-YSGGPUnitTests.release.xcconfig"; path = "Pods/Target Support Files/Pods-YSGGPUnitTests/Pods-YSGGPUnitTests.release.xcconfig"; sourceTree = "<group>"; };
		C60B35E30DF4A3A4C8227BB7 /* Pods-YSGGPTests.release.xcconfig */ = {isa = PBXFileReference; includeInIndex = 1; lastKnownFileType = text.xcconfig; name = "Pods-YSGGPTests.release.xcconfig"; path = "Pods/Target Support Files/Pods-YSGGPTests/Pods-YSGGPTests.release.xcconfig"; sourceTree = "<group>"; };
		C8C320F955D7D2D739F019E2 /* Pods_YSGGP.framework */ = {isa = PBXFileReference; explicitFileType = wrapper.framework; includeInIndex = 0; path = Pods_YSGGP.framework; sourceTree = BUILT_PRODUCTS_DIR; };
		D9C0842D433C95FB70F83AB6 /* Pods_YSGGPUnitTests.framework */ = {isa = PBXFileReference; explicitFileType = wrapper.framework; includeInIndex = 0; path = Pods_YSGGPUnitTests.framework; sourceTree = BUILT_PRODUCTS_DIR; };
		F114DECF71F3F508EBECD168 /* Pods-YSGGPUnitTests.debug.xcconfig */ = {isa = PBXFileReference; includeInIndex = 1; lastKnownFileType = text.xcconfig; name = "Pods-YSGGPUnitTests.debug.xcconfig"; path = "Pods/Target Support Files/Pods-YSGGPUnitTests/Pods-YSGGPUnitTests.debug.xcconfig"; sourceTree = "<group>"; };
/* End PBXFileReference section */

/* Begin PBXFrameworksBuildPhase section */
		505B4A2C1DAD36600055C180 /* Frameworks */ = {
			isa = PBXFrameworksBuildPhase;
			buildActionMask = 2147483647;
			files = (
				CFDE4251E89053ED071C5F30 /* Pods_YSGGPUnitTests.framework in Frameworks */,
			);
			runOnlyForDeploymentPostprocessing = 0;
		};
		50AB0DB31D8FF242008EDB0D /* Frameworks */ = {
			isa = PBXFrameworksBuildPhase;
			buildActionMask = 2147483647;
			files = (
				36642CBBE3A5062FB3A8B6C2 /* Pods_YSGGP.framework in Frameworks */,
			);
			runOnlyForDeploymentPostprocessing = 0;
		};
		50AB0DD41D8FF243008EDB0D /* Frameworks */ = {
			isa = PBXFrameworksBuildPhase;
			buildActionMask = 2147483647;
			files = (
			);
			runOnlyForDeploymentPostprocessing = 0;
		};
/* End PBXFrameworksBuildPhase section */

/* Begin PBXGroup section */
		2A4B0FA135E6E29937D943F7 /* Pods */ = {
			isa = PBXGroup;
			children = (
				21C08C12A2937BF3992D016E /* Pods-YSGGP.debug.xcconfig */,
				05CCA9077C1CD330FC026C4C /* Pods-YSGGP.release.xcconfig */,
				1C92BC640E2700C7990F384E /* Pods-YSGGPTests.debug.xcconfig */,
				C60B35E30DF4A3A4C8227BB7 /* Pods-YSGGPTests.release.xcconfig */,
				F114DECF71F3F508EBECD168 /* Pods-YSGGPUnitTests.debug.xcconfig */,
				A4064FE1DC1DF62C4A3EC971 /* Pods-YSGGPUnitTests.release.xcconfig */,
			);
			name = Pods;
			sourceTree = "<group>";
		};
		500B6C271D93EDD8003996CA /* Protocols */ = {
			isa = PBXGroup;
			children = (
				500B6C251D93EDCF003996CA /* YSDriveViewModelProtocol.swift */,
			);
			name = Protocols;
			sourceTree = "<group>";
		};
		500B6C281D93F048003996CA /* Models */ = {
			isa = PBXGroup;
			children = (
				500B6C291D93F052003996CA /* Data */,
				504110471D956B3500BE3B0C /* Protocols */,
				504110481D956DEF00BE3B0C /* YSDriveModel.swift */,
			);
			name = Models;
			sourceTree = "<group>";
		};
		500B6C291D93F052003996CA /* Data */ = {
			isa = PBXGroup;
			children = (
				500B6C2A1D93F060003996CA /* Data Protocols */,
				504110441D95699500BE3B0C /* Data Structs */,
			);
			name = Data;
			sourceTree = "<group>";
		};
		500B6C2A1D93F060003996CA /* Data Protocols */ = {
			isa = PBXGroup;
			children = (
				500B6C2B1D93F083003996CA /* YSDriveItemProtocol.swift */,
			);
			name = "Data Protocols";
			sourceTree = "<group>";
		};
		503FB7451D914E7E001F66F6 /* ViewModels */ = {
			isa = PBXGroup;
			children = (
				500B6C271D93EDD8003996CA /* Protocols */,
				500B6C231D93ED98003996CA /* YSDriveViewModel.swift */,
			);
			name = ViewModels;
			sourceTree = "<group>";
		};
		504110441D95699500BE3B0C /* Data Structs */ = {
			isa = PBXGroup;
			children = (
				504110421D95691100BE3B0C /* YSDriveItem.swift */,
			);
			name = "Data Structs";
			sourceTree = "<group>";
		};
		504110471D956B3500BE3B0C /* Protocols */ = {
			isa = PBXGroup;
			children = (
				504110451D956B2A00BE3B0C /* YSDriveModelProtocol.swift */,
			);
			name = Protocols;
			sourceTree = "<group>";
		};
		504110FB1D9BE59F00BE3B0C /* Coordinators */ = {
			isa = PBXGroup;
			children = (
				504110FC1D9BEA1D00BE3B0C /* YSDriveCoordinator.swift */,
				50E49FC51DA2A2A800A6FAAC /* YSAuthenticationCoordinator.swift */,
				504110F51D9BE35100BE3B0C /* YSCoordinatorProtocol.swift */,
			);
			name = Coordinators;
			sourceTree = "<group>";
		};
		505B4A301DAD36600055C180 /* YSGGPUnitTests */ = {
			isa = PBXGroup;
			children = (
				50911A291DAE9071008B7FE4 /* YSDriveCoordinatorTests.swift */,
				50911A2A1DAE9071008B7FE4 /* YSDriveModelTests.swift */,
				505B4A3D1DAE42680055C180 /* YSDriveViewModelTests.swift */,
				505B4A331DAD36600055C180 /* Info.plist */,
			);
			path = YSGGPUnitTests;
			sourceTree = "<group>";
		};
		505B4A3F1DAE601F0055C180 /* Controllers */ = {
			isa = PBXGroup;
			children = (
				50E49FD31DA3EE2D00A6FAAC /* YSDriveTopViewController.swift */,
				503FB7471D914ED6001F66F6 /* YSDriveViewController.swift */,
				503FB7491D914F88001F66F6 /* YSPlaylistViewController.swift */,
				500B6BF91D92CA0C003996CA /* YSSettingsTableViewController.swift */,
			);
			name = Controllers;
			sourceTree = "<group>";
		};
		505B4A401DAE602D0055C180 /* Views */ = {
			isa = PBXGroup;
			children = (
				50AB0DBF1D8FF242008EDB0D /* Main.storyboard */,
				5041104A1D95763000BE3B0C /* YSDriveItemCell.swift */,
				50E49FCF1DA3A8E800A6FAAC /* YSToolbarView.swift */,
				50E49FD11DA3DABD00A6FAAC /* YSToolbarView.xib */,
				50AB0DC41D8FF242008EDB0D /* LaunchScreen.storyboard */,
				50AB0DC21D8FF242008EDB0D /* Assets.xcassets */,
			);
			name = Views;
			sourceTree = "<group>";
		};
		50AB0DAD1D8FF242008EDB0D = {
			isa = PBXGroup;
			children = (
				50AB0DB81D8FF242008EDB0D /* YSGGP */,
				50AB0DDA1D8FF243008EDB0D /* YSGGPUITests */,
				505B4A301DAD36600055C180 /* YSGGPUnitTests */,
				50AB0DB71D8FF242008EDB0D /* Products */,
				2A4B0FA135E6E29937D943F7 /* Pods */,
				6E1C0062819167B99730D8EE /* Frameworks */,
			);
			sourceTree = "<group>";
		};
		50AB0DB71D8FF242008EDB0D /* Products */ = {
			isa = PBXGroup;
			children = (
				50AB0DB61D8FF242008EDB0D /* YSGGP.app */,
				50AB0DD71D8FF243008EDB0D /* YSGGPUITests.xctest */,
				505B4A2F1DAD36600055C180 /* YSGGPUnitTests.xctest */,
			);
			name = Products;
			sourceTree = "<group>";
		};
		50AB0DB81D8FF242008EDB0D /* YSGGP */ = {
			isa = PBXGroup;
			children = (
				504110FB1D9BE59F00BE3B0C /* Coordinators */,
				500B6C281D93F048003996CA /* Models */,
				503FB7451D914E7E001F66F6 /* ViewModels */,
				505B4A3F1DAE601F0055C180 /* Controllers */,
				505B4A401DAE602D0055C180 /* Views */,
				50E49FCE1DA3A84E00A6FAAC /* Additional Classes */,
			);
			path = YSGGP;
			sourceTree = "<group>";
		};
		50AB0DDA1D8FF243008EDB0D /* YSGGPUITests */ = {
			isa = PBXGroup;
			children = (
				50AB0DDB1D8FF243008EDB0D /* YSGGPUITests.swift */,
				50AB0DDD1D8FF243008EDB0D /* Info.plist */,
			);
			path = YSGGPUITests;
			sourceTree = "<group>";
		};
		50E49FCE1DA3A84E00A6FAAC /* Additional Classes */ = {
			isa = PBXGroup;
			children = (
				50AB0DC71D8FF242008EDB0D /* Info.plist */,
				50AB0DB91D8FF242008EDB0D /* YSAppDelegate.swift */,
				504110FE1D9BF5BD00BE3B0C /* YSTabBarControllerExtension.swift */,
				504111001D9C00E200BE3B0C /* YSConstants.swift */,
				50E49FB91D9D3ED300A6FAAC /* YSStringFromClass.swift */,
			);
			name = "Additional Classes";
			sourceTree = "<group>";
		};
		6E1C0062819167B99730D8EE /* Frameworks */ = {
			isa = PBXGroup;
			children = (
				C8C320F955D7D2D739F019E2 /* Pods_YSGGP.framework */,
				525D25D6E9B91F8F3A074FB2 /* Pods_YSGGPTests.framework */,
				D9C0842D433C95FB70F83AB6 /* Pods_YSGGPUnitTests.framework */,
			);
			name = Frameworks;
			sourceTree = "<group>";
		};
/* End PBXGroup section */

/* Begin PBXNativeTarget section */
		505B4A2E1DAD36600055C180 /* YSGGPUnitTests */ = {
			isa = PBXNativeTarget;
			buildConfigurationList = 505B4A361DAD36600055C180 /* Build configuration list for PBXNativeTarget "YSGGPUnitTests" */;
			buildPhases = (
				15E7B1076F985FDC7523824C /* Check Pods Manifest.lock */,
				505B4A2B1DAD36600055C180 /* Sources */,
				505B4A2C1DAD36600055C180 /* Frameworks */,
				505B4A2D1DAD36600055C180 /* Resources */,
				68B3C9271C891F43AE42D94B /* Embed Pods Frameworks */,
				3B2F3551570BEC64461DD0B3 /* Copy Pods Resources */,
			);
			buildRules = (
			);
			dependencies = (
				505B4A351DAD36600055C180 /* PBXTargetDependency */,
			);
			name = YSGGPUnitTests;
			productName = YSGGPUnitTests;
			productReference = 505B4A2F1DAD36600055C180 /* YSGGPUnitTests.xctest */;
			productType = "com.apple.product-type.bundle.unit-test";
		};
		50AB0DB51D8FF242008EDB0D /* YSGGP */ = {
			isa = PBXNativeTarget;
			buildConfigurationList = 50AB0DE01D8FF243008EDB0D /* Build configuration list for PBXNativeTarget "YSGGP" */;
			buildPhases = (
				4E2CFE84C9F38DB3BF6D57AD /* Check Pods Manifest.lock */,
				50AB0DB21D8FF242008EDB0D /* Sources */,
				50AB0DB31D8FF242008EDB0D /* Frameworks */,
				50AB0DB41D8FF242008EDB0D /* Resources */,
				0E4CACDF4C6B30A4846AAC8B /* Embed Pods Frameworks */,
				DB851F65290A26B645FC02DD /* Copy Pods Resources */,
			);
			buildRules = (
			);
			dependencies = (
			);
			name = YSGGP;
			productName = YSGGP;
			productReference = 50AB0DB61D8FF242008EDB0D /* YSGGP.app */;
			productType = "com.apple.product-type.application";
		};
		50AB0DD61D8FF243008EDB0D /* YSGGPUITests */ = {
			isa = PBXNativeTarget;
			buildConfigurationList = 50AB0DE61D8FF243008EDB0D /* Build configuration list for PBXNativeTarget "YSGGPUITests" */;
			buildPhases = (
				50AB0DD31D8FF243008EDB0D /* Sources */,
				50AB0DD41D8FF243008EDB0D /* Frameworks */,
				50AB0DD51D8FF243008EDB0D /* Resources */,
			);
			buildRules = (
			);
			dependencies = (
				50AB0DD91D8FF243008EDB0D /* PBXTargetDependency */,
			);
			name = YSGGPUITests;
			productName = YSGGPUITests;
			productReference = 50AB0DD71D8FF243008EDB0D /* YSGGPUITests.xctest */;
			productType = "com.apple.product-type.bundle.ui-testing";
		};
/* End PBXNativeTarget section */

/* Begin PBXProject section */
		50AB0DAE1D8FF242008EDB0D /* Project object */ = {
			isa = PBXProject;
			attributes = {
				LastSwiftUpdateCheck = 0800;
				LastUpgradeCheck = 0800;
				ORGANIZATIONNAME = "Yurii Boiko";
				TargetAttributes = {
					505B4A2E1DAD36600055C180 = {
						CreatedOnToolsVersion = 8.0;
						DevelopmentTeam = 9AK2GD72HQ;
						ProvisioningStyle = Automatic;
						TestTargetID = 50AB0DB51D8FF242008EDB0D;
					};
					50AB0DB51D8FF242008EDB0D = {
						CreatedOnToolsVersion = 8.0;
						DevelopmentTeam = A2PX8YZMXY;
						ProvisioningStyle = Manual;
					};
					50AB0DD61D8FF243008EDB0D = {
						CreatedOnToolsVersion = 8.0;
						DevelopmentTeam = 9AK2GD72HQ;
						ProvisioningStyle = Automatic;
						TestTargetID = 50AB0DB51D8FF242008EDB0D;
					};
				};
			};
			buildConfigurationList = 50AB0DB11D8FF242008EDB0D /* Build configuration list for PBXProject "YSGGP" */;
			compatibilityVersion = "Xcode 3.2";
			developmentRegion = English;
			hasScannedForEncodings = 0;
			knownRegions = (
				en,
				Base,
			);
			mainGroup = 50AB0DAD1D8FF242008EDB0D;
			productRefGroup = 50AB0DB71D8FF242008EDB0D /* Products */;
			projectDirPath = "";
			projectRoot = "";
			targets = (
				50AB0DB51D8FF242008EDB0D /* YSGGP */,
				50AB0DD61D8FF243008EDB0D /* YSGGPUITests */,
				505B4A2E1DAD36600055C180 /* YSGGPUnitTests */,
			);
		};
/* End PBXProject section */

/* Begin PBXResourcesBuildPhase section */
		505B4A2D1DAD36600055C180 /* Resources */ = {
			isa = PBXResourcesBuildPhase;
			buildActionMask = 2147483647;
			files = (
			);
			runOnlyForDeploymentPostprocessing = 0;
		};
		50AB0DB41D8FF242008EDB0D /* Resources */ = {
			isa = PBXResourcesBuildPhase;
			buildActionMask = 2147483647;
			files = (
				50E49FD21DA3DABD00A6FAAC /* YSToolbarView.xib in Resources */,
				50AB0DC61D8FF242008EDB0D /* LaunchScreen.storyboard in Resources */,
				50AB0DC31D8FF242008EDB0D /* Assets.xcassets in Resources */,
				50AB0DC11D8FF242008EDB0D /* Main.storyboard in Resources */,
			);
			runOnlyForDeploymentPostprocessing = 0;
		};
		50AB0DD51D8FF243008EDB0D /* Resources */ = {
			isa = PBXResourcesBuildPhase;
			buildActionMask = 2147483647;
			files = (
			);
			runOnlyForDeploymentPostprocessing = 0;
		};
/* End PBXResourcesBuildPhase section */

/* Begin PBXShellScriptBuildPhase section */
		0E4CACDF4C6B30A4846AAC8B /* Embed Pods Frameworks */ = {
			isa = PBXShellScriptBuildPhase;
			buildActionMask = 2147483647;
			files = (
			);
			inputPaths = (
			);
			name = "Embed Pods Frameworks";
			outputPaths = (
			);
			runOnlyForDeploymentPostprocessing = 0;
			shellPath = /bin/sh;
			shellScript = "\"${SRCROOT}/Pods/Target Support Files/Pods-YSGGP/Pods-YSGGP-frameworks.sh\"\n";
			showEnvVarsInLog = 0;
		};
		15E7B1076F985FDC7523824C /* Check Pods Manifest.lock */ = {
			isa = PBXShellScriptBuildPhase;
			buildActionMask = 2147483647;
			files = (
			);
			inputPaths = (
			);
			name = "Check Pods Manifest.lock";
			outputPaths = (
			);
			runOnlyForDeploymentPostprocessing = 0;
			shellPath = /bin/sh;
			shellScript = "diff \"${PODS_ROOT}/../Podfile.lock\" \"${PODS_ROOT}/Manifest.lock\" > /dev/null\nif [[ $? != 0 ]] ; then\n    cat << EOM\nerror: The sandbox is not in sync with the Podfile.lock. Run 'pod install' or update your CocoaPods installation.\nEOM\n    exit 1\nfi\n";
			showEnvVarsInLog = 0;
		};
		3B2F3551570BEC64461DD0B3 /* Copy Pods Resources */ = {
			isa = PBXShellScriptBuildPhase;
			buildActionMask = 2147483647;
			files = (
			);
			inputPaths = (
			);
			name = "Copy Pods Resources";
			outputPaths = (
			);
			runOnlyForDeploymentPostprocessing = 0;
			shellPath = /bin/sh;
			shellScript = "\"${SRCROOT}/Pods/Target Support Files/Pods-YSGGPUnitTests/Pods-YSGGPUnitTests-resources.sh\"\n";
			showEnvVarsInLog = 0;
		};
		4E2CFE84C9F38DB3BF6D57AD /* Check Pods Manifest.lock */ = {
			isa = PBXShellScriptBuildPhase;
			buildActionMask = 2147483647;
			files = (
			);
			inputPaths = (
			);
			name = "Check Pods Manifest.lock";
			outputPaths = (
			);
			runOnlyForDeploymentPostprocessing = 0;
			shellPath = /bin/sh;
			shellScript = "diff \"${PODS_ROOT}/../Podfile.lock\" \"${PODS_ROOT}/Manifest.lock\" > /dev/null\nif [[ $? != 0 ]] ; then\n    cat << EOM\nerror: The sandbox is not in sync with the Podfile.lock. Run 'pod install' or update your CocoaPods installation.\nEOM\n    exit 1\nfi\n";
			showEnvVarsInLog = 0;
		};
		68B3C9271C891F43AE42D94B /* Embed Pods Frameworks */ = {
			isa = PBXShellScriptBuildPhase;
			buildActionMask = 2147483647;
			files = (
			);
			inputPaths = (
			);
			name = "Embed Pods Frameworks";
			outputPaths = (
			);
			runOnlyForDeploymentPostprocessing = 0;
			shellPath = /bin/sh;
			shellScript = "\"${SRCROOT}/Pods/Target Support Files/Pods-YSGGPUnitTests/Pods-YSGGPUnitTests-frameworks.sh\"\n";
			showEnvVarsInLog = 0;
		};
		DB851F65290A26B645FC02DD /* Copy Pods Resources */ = {
			isa = PBXShellScriptBuildPhase;
			buildActionMask = 2147483647;
			files = (
			);
			inputPaths = (
			);
			name = "Copy Pods Resources";
			outputPaths = (
			);
			runOnlyForDeploymentPostprocessing = 0;
			shellPath = /bin/sh;
			shellScript = "\"${SRCROOT}/Pods/Target Support Files/Pods-YSGGP/Pods-YSGGP-resources.sh\"\n";
			showEnvVarsInLog = 0;
		};
/* End PBXShellScriptBuildPhase section */

/* Begin PBXSourcesBuildPhase section */
		505B4A2B1DAD36600055C180 /* Sources */ = {
			isa = PBXSourcesBuildPhase;
			buildActionMask = 2147483647;
			files = (
				505B4A3E1DAE42680055C180 /* YSDriveViewModelTests.swift in Sources */,
				50911A2B1DAE9071008B7FE4 /* YSDriveCoordinatorTests.swift in Sources */,
				50911A2C1DAE9071008B7FE4 /* YSDriveModelTests.swift in Sources */,
			);
			runOnlyForDeploymentPostprocessing = 0;
		};
		50AB0DB21D8FF242008EDB0D /* Sources */ = {
			isa = PBXSourcesBuildPhase;
			buildActionMask = 2147483647;
			files = (
				504110461D956B2A00BE3B0C /* YSDriveModelProtocol.swift in Sources */,
				503FB74A1D914F88001F66F6 /* YSPlaylistViewController.swift in Sources */,
				5041104B1D95763000BE3B0C /* YSDriveItemCell.swift in Sources */,
				504110FD1D9BEA1D00BE3B0C /* YSDriveCoordinator.swift in Sources */,
				504110431D95691100BE3B0C /* YSDriveItem.swift in Sources */,
				500B6C241D93ED98003996CA /* YSDriveViewModel.swift in Sources */,
				504110491D956DEF00BE3B0C /* YSDriveModel.swift in Sources */,
				50E49FC61DA2A2A800A6FAAC /* YSAuthenticationCoordinator.swift in Sources */,
				500B6C2C1D93F083003996CA /* YSDriveItemProtocol.swift in Sources */,
				500B6BFA1D92CA0C003996CA /* YSSettingsTableViewController.swift in Sources */,
				504111011D9C00E200BE3B0C /* YSConstants.swift in Sources */,
				504110FF1D9BF5BD00BE3B0C /* YSTabBarControllerExtension.swift in Sources */,
				50E49FBA1D9D3ED300A6FAAC /* YSStringFromClass.swift in Sources */,
				504110F61D9BE35100BE3B0C /* YSCoordinatorProtocol.swift in Sources */,
				50E49FD01DA3A8E800A6FAAC /* YSToolbarView.swift in Sources */,
				50AB0DBA1D8FF242008EDB0D /* YSAppDelegate.swift in Sources */,
				503FB7481D914ED6001F66F6 /* YSDriveViewController.swift in Sources */,
				50E49FD41DA3EE2D00A6FAAC /* YSDriveTopViewController.swift in Sources */,
				500B6C261D93EDCF003996CA /* YSDriveViewModelProtocol.swift in Sources */,
			);
			runOnlyForDeploymentPostprocessing = 0;
		};
		50AB0DD31D8FF243008EDB0D /* Sources */ = {
			isa = PBXSourcesBuildPhase;
			buildActionMask = 2147483647;
			files = (
				50AB0DDC1D8FF243008EDB0D /* YSGGPUITests.swift in Sources */,
			);
			runOnlyForDeploymentPostprocessing = 0;
		};
/* End PBXSourcesBuildPhase section */

/* Begin PBXTargetDependency section */
		505B4A351DAD36600055C180 /* PBXTargetDependency */ = {
			isa = PBXTargetDependency;
			target = 50AB0DB51D8FF242008EDB0D /* YSGGP */;
			targetProxy = 505B4A341DAD36600055C180 /* PBXContainerItemProxy */;
		};
		50AB0DD91D8FF243008EDB0D /* PBXTargetDependency */ = {
			isa = PBXTargetDependency;
			target = 50AB0DB51D8FF242008EDB0D /* YSGGP */;
			targetProxy = 50AB0DD81D8FF243008EDB0D /* PBXContainerItemProxy */;
		};
/* End PBXTargetDependency section */

/* Begin PBXVariantGroup section */
		50AB0DBF1D8FF242008EDB0D /* Main.storyboard */ = {
			isa = PBXVariantGroup;
			children = (
				50AB0DC01D8FF242008EDB0D /* Base */,
			);
			name = Main.storyboard;
			sourceTree = "<group>";
		};
		50AB0DC41D8FF242008EDB0D /* LaunchScreen.storyboard */ = {
			isa = PBXVariantGroup;
			children = (
				50AB0DC51D8FF242008EDB0D /* Base */,
			);
			name = LaunchScreen.storyboard;
			sourceTree = "<group>";
		};
/* End PBXVariantGroup section */

/* Begin XCBuildConfiguration section */
		505B4A371DAD36600055C180 /* Debug */ = {
			isa = XCBuildConfiguration;
			baseConfigurationReference = F114DECF71F3F508EBECD168 /* Pods-YSGGPUnitTests.debug.xcconfig */;
			buildSettings = {
				BUNDLE_LOADER = "$(TEST_HOST)";
				DEVELOPMENT_TEAM = 9AK2GD72HQ;
				INFOPLIST_FILE = YSGGPUnitTests/Info.plist;
				LD_RUNPATH_SEARCH_PATHS = "$(inherited) @executable_path/Frameworks @loader_path/Frameworks";
				PRODUCT_BUNDLE_IDENTIFIER = com.yurssoft.YSGGPUnitTests;
				PRODUCT_NAME = "$(TARGET_NAME)";
				SWIFT_VERSION = 3.0;
				TEST_HOST = "$(BUILT_PRODUCTS_DIR)/YSGGP.app/YSGGP";
			};
			name = Debug;
		};
		505B4A381DAD36600055C180 /* Release */ = {
			isa = XCBuildConfiguration;
			baseConfigurationReference = A4064FE1DC1DF62C4A3EC971 /* Pods-YSGGPUnitTests.release.xcconfig */;
			buildSettings = {
				BUNDLE_LOADER = "$(TEST_HOST)";
				DEVELOPMENT_TEAM = 9AK2GD72HQ;
				INFOPLIST_FILE = YSGGPUnitTests/Info.plist;
				LD_RUNPATH_SEARCH_PATHS = "$(inherited) @executable_path/Frameworks @loader_path/Frameworks";
				PRODUCT_BUNDLE_IDENTIFIER = com.yurssoft.YSGGPUnitTests;
				PRODUCT_NAME = "$(TARGET_NAME)";
				SWIFT_VERSION = 3.0;
				TEST_HOST = "$(BUILT_PRODUCTS_DIR)/YSGGP.app/YSGGP";
			};
			name = Release;
		};
		50AB0DDE1D8FF243008EDB0D /* Debug */ = {
			isa = XCBuildConfiguration;
			buildSettings = {
				ALWAYS_SEARCH_USER_PATHS = NO;
				CLANG_ANALYZER_NONNULL = YES;
				CLANG_CXX_LANGUAGE_STANDARD = "gnu++0x";
				CLANG_CXX_LIBRARY = "libc++";
				CLANG_ENABLE_MODULES = YES;
				CLANG_ENABLE_OBJC_ARC = YES;
				CLANG_WARN_BOOL_CONVERSION = YES;
				CLANG_WARN_CONSTANT_CONVERSION = YES;
				CLANG_WARN_DIRECT_OBJC_ISA_USAGE = YES_ERROR;
				CLANG_WARN_DOCUMENTATION_COMMENTS = YES;
				CLANG_WARN_EMPTY_BODY = YES;
				CLANG_WARN_ENUM_CONVERSION = YES;
				CLANG_WARN_INFINITE_RECURSION = YES;
				CLANG_WARN_INT_CONVERSION = YES;
				CLANG_WARN_OBJC_ROOT_CLASS = YES_ERROR;
				CLANG_WARN_SUSPICIOUS_MOVE = YES;
				CLANG_WARN_SUSPICIOUS_MOVES = YES;
				CLANG_WARN_UNREACHABLE_CODE = YES;
				CLANG_WARN__DUPLICATE_METHOD_MATCH = YES;
				"CODE_SIGN_IDENTITY[sdk=iphoneos*]" = "iPhone Developer";
				COPY_PHASE_STRIP = NO;
				DEBUG_INFORMATION_FORMAT = dwarf;
				ENABLE_STRICT_OBJC_MSGSEND = YES;
				ENABLE_TESTABILITY = YES;
				GCC_C_LANGUAGE_STANDARD = gnu99;
				GCC_DYNAMIC_NO_PIC = NO;
				GCC_NO_COMMON_BLOCKS = YES;
				GCC_OPTIMIZATION_LEVEL = 0;
				GCC_PREPROCESSOR_DEFINITIONS = (
					"DEBUG=1",
					"$(inherited)",
				);
				GCC_WARN_64_TO_32_BIT_CONVERSION = YES;
				GCC_WARN_ABOUT_RETURN_TYPE = YES_ERROR;
				GCC_WARN_UNDECLARED_SELECTOR = YES;
				GCC_WARN_UNINITIALIZED_AUTOS = YES_AGGRESSIVE;
				GCC_WARN_UNUSED_FUNCTION = YES;
				GCC_WARN_UNUSED_VARIABLE = YES;
				IPHONEOS_DEPLOYMENT_TARGET = 10.0;
				MTL_ENABLE_DEBUG_INFO = YES;
				ONLY_ACTIVE_ARCH = YES;
				SDKROOT = iphoneos;
				SWIFT_ACTIVE_COMPILATION_CONDITIONS = DEBUG;
				SWIFT_OPTIMIZATION_LEVEL = "-Onone";
				TARGETED_DEVICE_FAMILY = "1,2";
			};
			name = Debug;
		};
		50AB0DDF1D8FF243008EDB0D /* Release */ = {
			isa = XCBuildConfiguration;
			buildSettings = {
				ALWAYS_SEARCH_USER_PATHS = NO;
				CLANG_ANALYZER_NONNULL = YES;
				CLANG_CXX_LANGUAGE_STANDARD = "gnu++0x";
				CLANG_CXX_LIBRARY = "libc++";
				CLANG_ENABLE_MODULES = YES;
				CLANG_ENABLE_OBJC_ARC = YES;
				CLANG_WARN_BOOL_CONVERSION = YES;
				CLANG_WARN_CONSTANT_CONVERSION = YES;
				CLANG_WARN_DIRECT_OBJC_ISA_USAGE = YES_ERROR;
				CLANG_WARN_DOCUMENTATION_COMMENTS = YES;
				CLANG_WARN_EMPTY_BODY = YES;
				CLANG_WARN_ENUM_CONVERSION = YES;
				CLANG_WARN_INFINITE_RECURSION = YES;
				CLANG_WARN_INT_CONVERSION = YES;
				CLANG_WARN_OBJC_ROOT_CLASS = YES_ERROR;
				CLANG_WARN_SUSPICIOUS_MOVE = YES;
				CLANG_WARN_SUSPICIOUS_MOVES = YES;
				CLANG_WARN_UNREACHABLE_CODE = YES;
				CLANG_WARN__DUPLICATE_METHOD_MATCH = YES;
				"CODE_SIGN_IDENTITY[sdk=iphoneos*]" = "iPhone Developer";
				COPY_PHASE_STRIP = NO;
				DEBUG_INFORMATION_FORMAT = "dwarf-with-dsym";
				ENABLE_NS_ASSERTIONS = NO;
				ENABLE_STRICT_OBJC_MSGSEND = YES;
				GCC_C_LANGUAGE_STANDARD = gnu99;
				GCC_NO_COMMON_BLOCKS = YES;
				GCC_WARN_64_TO_32_BIT_CONVERSION = YES;
				GCC_WARN_ABOUT_RETURN_TYPE = YES_ERROR;
				GCC_WARN_UNDECLARED_SELECTOR = YES;
				GCC_WARN_UNINITIALIZED_AUTOS = YES_AGGRESSIVE;
				GCC_WARN_UNUSED_FUNCTION = YES;
				GCC_WARN_UNUSED_VARIABLE = YES;
				IPHONEOS_DEPLOYMENT_TARGET = 10.0;
				MTL_ENABLE_DEBUG_INFO = NO;
				SDKROOT = iphoneos;
				SWIFT_OPTIMIZATION_LEVEL = "-Owholemodule";
				TARGETED_DEVICE_FAMILY = "1,2";
				VALIDATE_PRODUCT = YES;
			};
			name = Release;
		};
		50AB0DE11D8FF243008EDB0D /* Debug */ = {
			isa = XCBuildConfiguration;
			baseConfigurationReference = 21C08C12A2937BF3992D016E /* Pods-YSGGP.debug.xcconfig */;
			buildSettings = {
				ASSETCATALOG_COMPILER_APPICON_NAME = AppIcon;
				DEVELOPMENT_TEAM = A2PX8YZMXY;
				INFOPLIST_FILE = YSGGP/Info.plist;
				IPHONEOS_DEPLOYMENT_TARGET = 10.0;
				LD_RUNPATH_SEARCH_PATHS = "$(inherited) @executable_path/Frameworks";
				PRODUCT_BUNDLE_IDENTIFIER = com.yurssoft.YSGGP;
				PRODUCT_NAME = "$(TARGET_NAME)";
				PROVISIONING_PROFILE = "c61c4bc6-da06-45d5-8410-b06d695c76c0";
				PROVISIONING_PROFILE_SPECIFIER = "Softjourn Development Profile";
				SWIFT_VERSION = 3.0;
				TARGETED_DEVICE_FAMILY = 1;
			};
			name = Debug;
		};
		50AB0DE21D8FF243008EDB0D /* Release */ = {
			isa = XCBuildConfiguration;
			baseConfigurationReference = 05CCA9077C1CD330FC026C4C /* Pods-YSGGP.release.xcconfig */;
			buildSettings = {
				ASSETCATALOG_COMPILER_APPICON_NAME = AppIcon;
				DEVELOPMENT_TEAM = "";
				INFOPLIST_FILE = YSGGP/Info.plist;
				IPHONEOS_DEPLOYMENT_TARGET = 10.0;
				LD_RUNPATH_SEARCH_PATHS = "$(inherited) @executable_path/Frameworks";
				PRODUCT_BUNDLE_IDENTIFIER = com.yurssoft.YSGGP;
				PRODUCT_NAME = "$(TARGET_NAME)";
				SWIFT_VERSION = 3.0;
				TARGETED_DEVICE_FAMILY = 1;
			};
			name = Release;
		};
		50AB0DE71D8FF243008EDB0D /* Debug */ = {
			isa = XCBuildConfiguration;
			buildSettings = {
				ALWAYS_EMBED_SWIFT_STANDARD_LIBRARIES = YES;
				DEVELOPMENT_TEAM = 9AK2GD72HQ;
				INFOPLIST_FILE = YSGGPUITests/Info.plist;
				LD_RUNPATH_SEARCH_PATHS = "$(inherited) @executable_path/Frameworks @loader_path/Frameworks";
				PRODUCT_BUNDLE_IDENTIFIER = com.yurssoft.YSGGPUITests;
				PRODUCT_NAME = "$(TARGET_NAME)";
				SWIFT_VERSION = 3.0;
				TEST_TARGET_NAME = YSGGP;
			};
			name = Debug;
		};
		50AB0DE81D8FF243008EDB0D /* Release */ = {
			isa = XCBuildConfiguration;
			buildSettings = {
				ALWAYS_EMBED_SWIFT_STANDARD_LIBRARIES = YES;
				DEVELOPMENT_TEAM = 9AK2GD72HQ;
				INFOPLIST_FILE = YSGGPUITests/Info.plist;
				LD_RUNPATH_SEARCH_PATHS = "$(inherited) @executable_path/Frameworks @loader_path/Frameworks";
				PRODUCT_BUNDLE_IDENTIFIER = com.yurssoft.YSGGPUITests;
				PRODUCT_NAME = "$(TARGET_NAME)";
				SWIFT_VERSION = 3.0;
				TEST_TARGET_NAME = YSGGP;
			};
			name = Release;
		};
/* End XCBuildConfiguration section */

/* Begin XCConfigurationList section */
		505B4A361DAD36600055C180 /* Build configuration list for PBXNativeTarget "YSGGPUnitTests" */ = {
			isa = XCConfigurationList;
			buildConfigurations = (
				505B4A371DAD36600055C180 /* Debug */,
				505B4A381DAD36600055C180 /* Release */,
			);
			defaultConfigurationIsVisible = 0;
			defaultConfigurationName = Release;
		};
		50AB0DB11D8FF242008EDB0D /* Build configuration list for PBXProject "YSGGP" */ = {
			isa = XCConfigurationList;
			buildConfigurations = (
				50AB0DDE1D8FF243008EDB0D /* Debug */,
				50AB0DDF1D8FF243008EDB0D /* Release */,
			);
			defaultConfigurationIsVisible = 0;
			defaultConfigurationName = Release;
		};
		50AB0DE01D8FF243008EDB0D /* Build configuration list for PBXNativeTarget "YSGGP" */ = {
			isa = XCConfigurationList;
			buildConfigurations = (
				50AB0DE11D8FF243008EDB0D /* Debug */,
				50AB0DE21D8FF243008EDB0D /* Release */,
			);
			defaultConfigurationIsVisible = 0;
			defaultConfigurationName = Release;
		};
		50AB0DE61D8FF243008EDB0D /* Build configuration list for PBXNativeTarget "YSGGPUITests" */ = {
			isa = XCConfigurationList;
			buildConfigurations = (
				50AB0DE71D8FF243008EDB0D /* Debug */,
				50AB0DE81D8FF243008EDB0D /* Release */,
			);
			defaultConfigurationIsVisible = 0;
			defaultConfigurationName = Release;
		};
/* End XCConfigurationList section */
	};
	rootObject = 50AB0DAE1D8FF242008EDB0D /* Project object */;
}
