// !$*UTF8*$!
{
	archiveVersion = 1;
	classes = {
	};
	objectVersion = 46;
	objects = {

/* Begin PBXBuildFile section */
		5000501B1DBA7A19008D752E /* YSTabBarController.swift in Sources */ = {isa = PBXBuildFile; fileRef = 5000501A1DBA7A19008D752E /* YSTabBarController.swift */; };
		50083B6A1DDC9BEF009B306D /* YSToken.swift in Sources */ = {isa = PBXBuildFile; fileRef = 50083B691DDC9BEF009B306D /* YSToken.swift */; };
		50083B6C1DDCA2CD009B306D /* YSDateExtension.swift in Sources */ = {isa = PBXBuildFile; fileRef = 50083B6B1DDCA2CD009B306D /* YSDateExtension.swift */; };
		500B6BFA1D92CA0C003996CA /* YSSettingsTableViewController.swift in Sources */ = {isa = PBXBuildFile; fileRef = 500B6BF91D92CA0C003996CA /* YSSettingsTableViewController.swift */; };
		500B6C241D93ED98003996CA /* YSDriveViewModel.swift in Sources */ = {isa = PBXBuildFile; fileRef = 500B6C231D93ED98003996CA /* YSDriveViewModel.swift */; };
		500B6C261D93EDCF003996CA /* YSDriveViewModelProtocol.swift in Sources */ = {isa = PBXBuildFile; fileRef = 500B6C251D93EDCF003996CA /* YSDriveViewModelProtocol.swift */; };
		500B6C2C1D93F083003996CA /* YSDriveFileProtocol.swift in Sources */ = {isa = PBXBuildFile; fileRef = 500B6C2B1D93F083003996CA /* YSDriveFileProtocol.swift */; };
		501DF04E1DBF412F0058D085 /* YSDriveTopCoordinator.swift in Sources */ = {isa = PBXBuildFile; fileRef = 501DF04D1DBF412F0058D085 /* YSDriveTopCoordinator.swift */; };
		501F14531DF71C09009FB868 /* YSPlaylistViewModel.swift in Sources */ = {isa = PBXBuildFile; fileRef = 501F14521DF71C09009FB868 /* YSPlaylistViewModel.swift */; };
		501F14551DF71C3C009FB868 /* YSPlaylistViewModelProtocol.swift in Sources */ = {isa = PBXBuildFile; fileRef = 501F14541DF71C3C009FB868 /* YSPlaylistViewModelProtocol.swift */; };
		501F14571DF71D77009FB868 /* YSPlaylistAndPlayerProtocol.swift in Sources */ = {isa = PBXBuildFile; fileRef = 501F14561DF71D77009FB868 /* YSPlaylistAndPlayerProtocol.swift */; };
		501F14591DF71ECB009FB868 /* YSPlaylistAndPlayerModel.swift in Sources */ = {isa = PBXBuildFile; fileRef = 501F14581DF71ECB009FB868 /* YSPlaylistAndPlayerModel.swift */; };
		501F145B1DF855E9009FB868 /* YSPlaylistCoordinator.swift in Sources */ = {isa = PBXBuildFile; fileRef = 501F145A1DF855E9009FB868 /* YSPlaylistCoordinator.swift */; };
		501F145D1DF869F7009FB868 /* YSDriveFileTableViewCell.xib in Resources */ = {isa = PBXBuildFile; fileRef = 501F145C1DF869F7009FB868 /* YSDriveFileTableViewCell.xib */; };
		501F145F1DF96E4B009FB868 /* YSHeaderForSection.xib in Resources */ = {isa = PBXBuildFile; fileRef = 501F145E1DF96E4B009FB868 /* YSHeaderForSection.xib */; };
		501F14611DF96F4B009FB868 /* YSHeaderForSection.swift in Sources */ = {isa = PBXBuildFile; fileRef = 501F14601DF96F4B009FB868 /* YSHeaderForSection.swift */; };
		502578141DC3521D00C6EFFF /* ServiceAccount.json in Resources */ = {isa = PBXBuildFile; fileRef = 502578131DC3521D00C6EFFF /* ServiceAccount.json */; };
		503189CA1DDF3DA2001F51B8 /* YSDictionaryExtension.swift in Sources */ = {isa = PBXBuildFile; fileRef = 503189C91DDF3DA2001F51B8 /* YSDictionaryExtension.swift */; };
		503AF1691E1FDBF9000E5493 /* SwiftyTimer.swift in Sources */ = {isa = PBXBuildFile; fileRef = 503AF1681E1FDBF9000E5493 /* SwiftyTimer.swift */; };
		503BC17A1DB79ED4000D5BA1 /* YSErrorProtocol.swift in Sources */ = {isa = PBXBuildFile; fileRef = 503BC1791DB79ED4000D5BA1 /* YSErrorProtocol.swift */; };
		503BC17C1DB79F1C000D5BA1 /* YSError.swift in Sources */ = {isa = PBXBuildFile; fileRef = 503BC17B1DB79F1C000D5BA1 /* YSError.swift */; };
		503FB7481D914ED6001F66F6 /* YSDriveViewController.swift in Sources */ = {isa = PBXBuildFile; fileRef = 503FB7471D914ED6001F66F6 /* YSDriveViewController.swift */; };
		503FB74A1D914F88001F66F6 /* YSPlaylistViewController.swift in Sources */ = {isa = PBXBuildFile; fileRef = 503FB7491D914F88001F66F6 /* YSPlaylistViewController.swift */; };
		504110431D95691100BE3B0C /* YSDriveFile.swift in Sources */ = {isa = PBXBuildFile; fileRef = 504110421D95691100BE3B0C /* YSDriveFile.swift */; };
		504110461D956B2A00BE3B0C /* YSDriveModelProtocol.swift in Sources */ = {isa = PBXBuildFile; fileRef = 504110451D956B2A00BE3B0C /* YSDriveModelProtocol.swift */; };
		504110491D956DEF00BE3B0C /* YSDriveModel.swift in Sources */ = {isa = PBXBuildFile; fileRef = 504110481D956DEF00BE3B0C /* YSDriveModel.swift */; };
		5041104B1D95763000BE3B0C /* YSDriveFileTableViewCell.swift in Sources */ = {isa = PBXBuildFile; fileRef = 5041104A1D95763000BE3B0C /* YSDriveFileTableViewCell.swift */; };
		504110F61D9BE35100BE3B0C /* YSCoordinatorProtocol.swift in Sources */ = {isa = PBXBuildFile; fileRef = 504110F51D9BE35100BE3B0C /* YSCoordinatorProtocol.swift */; };
		504110FD1D9BEA1D00BE3B0C /* YSDriveCoordinator.swift in Sources */ = {isa = PBXBuildFile; fileRef = 504110FC1D9BEA1D00BE3B0C /* YSDriveCoordinator.swift */; };
		504110FF1D9BF5BD00BE3B0C /* YSTabBarControllerExtension.swift in Sources */ = {isa = PBXBuildFile; fileRef = 504110FE1D9BF5BD00BE3B0C /* YSTabBarControllerExtension.swift */; };
		504111011D9C00E200BE3B0C /* YSConstants.swift in Sources */ = {isa = PBXBuildFile; fileRef = 504111001D9C00E200BE3B0C /* YSConstants.swift */; };
		50788D8F1DC79350003DD1C7 /* YSDatabaseManager.swift in Sources */ = {isa = PBXBuildFile; fileRef = 50788D8E1DC79350003DD1C7 /* YSDatabaseManager.swift */; };
		508EFC171DB51CB100ED5CFB /* YSSettingsCoordinator.swift in Sources */ = {isa = PBXBuildFile; fileRef = 508EFC161DB51CB100ED5CFB /* YSSettingsCoordinator.swift */; };
		508EFC1C1DB52AED00ED5CFB /* YSSettingsModelProtocol.swift in Sources */ = {isa = PBXBuildFile; fileRef = 508EFC1B1DB52AED00ED5CFB /* YSSettingsModelProtocol.swift */; };
		508EFC1E1DB52B3600ED5CFB /* YSSettingsModel.swift in Sources */ = {isa = PBXBuildFile; fileRef = 508EFC1D1DB52B3600ED5CFB /* YSSettingsModel.swift */; };
		508EFC201DB52C8600ED5CFB /* YSSettingsViewModelProtocol.swift in Sources */ = {isa = PBXBuildFile; fileRef = 508EFC1F1DB52C8600ED5CFB /* YSSettingsViewModelProtocol.swift */; };
		508EFC221DB52D7C00ED5CFB /* YSSettingsViewModel.swift in Sources */ = {isa = PBXBuildFile; fileRef = 508EFC211DB52D7C00ED5CFB /* YSSettingsViewModel.swift */; };
		508EFC261DB61DDF00ED5CFB /* YSSettingsTopViewController.swift in Sources */ = {isa = PBXBuildFile; fileRef = 508EFC251DB61DDF00ED5CFB /* YSSettingsTopViewController.swift */; };
		509B47501E27ED35005E39F2 /* LNPopupController.framework in Frameworks */ = {isa = PBXBuildFile; fileRef = 509B474F1E27ED25005E39F2 /* LNPopupController.framework */; };
		509B47511E27ED35005E39F2 /* LNPopupController.framework in Embed Frameworks */ = {isa = PBXBuildFile; fileRef = 509B474F1E27ED25005E39F2 /* LNPopupController.framework */; settings = {ATTRIBUTES = (CodeSignOnCopy, RemoveHeadersOnCopy, ); }; };
		509E557F1E12CFE800C22489 /* YSPlayerController.swift in Sources */ = {isa = PBXBuildFile; fileRef = 509E557E1E12CFE800C22489 /* YSPlayerController.swift */; };
		509E55831E13F4C300C22489 /* YSPlayerCoordinator.swift in Sources */ = {isa = PBXBuildFile; fileRef = 509E55821E13F4C300C22489 /* YSPlayerCoordinator.swift */; };
		509E55891E13FCF600C22489 /* YSPlayerViewModelProtocol.swift in Sources */ = {isa = PBXBuildFile; fileRef = 509E55881E13FCF600C22489 /* YSPlayerViewModelProtocol.swift */; };
		509E558B1E13FE5700C22489 /* YSPlayerViewModel.swift in Sources */ = {isa = PBXBuildFile; fileRef = 509E558A1E13FE5700C22489 /* YSPlayerViewModel.swift */; };
		509E558F1E1BDDB300C22489 /* YSFolder.swift in Sources */ = {isa = PBXBuildFile; fileRef = 509E558E1E1BDDB300C22489 /* YSFolder.swift */; };
		50A157171DC0F3E1008AD787 /* GoogleService-Info.plist in Resources */ = {isa = PBXBuildFile; fileRef = 50A157161DC0F3E1008AD787 /* GoogleService-Info.plist */; };
		50AB0DBA1D8FF242008EDB0D /* YSAppDelegate.swift in Sources */ = {isa = PBXBuildFile; fileRef = 50AB0DB91D8FF242008EDB0D /* YSAppDelegate.swift */; };
		50AB0DC11D8FF242008EDB0D /* Main.storyboard in Resources */ = {isa = PBXBuildFile; fileRef = 50AB0DBF1D8FF242008EDB0D /* Main.storyboard */; };
		50AB0DC31D8FF242008EDB0D /* Assets.xcassets in Resources */ = {isa = PBXBuildFile; fileRef = 50AB0DC21D8FF242008EDB0D /* Assets.xcassets */; };
		50AB0DC61D8FF242008EDB0D /* LaunchScreen.storyboard in Resources */ = {isa = PBXBuildFile; fileRef = 50AB0DC41D8FF242008EDB0D /* LaunchScreen.storyboard */; };
		50AB0DDC1D8FF243008EDB0D /* YSGGPUITests.swift in Sources */ = {isa = PBXBuildFile; fileRef = 50AB0DDB1D8FF243008EDB0D /* YSGGPUITests.swift */; };
		50C22DCF1DDC5D890029E399 /* YSFilesMetadataDownloader.swift in Sources */ = {isa = PBXBuildFile; fileRef = 50C22DCE1DDC5D890029E399 /* YSFilesMetadataDownloader.swift */; };
		50C22DD11DDC623D0029E399 /* YSCredentialManager.swift in Sources */ = {isa = PBXBuildFile; fileRef = 50C22DD01DDC623D0029E399 /* YSCredentialManager.swift */; };
		50C22DD31DDC675B0029E399 /* YSNetworkResponseManager.swift in Sources */ = {isa = PBXBuildFile; fileRef = 50C22DD21DDC675B0029E399 /* YSNetworkResponseManager.swift */; };
		50D326C61DC0BFC200F12A93 /* YSDriveFileDownloader.swift in Sources */ = {isa = PBXBuildFile; fileRef = 50D326C51DC0BFC200F12A93 /* YSDriveFileDownloader.swift */; };
		50D326C81DC0C0EB00F12A93 /* YSDownloadProtocol.swift in Sources */ = {isa = PBXBuildFile; fileRef = 50D326C71DC0C0EB00F12A93 /* YSDownloadProtocol.swift */; };
		50D326CA1DC0C18A00F12A93 /* YSDownload.swift in Sources */ = {isa = PBXBuildFile; fileRef = 50D326C91DC0C18A00F12A93 /* YSDownload.swift */; };
		50E49FBA1D9D3ED300A6FAAC /* YSNSObjectExtension.swift in Sources */ = {isa = PBXBuildFile; fileRef = 50E49FB91D9D3ED300A6FAAC /* YSNSObjectExtension.swift */; };
		50E49FD01DA3A8E800A6FAAC /* YSToolbarView.swift in Sources */ = {isa = PBXBuildFile; fileRef = 50E49FCF1DA3A8E800A6FAAC /* YSToolbarView.swift */; };
		50E49FD21DA3DABD00A6FAAC /* YSToolbarView.xib in Resources */ = {isa = PBXBuildFile; fileRef = 50E49FD11DA3DABD00A6FAAC /* YSToolbarView.xib */; };
		50E49FD41DA3EE2D00A6FAAC /* YSDriveTopViewController.swift in Sources */ = {isa = PBXBuildFile; fileRef = 50E49FD31DA3EE2D00A6FAAC /* YSDriveTopViewController.swift */; };
		E790E87B4EA652E8071032EF /* Pods_YSGGP.framework in Frameworks */ = {isa = PBXBuildFile; fileRef = D384CA94A771E85F7758D51D /* Pods_YSGGP.framework */; };
/* End PBXBuildFile section */

/* Begin PBXContainerItemProxy section */
		505B4A341DAD36600055C180 /* PBXContainerItemProxy */ = {
			isa = PBXContainerItemProxy;
			containerPortal = 50AB0DAE1D8FF242008EDB0D /* Project object */;
			proxyType = 1;
			remoteGlobalIDString = 50AB0DB51D8FF242008EDB0D;
			remoteInfo = YSGGP;
		};
		509B474E1E27ED25005E39F2 /* PBXContainerItemProxy */ = {
			isa = PBXContainerItemProxy;
			containerPortal = 509B474A1E27ED25005E39F2 /* LNPopupController.xcodeproj */;
			proxyType = 2;
			remoteGlobalIDString = 39DB52E51B5823330061C589;
			remoteInfo = LNPopupController;
		};
		509B47521E27ED35005E39F2 /* PBXContainerItemProxy */ = {
			isa = PBXContainerItemProxy;
			containerPortal = 509B474A1E27ED25005E39F2 /* LNPopupController.xcodeproj */;
			proxyType = 1;
			remoteGlobalIDString = 39DB52E41B5823330061C589;
			remoteInfo = LNPopupController;
		};
		50AB0DD81D8FF243008EDB0D /* PBXContainerItemProxy */ = {
			isa = PBXContainerItemProxy;
			containerPortal = 50AB0DAE1D8FF242008EDB0D /* Project object */;
			proxyType = 1;
			remoteGlobalIDString = 50AB0DB51D8FF242008EDB0D;
			remoteInfo = YSGGP;
		};
/* End PBXContainerItemProxy section */

/* Begin PBXCopyFilesBuildPhase section */
		50CBD1561E1D0842006789EF /* Embed Frameworks */ = {
			isa = PBXCopyFilesBuildPhase;
			buildActionMask = 2147483647;
			dstPath = "";
			dstSubfolderSpec = 10;
			files = (
				509B47511E27ED35005E39F2 /* LNPopupController.framework in Embed Frameworks */,
			);
			name = "Embed Frameworks";
			runOnlyForDeploymentPostprocessing = 0;
		};
/* End PBXCopyFilesBuildPhase section */

/* Begin PBXFileReference section */
		3156D1F3A99794B96BBB2897 /* Pods-YSGGP.debug.xcconfig */ = {isa = PBXFileReference; includeInIndex = 1; lastKnownFileType = text.xcconfig; name = "Pods-YSGGP.debug.xcconfig"; path = "Pods/Target Support Files/Pods-YSGGP/Pods-YSGGP.debug.xcconfig"; sourceTree = "<group>"; };
		5000501A1DBA7A19008D752E /* YSTabBarController.swift */ = {isa = PBXFileReference; fileEncoding = 4; lastKnownFileType = sourcecode.swift; path = YSTabBarController.swift; sourceTree = "<group>"; };
		50083B691DDC9BEF009B306D /* YSToken.swift */ = {isa = PBXFileReference; fileEncoding = 4; lastKnownFileType = sourcecode.swift; path = YSToken.swift; sourceTree = "<group>"; };
		50083B6B1DDCA2CD009B306D /* YSDateExtension.swift */ = {isa = PBXFileReference; fileEncoding = 4; lastKnownFileType = sourcecode.swift; path = YSDateExtension.swift; sourceTree = "<group>"; };
		500B6BF91D92CA0C003996CA /* YSSettingsTableViewController.swift */ = {isa = PBXFileReference; fileEncoding = 4; lastKnownFileType = sourcecode.swift; path = YSSettingsTableViewController.swift; sourceTree = "<group>"; };
		500B6C231D93ED98003996CA /* YSDriveViewModel.swift */ = {isa = PBXFileReference; fileEncoding = 4; lastKnownFileType = sourcecode.swift; path = YSDriveViewModel.swift; sourceTree = "<group>"; };
		500B6C251D93EDCF003996CA /* YSDriveViewModelProtocol.swift */ = {isa = PBXFileReference; fileEncoding = 4; lastKnownFileType = sourcecode.swift; path = YSDriveViewModelProtocol.swift; sourceTree = "<group>"; };
		500B6C2B1D93F083003996CA /* YSDriveFileProtocol.swift */ = {isa = PBXFileReference; fileEncoding = 4; lastKnownFileType = sourcecode.swift; path = YSDriveFileProtocol.swift; sourceTree = "<group>"; };
		501DF04D1DBF412F0058D085 /* YSDriveTopCoordinator.swift */ = {isa = PBXFileReference; fileEncoding = 4; lastKnownFileType = sourcecode.swift; path = YSDriveTopCoordinator.swift; sourceTree = "<group>"; };
		501F14521DF71C09009FB868 /* YSPlaylistViewModel.swift */ = {isa = PBXFileReference; fileEncoding = 4; lastKnownFileType = sourcecode.swift; path = YSPlaylistViewModel.swift; sourceTree = "<group>"; };
		501F14541DF71C3C009FB868 /* YSPlaylistViewModelProtocol.swift */ = {isa = PBXFileReference; fileEncoding = 4; lastKnownFileType = sourcecode.swift; path = YSPlaylistViewModelProtocol.swift; sourceTree = "<group>"; };
		501F14561DF71D77009FB868 /* YSPlaylistAndPlayerProtocol.swift */ = {isa = PBXFileReference; fileEncoding = 4; lastKnownFileType = sourcecode.swift; path = YSPlaylistAndPlayerProtocol.swift; sourceTree = "<group>"; };
		501F14581DF71ECB009FB868 /* YSPlaylistAndPlayerModel.swift */ = {isa = PBXFileReference; fileEncoding = 4; lastKnownFileType = sourcecode.swift; path = YSPlaylistAndPlayerModel.swift; sourceTree = "<group>"; };
		501F145A1DF855E9009FB868 /* YSPlaylistCoordinator.swift */ = {isa = PBXFileReference; fileEncoding = 4; lastKnownFileType = sourcecode.swift; path = YSPlaylistCoordinator.swift; sourceTree = "<group>"; };
		501F145C1DF869F7009FB868 /* YSDriveFileTableViewCell.xib */ = {isa = PBXFileReference; fileEncoding = 4; lastKnownFileType = file.xib; path = YSDriveFileTableViewCell.xib; sourceTree = "<group>"; };
		501F145E1DF96E4B009FB868 /* YSHeaderForSection.xib */ = {isa = PBXFileReference; fileEncoding = 4; lastKnownFileType = file.xib; path = YSHeaderForSection.xib; sourceTree = "<group>"; };
		501F14601DF96F4B009FB868 /* YSHeaderForSection.swift */ = {isa = PBXFileReference; fileEncoding = 4; lastKnownFileType = sourcecode.swift; path = YSHeaderForSection.swift; sourceTree = "<group>"; };
		502578131DC3521D00C6EFFF /* ServiceAccount.json */ = {isa = PBXFileReference; fileEncoding = 4; lastKnownFileType = text.json; path = ServiceAccount.json; sourceTree = "<group>"; };
		503189C91DDF3DA2001F51B8 /* YSDictionaryExtension.swift */ = {isa = PBXFileReference; fileEncoding = 4; lastKnownFileType = sourcecode.swift; path = YSDictionaryExtension.swift; sourceTree = "<group>"; };
		503AF1681E1FDBF9000E5493 /* SwiftyTimer.swift */ = {isa = PBXFileReference; fileEncoding = 4; lastKnownFileType = sourcecode.swift; path = SwiftyTimer.swift; sourceTree = "<group>"; };
		503BC1791DB79ED4000D5BA1 /* YSErrorProtocol.swift */ = {isa = PBXFileReference; fileEncoding = 4; lastKnownFileType = sourcecode.swift; path = YSErrorProtocol.swift; sourceTree = "<group>"; };
		503BC17B1DB79F1C000D5BA1 /* YSError.swift */ = {isa = PBXFileReference; fileEncoding = 4; lastKnownFileType = sourcecode.swift; path = YSError.swift; sourceTree = "<group>"; };
		503FB7471D914ED6001F66F6 /* YSDriveViewController.swift */ = {isa = PBXFileReference; fileEncoding = 4; lastKnownFileType = sourcecode.swift; path = YSDriveViewController.swift; sourceTree = "<group>"; };
		503FB7491D914F88001F66F6 /* YSPlaylistViewController.swift */ = {isa = PBXFileReference; fileEncoding = 4; lastKnownFileType = sourcecode.swift; path = YSPlaylistViewController.swift; sourceTree = "<group>"; };
		504110421D95691100BE3B0C /* YSDriveFile.swift */ = {isa = PBXFileReference; fileEncoding = 4; lastKnownFileType = sourcecode.swift; path = YSDriveFile.swift; sourceTree = "<group>"; };
		504110451D956B2A00BE3B0C /* YSDriveModelProtocol.swift */ = {isa = PBXFileReference; fileEncoding = 4; lastKnownFileType = sourcecode.swift; path = YSDriveModelProtocol.swift; sourceTree = "<group>"; };
		504110481D956DEF00BE3B0C /* YSDriveModel.swift */ = {isa = PBXFileReference; fileEncoding = 4; lastKnownFileType = sourcecode.swift; path = YSDriveModel.swift; sourceTree = "<group>"; };
		5041104A1D95763000BE3B0C /* YSDriveFileTableViewCell.swift */ = {isa = PBXFileReference; fileEncoding = 4; lastKnownFileType = sourcecode.swift; path = YSDriveFileTableViewCell.swift; sourceTree = "<group>"; };
		504110F51D9BE35100BE3B0C /* YSCoordinatorProtocol.swift */ = {isa = PBXFileReference; fileEncoding = 4; lastKnownFileType = sourcecode.swift; path = YSCoordinatorProtocol.swift; sourceTree = "<group>"; };
		504110FC1D9BEA1D00BE3B0C /* YSDriveCoordinator.swift */ = {isa = PBXFileReference; fileEncoding = 4; lastKnownFileType = sourcecode.swift; path = YSDriveCoordinator.swift; sourceTree = "<group>"; };
		504110FE1D9BF5BD00BE3B0C /* YSTabBarControllerExtension.swift */ = {isa = PBXFileReference; fileEncoding = 4; lastKnownFileType = sourcecode.swift; path = YSTabBarControllerExtension.swift; sourceTree = "<group>"; };
		504111001D9C00E200BE3B0C /* YSConstants.swift */ = {isa = PBXFileReference; fileEncoding = 4; lastKnownFileType = sourcecode.swift; path = YSConstants.swift; sourceTree = "<group>"; };
		505B4A2F1DAD36600055C180 /* YSGGPUnitTests.xctest */ = {isa = PBXFileReference; explicitFileType = wrapper.cfbundle; includeInIndex = 0; path = YSGGPUnitTests.xctest; sourceTree = BUILT_PRODUCTS_DIR; };
		505B4A331DAD36600055C180 /* Info.plist */ = {isa = PBXFileReference; lastKnownFileType = text.plist.xml; path = Info.plist; sourceTree = "<group>"; };
		507016181DEDD47200A7CAEF /* YSGGP.entitlements */ = {isa = PBXFileReference; lastKnownFileType = text.plist.entitlements; path = YSGGP.entitlements; sourceTree = "<group>"; };
		50788D8E1DC79350003DD1C7 /* YSDatabaseManager.swift */ = {isa = PBXFileReference; fileEncoding = 4; lastKnownFileType = sourcecode.swift; path = YSDatabaseManager.swift; sourceTree = "<group>"; };
		508EFC161DB51CB100ED5CFB /* YSSettingsCoordinator.swift */ = {isa = PBXFileReference; fileEncoding = 4; lastKnownFileType = sourcecode.swift; path = YSSettingsCoordinator.swift; sourceTree = "<group>"; };
		508EFC1B1DB52AED00ED5CFB /* YSSettingsModelProtocol.swift */ = {isa = PBXFileReference; fileEncoding = 4; lastKnownFileType = sourcecode.swift; path = YSSettingsModelProtocol.swift; sourceTree = "<group>"; };
		508EFC1D1DB52B3600ED5CFB /* YSSettingsModel.swift */ = {isa = PBXFileReference; fileEncoding = 4; lastKnownFileType = sourcecode.swift; path = YSSettingsModel.swift; sourceTree = "<group>"; };
		508EFC1F1DB52C8600ED5CFB /* YSSettingsViewModelProtocol.swift */ = {isa = PBXFileReference; fileEncoding = 4; lastKnownFileType = sourcecode.swift; path = YSSettingsViewModelProtocol.swift; sourceTree = "<group>"; };
		508EFC211DB52D7C00ED5CFB /* YSSettingsViewModel.swift */ = {isa = PBXFileReference; fileEncoding = 4; lastKnownFileType = sourcecode.swift; path = YSSettingsViewModel.swift; sourceTree = "<group>"; };
		508EFC251DB61DDF00ED5CFB /* YSSettingsTopViewController.swift */ = {isa = PBXFileReference; fileEncoding = 4; lastKnownFileType = sourcecode.swift; path = YSSettingsTopViewController.swift; sourceTree = "<group>"; };
		509B474A1E27ED25005E39F2 /* LNPopupController.xcodeproj */ = {isa = PBXFileReference; lastKnownFileType = "wrapper.pb-project"; name = LNPopupController.xcodeproj; path = LNPopupController/LNPopupController/LNPopupController.xcodeproj; sourceTree = "<group>"; };
		509E557E1E12CFE800C22489 /* YSPlayerController.swift */ = {isa = PBXFileReference; fileEncoding = 4; lastKnownFileType = sourcecode.swift; path = YSPlayerController.swift; sourceTree = "<group>"; };
		509E55821E13F4C300C22489 /* YSPlayerCoordinator.swift */ = {isa = PBXFileReference; fileEncoding = 4; lastKnownFileType = sourcecode.swift; path = YSPlayerCoordinator.swift; sourceTree = "<group>"; };
		509E55881E13FCF600C22489 /* YSPlayerViewModelProtocol.swift */ = {isa = PBXFileReference; fileEncoding = 4; lastKnownFileType = sourcecode.swift; path = YSPlayerViewModelProtocol.swift; sourceTree = "<group>"; };
		509E558A1E13FE5700C22489 /* YSPlayerViewModel.swift */ = {isa = PBXFileReference; fileEncoding = 4; lastKnownFileType = sourcecode.swift; path = YSPlayerViewModel.swift; sourceTree = "<group>"; };
		509E558E1E1BDDB300C22489 /* YSFolder.swift */ = {isa = PBXFileReference; fileEncoding = 4; lastKnownFileType = sourcecode.swift; name = YSFolder.swift; path = ../../YSFolder.swift; sourceTree = "<group>"; };
		50A157161DC0F3E1008AD787 /* GoogleService-Info.plist */ = {isa = PBXFileReference; fileEncoding = 4; lastKnownFileType = text.plist.xml; path = "GoogleService-Info.plist"; sourceTree = "<group>"; };
		50AB0DB61D8FF242008EDB0D /* YSGGP.app */ = {isa = PBXFileReference; explicitFileType = wrapper.application; includeInIndex = 0; path = YSGGP.app; sourceTree = BUILT_PRODUCTS_DIR; };
		50AB0DB91D8FF242008EDB0D /* YSAppDelegate.swift */ = {isa = PBXFileReference; lastKnownFileType = sourcecode.swift; path = YSAppDelegate.swift; sourceTree = "<group>"; };
		50AB0DC01D8FF242008EDB0D /* Base */ = {isa = PBXFileReference; lastKnownFileType = file.storyboard; name = Base; path = Base.lproj/Main.storyboard; sourceTree = "<group>"; };
		50AB0DC21D8FF242008EDB0D /* Assets.xcassets */ = {isa = PBXFileReference; lastKnownFileType = folder.assetcatalog; path = Assets.xcassets; sourceTree = "<group>"; };
		50AB0DC51D8FF242008EDB0D /* Base */ = {isa = PBXFileReference; lastKnownFileType = file.storyboard; name = Base; path = Base.lproj/LaunchScreen.storyboard; sourceTree = "<group>"; };
		50AB0DC71D8FF242008EDB0D /* Info.plist */ = {isa = PBXFileReference; lastKnownFileType = text.plist.xml; path = Info.plist; sourceTree = "<group>"; };
		50AB0DD71D8FF243008EDB0D /* YSGGPUITests.xctest */ = {isa = PBXFileReference; explicitFileType = wrapper.cfbundle; includeInIndex = 0; path = YSGGPUITests.xctest; sourceTree = BUILT_PRODUCTS_DIR; };
		50AB0DDB1D8FF243008EDB0D /* YSGGPUITests.swift */ = {isa = PBXFileReference; lastKnownFileType = sourcecode.swift; path = YSGGPUITests.swift; sourceTree = "<group>"; };
		50AB0DDD1D8FF243008EDB0D /* Info.plist */ = {isa = PBXFileReference; lastKnownFileType = text.plist.xml; path = Info.plist; sourceTree = "<group>"; };
		50C22DCE1DDC5D890029E399 /* YSFilesMetadataDownloader.swift */ = {isa = PBXFileReference; fileEncoding = 4; lastKnownFileType = sourcecode.swift; path = YSFilesMetadataDownloader.swift; sourceTree = "<group>"; };
		50C22DD01DDC623D0029E399 /* YSCredentialManager.swift */ = {isa = PBXFileReference; fileEncoding = 4; lastKnownFileType = sourcecode.swift; path = YSCredentialManager.swift; sourceTree = "<group>"; };
		50C22DD21DDC675B0029E399 /* YSNetworkResponseManager.swift */ = {isa = PBXFileReference; fileEncoding = 4; lastKnownFileType = sourcecode.swift; path = YSNetworkResponseManager.swift; sourceTree = "<group>"; };
		50D326C51DC0BFC200F12A93 /* YSDriveFileDownloader.swift */ = {isa = PBXFileReference; fileEncoding = 4; lastKnownFileType = sourcecode.swift; path = YSDriveFileDownloader.swift; sourceTree = "<group>"; };
		50D326C71DC0C0EB00F12A93 /* YSDownloadProtocol.swift */ = {isa = PBXFileReference; fileEncoding = 4; lastKnownFileType = sourcecode.swift; path = YSDownloadProtocol.swift; sourceTree = "<group>"; };
		50D326C91DC0C18A00F12A93 /* YSDownload.swift */ = {isa = PBXFileReference; fileEncoding = 4; lastKnownFileType = sourcecode.swift; path = YSDownload.swift; sourceTree = "<group>"; };
		50E49FB91D9D3ED300A6FAAC /* YSNSObjectExtension.swift */ = {isa = PBXFileReference; fileEncoding = 4; lastKnownFileType = sourcecode.swift; path = YSNSObjectExtension.swift; sourceTree = "<group>"; };
		50E49FCF1DA3A8E800A6FAAC /* YSToolbarView.swift */ = {isa = PBXFileReference; fileEncoding = 4; lastKnownFileType = sourcecode.swift; path = YSToolbarView.swift; sourceTree = "<group>"; };
		50E49FD11DA3DABD00A6FAAC /* YSToolbarView.xib */ = {isa = PBXFileReference; fileEncoding = 4; lastKnownFileType = file.xib; path = YSToolbarView.xib; sourceTree = "<group>"; };
		50E49FD31DA3EE2D00A6FAAC /* YSDriveTopViewController.swift */ = {isa = PBXFileReference; fileEncoding = 4; lastKnownFileType = sourcecode.swift; path = YSDriveTopViewController.swift; sourceTree = "<group>"; };
		90B8E9930D6644F431BFC63B /* Pods-YSGGP.release.xcconfig */ = {isa = PBXFileReference; includeInIndex = 1; lastKnownFileType = text.xcconfig; name = "Pods-YSGGP.release.xcconfig"; path = "Pods/Target Support Files/Pods-YSGGP/Pods-YSGGP.release.xcconfig"; sourceTree = "<group>"; };
		D384CA94A771E85F7758D51D /* Pods_YSGGP.framework */ = {isa = PBXFileReference; explicitFileType = wrapper.framework; includeInIndex = 0; path = Pods_YSGGP.framework; sourceTree = BUILT_PRODUCTS_DIR; };
		DAD128DF4523C94D2288F545 /* Pods_YSGGPUnitTests.framework */ = {isa = PBXFileReference; explicitFileType = wrapper.framework; includeInIndex = 0; path = Pods_YSGGPUnitTests.framework; sourceTree = BUILT_PRODUCTS_DIR; };
/* End PBXFileReference section */

/* Begin PBXFrameworksBuildPhase section */
		505B4A2C1DAD36600055C180 /* Frameworks */ = {
			isa = PBXFrameworksBuildPhase;
			buildActionMask = 2147483647;
			files = (
			);
			runOnlyForDeploymentPostprocessing = 0;
		};
		50AB0DB31D8FF242008EDB0D /* Frameworks */ = {
			isa = PBXFrameworksBuildPhase;
			buildActionMask = 2147483647;
			files = (
				E790E87B4EA652E8071032EF /* Pods_YSGGP.framework in Frameworks */,
				509B47501E27ED35005E39F2 /* LNPopupController.framework in Frameworks */,
			);
			runOnlyForDeploymentPostprocessing = 0;
		};
		50AB0DD41D8FF243008EDB0D /* Frameworks */ = {
			isa = PBXFrameworksBuildPhase;
			buildActionMask = 2147483647;
			files = (
			);
			runOnlyForDeploymentPostprocessing = 0;
		};
/* End PBXFrameworksBuildPhase section */

/* Begin PBXGroup section */
		500B6C271D93EDD8003996CA /* Protocols */ = {
			isa = PBXGroup;
			children = (
				500B6C251D93EDCF003996CA /* YSDriveViewModelProtocol.swift */,
				501F14541DF71C3C009FB868 /* YSPlaylistViewModelProtocol.swift */,
				508EFC1F1DB52C8600ED5CFB /* YSSettingsViewModelProtocol.swift */,
				509E55881E13FCF600C22489 /* YSPlayerViewModelProtocol.swift */,
			);
			path = Protocols;
			sourceTree = "<group>";
		};
		500B6C281D93F048003996CA /* Models */ = {
			isa = PBXGroup;
			children = (
				500B6C291D93F052003996CA /* Data */,
				504110471D956B3500BE3B0C /* Protocols */,
				504110481D956DEF00BE3B0C /* YSDriveModel.swift */,
				501F14581DF71ECB009FB868 /* YSPlaylistAndPlayerModel.swift */,
				508EFC1D1DB52B3600ED5CFB /* YSSettingsModel.swift */,
			);
			path = Models;
			sourceTree = "<group>";
		};
		500B6C291D93F052003996CA /* Data */ = {
			isa = PBXGroup;
			children = (
				500B6C2A1D93F060003996CA /* Data Protocols */,
				504110441D95699500BE3B0C /* Data Structs */,
			);
			path = Data;
			sourceTree = "<group>";
		};
		500B6C2A1D93F060003996CA /* Data Protocols */ = {
			isa = PBXGroup;
			children = (
				500B6C2B1D93F083003996CA /* YSDriveFileProtocol.swift */,
				50D326C71DC0C0EB00F12A93 /* YSDownloadProtocol.swift */,
				503BC1791DB79ED4000D5BA1 /* YSErrorProtocol.swift */,
			);
			path = "Data Protocols";
			sourceTree = "<group>";
		};
		503FB7451D914E7E001F66F6 /* ViewModels */ = {
			isa = PBXGroup;
			children = (
				500B6C271D93EDD8003996CA /* Protocols */,
				500B6C231D93ED98003996CA /* YSDriveViewModel.swift */,
				501F14521DF71C09009FB868 /* YSPlaylistViewModel.swift */,
				508EFC211DB52D7C00ED5CFB /* YSSettingsViewModel.swift */,
				509E558A1E13FE5700C22489 /* YSPlayerViewModel.swift */,
			);
			path = ViewModels;
			sourceTree = "<group>";
		};
		504110441D95699500BE3B0C /* Data Structs */ = {
			isa = PBXGroup;
			children = (
				504110421D95691100BE3B0C /* YSDriveFile.swift */,
				50D326C91DC0C18A00F12A93 /* YSDownload.swift */,
				509E558E1E1BDDB300C22489 /* YSFolder.swift */,
				503BC17B1DB79F1C000D5BA1 /* YSError.swift */,
			);
			path = "Data Structs";
			sourceTree = "<group>";
		};
		504110471D956B3500BE3B0C /* Protocols */ = {
			isa = PBXGroup;
			children = (
				504110451D956B2A00BE3B0C /* YSDriveModelProtocol.swift */,
				501F14561DF71D77009FB868 /* YSPlaylistAndPlayerProtocol.swift */,
				508EFC1B1DB52AED00ED5CFB /* YSSettingsModelProtocol.swift */,
			);
			path = Protocols;
			sourceTree = "<group>";
		};
		504110FB1D9BE59F00BE3B0C /* Coordinators */ = {
			isa = PBXGroup;
			children = (
				504110F51D9BE35100BE3B0C /* YSCoordinatorProtocol.swift */,
				509E55821E13F4C300C22489 /* YSPlayerCoordinator.swift */,
				501DF04D1DBF412F0058D085 /* YSDriveTopCoordinator.swift */,
				504110FC1D9BEA1D00BE3B0C /* YSDriveCoordinator.swift */,
				501F145A1DF855E9009FB868 /* YSPlaylistCoordinator.swift */,
				508EFC161DB51CB100ED5CFB /* YSSettingsCoordinator.swift */,
			);
			path = Coordinators;
			sourceTree = "<group>";
		};
		505B4A301DAD36600055C180 /* YSGGPUnitTests */ = {
			isa = PBXGroup;
			children = (
				505B4A331DAD36600055C180 /* Info.plist */,
			);
			path = YSGGPUnitTests;
			sourceTree = "<group>";
		};
		505B4A3F1DAE601F0055C180 /* Controllers */ = {
			isa = PBXGroup;
			children = (
				509E557E1E12CFE800C22489 /* YSPlayerController.swift */,
				50E49FD31DA3EE2D00A6FAAC /* YSDriveTopViewController.swift */,
				503FB7471D914ED6001F66F6 /* YSDriveViewController.swift */,
				503FB7491D914F88001F66F6 /* YSPlaylistViewController.swift */,
				508EFC251DB61DDF00ED5CFB /* YSSettingsTopViewController.swift */,
				500B6BF91D92CA0C003996CA /* YSSettingsTableViewController.swift */,
			);
			path = Controllers;
			sourceTree = "<group>";
		};
		505B4A401DAE602D0055C180 /* Views */ = {
			isa = PBXGroup;
			children = (
				50AB0DC21D8FF242008EDB0D /* Assets.xcassets */,
				50AB0DC41D8FF242008EDB0D /* LaunchScreen.storyboard */,
				50AB0DBF1D8FF242008EDB0D /* Main.storyboard */,
				501F145E1DF96E4B009FB868 /* YSHeaderForSection.xib */,
				501F14601DF96F4B009FB868 /* YSHeaderForSection.swift */,
				5041104A1D95763000BE3B0C /* YSDriveFileTableViewCell.swift */,
				501F145C1DF869F7009FB868 /* YSDriveFileTableViewCell.xib */,
				50E49FCF1DA3A8E800A6FAAC /* YSToolbarView.swift */,
				50E49FD11DA3DABD00A6FAAC /* YSToolbarView.xib */,
			);
			path = Views;
			sourceTree = "<group>";
		};
		508EFC1A1DB527C900ED5CFB /* API */ = {
			isa = PBXGroup;
			children = (
				50C22DD21DDC675B0029E399 /* YSNetworkResponseManager.swift */,
				50C22DCE1DDC5D890029E399 /* YSFilesMetadataDownloader.swift */,
				50D326C51DC0BFC200F12A93 /* YSDriveFileDownloader.swift */,
				50788D8E1DC79350003DD1C7 /* YSDatabaseManager.swift */,
				50C22DD01DDC623D0029E399 /* YSCredentialManager.swift */,
				50083B691DDC9BEF009B306D /* YSToken.swift */,
			);
			path = API;
			sourceTree = "<group>";
		};
		509B474B1E27ED25005E39F2 /* Products */ = {
			isa = PBXGroup;
			children = (
				509B474F1E27ED25005E39F2 /* LNPopupController.framework */,
			);
			name = Products;
			sourceTree = "<group>";
		};
		50AB0DAD1D8FF242008EDB0D = {
			isa = PBXGroup;
			children = (
				509B474A1E27ED25005E39F2 /* LNPopupController.xcodeproj */,
				6AE4711898AD76DF85E73D3E /* Frameworks */,
				77BC85D60FDCB8FE1D7F7AC3 /* Pods */,
				50AB0DB71D8FF242008EDB0D /* Products */,
				50AB0DB81D8FF242008EDB0D /* YSGGP */,
				50AB0DDA1D8FF243008EDB0D /* YSGGPUITests */,
				505B4A301DAD36600055C180 /* YSGGPUnitTests */,
			);
			sourceTree = "<group>";
		};
		50AB0DB71D8FF242008EDB0D /* Products */ = {
			isa = PBXGroup;
			children = (
				50AB0DB61D8FF242008EDB0D /* YSGGP.app */,
				50AB0DD71D8FF243008EDB0D /* YSGGPUITests.xctest */,
				505B4A2F1DAD36600055C180 /* YSGGPUnitTests.xctest */,
			);
			name = Products;
			sourceTree = "<group>";
		};
		50AB0DB81D8FF242008EDB0D /* YSGGP */ = {
			isa = PBXGroup;
			children = (
				507016181DEDD47200A7CAEF /* YSGGP.entitlements */,
				508EFC1A1DB527C900ED5CFB /* API */,
				50E49FCE1DA3A84E00A6FAAC /* Additional Classes */,
				505B4A3F1DAE601F0055C180 /* Controllers */,
				504110FB1D9BE59F00BE3B0C /* Coordinators */,
				500B6C281D93F048003996CA /* Models */,
				503FB7451D914E7E001F66F6 /* ViewModels */,
				505B4A401DAE602D0055C180 /* Views */,
			);
			path = YSGGP;
			sourceTree = "<group>";
		};
		50AB0DDA1D8FF243008EDB0D /* YSGGPUITests */ = {
			isa = PBXGroup;
			children = (
				50AB0DDD1D8FF243008EDB0D /* Info.plist */,
				50AB0DDB1D8FF243008EDB0D /* YSGGPUITests.swift */,
			);
			path = YSGGPUITests;
			sourceTree = "<group>";
		};
		50E49FCE1DA3A84E00A6FAAC /* Additional Classes */ = {
			isa = PBXGroup;
			children = (
				502578131DC3521D00C6EFFF /* ServiceAccount.json */,
				50AB0DC71D8FF242008EDB0D /* Info.plist */,
				50A157161DC0F3E1008AD787 /* GoogleService-Info.plist */,
				50AB0DB91D8FF242008EDB0D /* YSAppDelegate.swift */,
				504111001D9C00E200BE3B0C /* YSConstants.swift */,
				50E49FB91D9D3ED300A6FAAC /* YSNSObjectExtension.swift */,
				503189C91DDF3DA2001F51B8 /* YSDictionaryExtension.swift */,
				504110FE1D9BF5BD00BE3B0C /* YSTabBarControllerExtension.swift */,
				5000501A1DBA7A19008D752E /* YSTabBarController.swift */,
				50083B6B1DDCA2CD009B306D /* YSDateExtension.swift */,
				503AF1681E1FDBF9000E5493 /* SwiftyTimer.swift */,
			);
			path = "Additional Classes";
			sourceTree = "<group>";
		};
		6AE4711898AD76DF85E73D3E /* Frameworks */ = {
			isa = PBXGroup;
			children = (
				D384CA94A771E85F7758D51D /* Pods_YSGGP.framework */,
				DAD128DF4523C94D2288F545 /* Pods_YSGGPUnitTests.framework */,
			);
			name = Frameworks;
			sourceTree = "<group>";
		};
		77BC85D60FDCB8FE1D7F7AC3 /* Pods */ = {
			isa = PBXGroup;
			children = (
				3156D1F3A99794B96BBB2897 /* Pods-YSGGP.debug.xcconfig */,
				90B8E9930D6644F431BFC63B /* Pods-YSGGP.release.xcconfig */,
			);
			name = Pods;
			sourceTree = "<group>";
		};
/* End PBXGroup section */

/* Begin PBXNativeTarget section */
		505B4A2E1DAD36600055C180 /* YSGGPUnitTests */ = {
			isa = PBXNativeTarget;
			buildConfigurationList = 505B4A361DAD36600055C180 /* Build configuration list for PBXNativeTarget "YSGGPUnitTests" */;
			buildPhases = (
				505B4A2B1DAD36600055C180 /* Sources */,
				505B4A2C1DAD36600055C180 /* Frameworks */,
				505B4A2D1DAD36600055C180 /* Resources */,
			);
			buildRules = (
			);
			dependencies = (
				505B4A351DAD36600055C180 /* PBXTargetDependency */,
			);
			name = YSGGPUnitTests;
			productName = YSGGPUnitTests;
			productReference = 505B4A2F1DAD36600055C180 /* YSGGPUnitTests.xctest */;
			productType = "com.apple.product-type.bundle.unit-test";
		};
		50AB0DB51D8FF242008EDB0D /* YSGGP */ = {
			isa = PBXNativeTarget;
			buildConfigurationList = 50AB0DE01D8FF243008EDB0D /* Build configuration list for PBXNativeTarget "YSGGP" */;
			buildPhases = (
				8AAE1B2F875A9DC262D22F9C /* [CP] Check Pods Manifest.lock */,
				50AB0DB21D8FF242008EDB0D /* Sources */,
				50AB0DB31D8FF242008EDB0D /* Frameworks */,
				50AB0DB41D8FF242008EDB0D /* Resources */,
				07CB881B3B1C2E24B034515F /* [CP] Embed Pods Frameworks */,
				007B97F269BEA38879F14D2A /* [CP] Copy Pods Resources */,
				502578121DC3513300C6EFFF /* ShellScript */,
				507016191DEDE56400A7CAEF /* ShellScript */,
				50CBD1561E1D0842006789EF /* Embed Frameworks */,
			);
			buildRules = (
			);
			dependencies = (
				509B47531E27ED35005E39F2 /* PBXTargetDependency */,
			);
			name = YSGGP;
			productName = YSGGP;
			productReference = 50AB0DB61D8FF242008EDB0D /* YSGGP.app */;
			productType = "com.apple.product-type.application";
		};
		50AB0DD61D8FF243008EDB0D /* YSGGPUITests */ = {
			isa = PBXNativeTarget;
			buildConfigurationList = 50AB0DE61D8FF243008EDB0D /* Build configuration list for PBXNativeTarget "YSGGPUITests" */;
			buildPhases = (
				50AB0DD31D8FF243008EDB0D /* Sources */,
				50AB0DD41D8FF243008EDB0D /* Frameworks */,
				50AB0DD51D8FF243008EDB0D /* Resources */,
			);
			buildRules = (
			);
			dependencies = (
				50AB0DD91D8FF243008EDB0D /* PBXTargetDependency */,
			);
			name = YSGGPUITests;
			productName = YSGGPUITests;
			productReference = 50AB0DD71D8FF243008EDB0D /* YSGGPUITests.xctest */;
			productType = "com.apple.product-type.bundle.ui-testing";
		};
/* End PBXNativeTarget section */

/* Begin PBXProject section */
		50AB0DAE1D8FF242008EDB0D /* Project object */ = {
			isa = PBXProject;
			attributes = {
				LastSwiftUpdateCheck = 0800;
				LastUpgradeCheck = 0800;
				ORGANIZATIONNAME = "Yurii Boiko";
				TargetAttributes = {
					505B4A2E1DAD36600055C180 = {
						CreatedOnToolsVersion = 8.0;
						DevelopmentTeam = A2PX8YZMXY;
						ProvisioningStyle = Manual;
						TestTargetID = 50AB0DB51D8FF242008EDB0D;
					};
					50AB0DB51D8FF242008EDB0D = {
						CreatedOnToolsVersion = 8.0;
						DevelopmentTeam = A2PX8YZMXY;
						ProvisioningStyle = Automatic;
						SystemCapabilities = {
							com.apple.BackgroundModes = {
								enabled = 0;
							};
							com.apple.Keychain = {
								enabled = 1;
							};
						};
					};
					50AB0DD61D8FF243008EDB0D = {
						CreatedOnToolsVersion = 8.0;
						DevelopmentTeam = A2PX8YZMXY;
						ProvisioningStyle = Manual;
						TestTargetID = 50AB0DB51D8FF242008EDB0D;
					};
				};
			};
			buildConfigurationList = 50AB0DB11D8FF242008EDB0D /* Build configuration list for PBXProject "YSGGP" */;
			compatibilityVersion = "Xcode 3.2";
			developmentRegion = English;
			hasScannedForEncodings = 0;
			knownRegions = (
				en,
				Base,
			);
			mainGroup = 50AB0DAD1D8FF242008EDB0D;
			productRefGroup = 50AB0DB71D8FF242008EDB0D /* Products */;
			projectDirPath = "";
			projectReferences = (
				{
					ProductGroup = 509B474B1E27ED25005E39F2 /* Products */;
					ProjectRef = 509B474A1E27ED25005E39F2 /* LNPopupController.xcodeproj */;
				},
			);
			projectRoot = "";
			targets = (
				50AB0DB51D8FF242008EDB0D /* YSGGP */,
				50AB0DD61D8FF243008EDB0D /* YSGGPUITests */,
				505B4A2E1DAD36600055C180 /* YSGGPUnitTests */,
			);
		};
/* End PBXProject section */

/* Begin PBXReferenceProxy section */
		509B474F1E27ED25005E39F2 /* LNPopupController.framework */ = {
			isa = PBXReferenceProxy;
			fileType = wrapper.framework;
			path = LNPopupController.framework;
			remoteRef = 509B474E1E27ED25005E39F2 /* PBXContainerItemProxy */;
			sourceTree = BUILT_PRODUCTS_DIR;
		};
/* End PBXReferenceProxy section */

/* Begin PBXResourcesBuildPhase section */
		505B4A2D1DAD36600055C180 /* Resources */ = {
			isa = PBXResourcesBuildPhase;
			buildActionMask = 2147483647;
			files = (
			);
			runOnlyForDeploymentPostprocessing = 0;
		};
		50AB0DB41D8FF242008EDB0D /* Resources */ = {
			isa = PBXResourcesBuildPhase;
			buildActionMask = 2147483647;
			files = (
				501F145F1DF96E4B009FB868 /* YSHeaderForSection.xib in Resources */,
				50E49FD21DA3DABD00A6FAAC /* YSToolbarView.xib in Resources */,
				50AB0DC61D8FF242008EDB0D /* LaunchScreen.storyboard in Resources */,
				50A157171DC0F3E1008AD787 /* GoogleService-Info.plist in Resources */,
				502578141DC3521D00C6EFFF /* ServiceAccount.json in Resources */,
				50AB0DC31D8FF242008EDB0D /* Assets.xcassets in Resources */,
				50AB0DC11D8FF242008EDB0D /* Main.storyboard in Resources */,
				501F145D1DF869F7009FB868 /* YSDriveFileTableViewCell.xib in Resources */,
			);
			runOnlyForDeploymentPostprocessing = 0;
		};
		50AB0DD51D8FF243008EDB0D /* Resources */ = {
			isa = PBXResourcesBuildPhase;
			buildActionMask = 2147483647;
			files = (
			);
			runOnlyForDeploymentPostprocessing = 0;
		};
/* End PBXResourcesBuildPhase section */

/* Begin PBXShellScriptBuildPhase section */
		007B97F269BEA38879F14D2A /* [CP] Copy Pods Resources */ = {
			isa = PBXShellScriptBuildPhase;
			buildActionMask = 2147483647;
			files = (
			);
			inputPaths = (
			);
			name = "[CP] Copy Pods Resources";
			outputPaths = (
			);
			runOnlyForDeploymentPostprocessing = 0;
			shellPath = /bin/sh;
			shellScript = "\"${SRCROOT}/Pods/Target Support Files/Pods-YSGGP/Pods-YSGGP-resources.sh\"\n";
			showEnvVarsInLog = 0;
		};
		07CB881B3B1C2E24B034515F /* [CP] Embed Pods Frameworks */ = {
			isa = PBXShellScriptBuildPhase;
			buildActionMask = 2147483647;
			files = (
			);
			inputPaths = (
			);
			name = "[CP] Embed Pods Frameworks";
			outputPaths = (
			);
			runOnlyForDeploymentPostprocessing = 0;
			shellPath = /bin/sh;
			shellScript = "\"${SRCROOT}/Pods/Target Support Files/Pods-YSGGP/Pods-YSGGP-frameworks.sh\"\n";
			showEnvVarsInLog = 0;
		};
		502578121DC3513300C6EFFF /* ShellScript */ = {
			isa = PBXShellScriptBuildPhase;
			buildActionMask = 8;
			files = (
			);
			inputPaths = (
			);
			outputPaths = (
			);
			runOnlyForDeploymentPostprocessing = 1;
			shellPath = /bin/sh;
			shellScript = "GOOGLE_APP_ID=1:416980241627:ios:5bf14ac216ee97dc\n\n\"${PODS_ROOT}\"/FirebaseCrash/upload-sym \"${SRCROOT}/YSGGP/Additional Classes/ServiceAccount.json\"";
		};
		507016191DEDE56400A7CAEF /* ShellScript */ = {
			isa = PBXShellScriptBuildPhase;
			buildActionMask = 12;
			files = (
			);
			inputPaths = (
			);
			outputPaths = (
			);
			runOnlyForDeploymentPostprocessing = 0;
			shellPath = /bin/sh;
			shellScript = "if [ \"${CONFIGURATION}\" = \"Debug\" ]; then\nTAGS=\"TODO:|FIXME:|WARNING:\"\necho \"searching ${SRCROOT} for ${TAGS}\"\nfind \"${SRCROOT}\" \\( -name \"*.swift\" \\) -print0 | xargs -0 egrep --with-filename --line-number --only-matching \"($TAGS).*\\$\" | perl -p -e \"s/($TAGS)/ warning: \\$1/\"\nfi";
		};
		8AAE1B2F875A9DC262D22F9C /* [CP] Check Pods Manifest.lock */ = {
			isa = PBXShellScriptBuildPhase;
			buildActionMask = 2147483647;
			files = (
			);
			inputPaths = (
			);
			name = "[CP] Check Pods Manifest.lock";
			outputPaths = (
			);
			runOnlyForDeploymentPostprocessing = 0;
			shellPath = /bin/sh;
			shellScript = "diff \"${PODS_ROOT}/../Podfile.lock\" \"${PODS_ROOT}/Manifest.lock\" > /dev/null\nif [ $? != 0 ] ; then\n    # print error to STDERR\n    echo \"error: The sandbox is not in sync with the Podfile.lock. Run 'pod install' or update your CocoaPods installation.\" >&2\n    exit 1\nfi\n";
			showEnvVarsInLog = 0;
		};
/* End PBXShellScriptBuildPhase section */

/* Begin PBXSourcesBuildPhase section */
		505B4A2B1DAD36600055C180 /* Sources */ = {
			isa = PBXSourcesBuildPhase;
			buildActionMask = 2147483647;
			files = (
			);
			runOnlyForDeploymentPostprocessing = 0;
		};
		50AB0DB21D8FF242008EDB0D /* Sources */ = {
			isa = PBXSourcesBuildPhase;
			buildActionMask = 2147483647;
			files = (
				508EFC1E1DB52B3600ED5CFB /* YSSettingsModel.swift in Sources */,
				504110461D956B2A00BE3B0C /* YSDriveModelProtocol.swift in Sources */,
				50788D8F1DC79350003DD1C7 /* YSDatabaseManager.swift in Sources */,
				508EFC221DB52D7C00ED5CFB /* YSSettingsViewModel.swift in Sources */,
				503FB74A1D914F88001F66F6 /* YSPlaylistViewController.swift in Sources */,
				5041104B1D95763000BE3B0C /* YSDriveFileTableViewCell.swift in Sources */,
				501DF04E1DBF412F0058D085 /* YSDriveTopCoordinator.swift in Sources */,
				508EFC171DB51CB100ED5CFB /* YSSettingsCoordinator.swift in Sources */,
				504110FD1D9BEA1D00BE3B0C /* YSDriveCoordinator.swift in Sources */,
				50083B6A1DDC9BEF009B306D /* YSToken.swift in Sources */,
				504110431D95691100BE3B0C /* YSDriveFile.swift in Sources */,
				501F14591DF71ECB009FB868 /* YSPlaylistAndPlayerModel.swift in Sources */,
				509E558B1E13FE5700C22489 /* YSPlayerViewModel.swift in Sources */,
				501F14611DF96F4B009FB868 /* YSHeaderForSection.swift in Sources */,
				500B6C241D93ED98003996CA /* YSDriveViewModel.swift in Sources */,
				504110491D956DEF00BE3B0C /* YSDriveModel.swift in Sources */,
				501F14571DF71D77009FB868 /* YSPlaylistAndPlayerProtocol.swift in Sources */,
				500B6C2C1D93F083003996CA /* YSDriveFileProtocol.swift in Sources */,
				500B6BFA1D92CA0C003996CA /* YSSettingsTableViewController.swift in Sources */,
				50D326C81DC0C0EB00F12A93 /* YSDownloadProtocol.swift in Sources */,
				501F14551DF71C3C009FB868 /* YSPlaylistViewModelProtocol.swift in Sources */,
				508EFC201DB52C8600ED5CFB /* YSSettingsViewModelProtocol.swift in Sources */,
				5000501B1DBA7A19008D752E /* YSTabBarController.swift in Sources */,
				50C22DD31DDC675B0029E399 /* YSNetworkResponseManager.swift in Sources */,
				50D326C61DC0BFC200F12A93 /* YSDriveFileDownloader.swift in Sources */,
				503BC17A1DB79ED4000D5BA1 /* YSErrorProtocol.swift in Sources */,
				50C22DCF1DDC5D890029E399 /* YSFilesMetadataDownloader.swift in Sources */,
				504111011D9C00E200BE3B0C /* YSConstants.swift in Sources */,
				504110FF1D9BF5BD00BE3B0C /* YSTabBarControllerExtension.swift in Sources */,
				503BC17C1DB79F1C000D5BA1 /* YSError.swift in Sources */,
				503189CA1DDF3DA2001F51B8 /* YSDictionaryExtension.swift in Sources */,
				509E557F1E12CFE800C22489 /* YSPlayerController.swift in Sources */,
				50E49FBA1D9D3ED300A6FAAC /* YSNSObjectExtension.swift in Sources */,
				504110F61D9BE35100BE3B0C /* YSCoordinatorProtocol.swift in Sources */,
				50D326CA1DC0C18A00F12A93 /* YSDownload.swift in Sources */,
				50E49FD01DA3A8E800A6FAAC /* YSToolbarView.swift in Sources */,
				50AB0DBA1D8FF242008EDB0D /* YSAppDelegate.swift in Sources */,
				501F14531DF71C09009FB868 /* YSPlaylistViewModel.swift in Sources */,
				50C22DD11DDC623D0029E399 /* YSCredentialManager.swift in Sources */,
				503FB7481D914ED6001F66F6 /* YSDriveViewController.swift in Sources */,
				50E49FD41DA3EE2D00A6FAAC /* YSDriveTopViewController.swift in Sources */,
				501F145B1DF855E9009FB868 /* YSPlaylistCoordinator.swift in Sources */,
				508EFC1C1DB52AED00ED5CFB /* YSSettingsModelProtocol.swift in Sources */,
				500B6C261D93EDCF003996CA /* YSDriveViewModelProtocol.swift in Sources */,
				508EFC261DB61DDF00ED5CFB /* YSSettingsTopViewController.swift in Sources */,
				509E55891E13FCF600C22489 /* YSPlayerViewModelProtocol.swift in Sources */,
				509E558F1E1BDDB300C22489 /* YSFolder.swift in Sources */,
				50083B6C1DDCA2CD009B306D /* YSDateExtension.swift in Sources */,
				509E55831E13F4C300C22489 /* YSPlayerCoordinator.swift in Sources */,
				503AF1691E1FDBF9000E5493 /* SwiftyTimer.swift in Sources */,
			);
			runOnlyForDeploymentPostprocessing = 0;
		};
		50AB0DD31D8FF243008EDB0D /* Sources */ = {
			isa = PBXSourcesBuildPhase;
			buildActionMask = 2147483647;
			files = (
				50AB0DDC1D8FF243008EDB0D /* YSGGPUITests.swift in Sources */,
			);
			runOnlyForDeploymentPostprocessing = 0;
		};
/* End PBXSourcesBuildPhase section */

/* Begin PBXTargetDependency section */
		505B4A351DAD36600055C180 /* PBXTargetDependency */ = {
			isa = PBXTargetDependency;
			target = 50AB0DB51D8FF242008EDB0D /* YSGGP */;
			targetProxy = 505B4A341DAD36600055C180 /* PBXContainerItemProxy */;
		};
		509B47531E27ED35005E39F2 /* PBXTargetDependency */ = {
			isa = PBXTargetDependency;
			name = LNPopupController;
			targetProxy = 509B47521E27ED35005E39F2 /* PBXContainerItemProxy */;
		};
		50AB0DD91D8FF243008EDB0D /* PBXTargetDependency */ = {
			isa = PBXTargetDependency;
			target = 50AB0DB51D8FF242008EDB0D /* YSGGP */;
			targetProxy = 50AB0DD81D8FF243008EDB0D /* PBXContainerItemProxy */;
		};
/* End PBXTargetDependency section */

/* Begin PBXVariantGroup section */
		50AB0DBF1D8FF242008EDB0D /* Main.storyboard */ = {
			isa = PBXVariantGroup;
			children = (
				50AB0DC01D8FF242008EDB0D /* Base */,
			);
			name = Main.storyboard;
			path = .;
			sourceTree = "<group>";
		};
		50AB0DC41D8FF242008EDB0D /* LaunchScreen.storyboard */ = {
			isa = PBXVariantGroup;
			children = (
				50AB0DC51D8FF242008EDB0D /* Base */,
			);
			name = LaunchScreen.storyboard;
			path = .;
			sourceTree = "<group>";
		};
/* End PBXVariantGroup section */

/* Begin XCBuildConfiguration section */
		505B4A371DAD36600055C180 /* Debug */ = {
			isa = XCBuildConfiguration;
			buildSettings = {
				BUNDLE_LOADER = "$(TEST_HOST)";
				"CODE_SIGN_IDENTITY[sdk=iphoneos*]" = "iPhone Developer";
				DEVELOPMENT_TEAM = A2PX8YZMXY;
				INFOPLIST_FILE = YSGGPUnitTests/Info.plist;
				LD_RUNPATH_SEARCH_PATHS = "$(inherited) @executable_path/Frameworks @loader_path/Frameworks";
				PRODUCT_BUNDLE_IDENTIFIER = com.yurssoft.YSGGPUnitTests;
				PRODUCT_NAME = "$(TARGET_NAME)";
				SWIFT_VERSION = 3.0;
				TEST_HOST = "$(BUILT_PRODUCTS_DIR)/YSGGP.app/YSGGP";
			};
			name = Debug;
		};
		505B4A381DAD36600055C180 /* Release */ = {
			isa = XCBuildConfiguration;
			buildSettings = {
				BUNDLE_LOADER = "$(TEST_HOST)";
				DEVELOPMENT_TEAM = "";
				INFOPLIST_FILE = YSGGPUnitTests/Info.plist;
				LD_RUNPATH_SEARCH_PATHS = "$(inherited) @executable_path/Frameworks @loader_path/Frameworks";
				PRODUCT_BUNDLE_IDENTIFIER = com.yurssoft.YSGGPUnitTests;
				PRODUCT_NAME = "$(TARGET_NAME)";
				SWIFT_VERSION = 3.0;
				TEST_HOST = "$(BUILT_PRODUCTS_DIR)/YSGGP.app/YSGGP";
			};
			name = Release;
		};
		50AB0DDE1D8FF243008EDB0D /* Debug */ = {
			isa = XCBuildConfiguration;
			buildSettings = {
				ALWAYS_SEARCH_USER_PATHS = NO;
				CLANG_ANALYZER_NONNULL = YES;
				CLANG_CXX_LANGUAGE_STANDARD = "gnu++0x";
				CLANG_CXX_LIBRARY = "libc++";
				CLANG_ENABLE_MODULES = YES;
				CLANG_ENABLE_OBJC_ARC = YES;
				CLANG_WARN_BOOL_CONVERSION = YES;
				CLANG_WARN_CONSTANT_CONVERSION = YES;
				CLANG_WARN_DIRECT_OBJC_ISA_USAGE = YES_ERROR;
				CLANG_WARN_DOCUMENTATION_COMMENTS = YES;
				CLANG_WARN_EMPTY_BODY = YES;
				CLANG_WARN_ENUM_CONVERSION = YES;
				CLANG_WARN_INFINITE_RECURSION = YES;
				CLANG_WARN_INT_CONVERSION = YES;
				CLANG_WARN_OBJC_ROOT_CLASS = YES_ERROR;
				CLANG_WARN_SUSPICIOUS_MOVE = YES;
				CLANG_WARN_SUSPICIOUS_MOVES = YES;
				CLANG_WARN_UNREACHABLE_CODE = YES;
				CLANG_WARN__DUPLICATE_METHOD_MATCH = YES;
				CODE_SIGN_IDENTITY = "iPhone Developer";
				"CODE_SIGN_IDENTITY[sdk=iphoneos*]" = "iPhone Developer";
				COPY_PHASE_STRIP = NO;
				DEBUG_INFORMATION_FORMAT = dwarf;
				ENABLE_STRICT_OBJC_MSGSEND = YES;
				ENABLE_TESTABILITY = YES;
				GCC_C_LANGUAGE_STANDARD = gnu99;
				GCC_DYNAMIC_NO_PIC = NO;
				GCC_NO_COMMON_BLOCKS = YES;
				GCC_OPTIMIZATION_LEVEL = 0;
				GCC_PREPROCESSOR_DEFINITIONS = (
					"DEBUG=1",
					"$(inherited)",
				);
				GCC_WARN_64_TO_32_BIT_CONVERSION = YES;
				GCC_WARN_ABOUT_RETURN_TYPE = YES_ERROR;
				GCC_WARN_UNDECLARED_SELECTOR = YES;
				GCC_WARN_UNINITIALIZED_AUTOS = YES_AGGRESSIVE;
				GCC_WARN_UNUSED_FUNCTION = YES;
				GCC_WARN_UNUSED_VARIABLE = YES;
				IPHONEOS_DEPLOYMENT_TARGET = 10.0;
				MTL_ENABLE_DEBUG_INFO = YES;
				ONLY_ACTIVE_ARCH = YES;
				SDKROOT = iphoneos;
				SWIFT_ACTIVE_COMPILATION_CONDITIONS = DEBUG;
				SWIFT_OPTIMIZATION_LEVEL = "-Onone";
				TARGETED_DEVICE_FAMILY = "1,2";
			};
			name = Debug;
		};
		50AB0DDF1D8FF243008EDB0D /* Release */ = {
			isa = XCBuildConfiguration;
			buildSettings = {
				ALWAYS_SEARCH_USER_PATHS = NO;
				CLANG_ANALYZER_NONNULL = YES;
				CLANG_CXX_LANGUAGE_STANDARD = "gnu++0x";
				CLANG_CXX_LIBRARY = "libc++";
				CLANG_ENABLE_MODULES = YES;
				CLANG_ENABLE_OBJC_ARC = YES;
				CLANG_WARN_BOOL_CONVERSION = YES;
				CLANG_WARN_CONSTANT_CONVERSION = YES;
				CLANG_WARN_DIRECT_OBJC_ISA_USAGE = YES_ERROR;
				CLANG_WARN_DOCUMENTATION_COMMENTS = YES;
				CLANG_WARN_EMPTY_BODY = YES;
				CLANG_WARN_ENUM_CONVERSION = YES;
				CLANG_WARN_INFINITE_RECURSION = YES;
				CLANG_WARN_INT_CONVERSION = YES;
				CLANG_WARN_OBJC_ROOT_CLASS = YES_ERROR;
				CLANG_WARN_SUSPICIOUS_MOVE = YES;
				CLANG_WARN_SUSPICIOUS_MOVES = YES;
				CLANG_WARN_UNREACHABLE_CODE = YES;
				CLANG_WARN__DUPLICATE_METHOD_MATCH = YES;
				CODE_SIGN_IDENTITY = "iPhone Developer";
				"CODE_SIGN_IDENTITY[sdk=iphoneos*]" = "iPhone Developer";
				COPY_PHASE_STRIP = NO;
				DEBUG_INFORMATION_FORMAT = "dwarf-with-dsym";
				ENABLE_NS_ASSERTIONS = NO;
				ENABLE_STRICT_OBJC_MSGSEND = YES;
				GCC_C_LANGUAGE_STANDARD = gnu99;
				GCC_NO_COMMON_BLOCKS = YES;
				GCC_WARN_64_TO_32_BIT_CONVERSION = YES;
				GCC_WARN_ABOUT_RETURN_TYPE = YES_ERROR;
				GCC_WARN_UNDECLARED_SELECTOR = YES;
				GCC_WARN_UNINITIALIZED_AUTOS = YES_AGGRESSIVE;
				GCC_WARN_UNUSED_FUNCTION = YES;
				GCC_WARN_UNUSED_VARIABLE = YES;
				IPHONEOS_DEPLOYMENT_TARGET = 10.0;
				MTL_ENABLE_DEBUG_INFO = NO;
				SDKROOT = iphoneos;
				SWIFT_OPTIMIZATION_LEVEL = "-Owholemodule";
				TARGETED_DEVICE_FAMILY = "1,2";
				VALIDATE_PRODUCT = YES;
			};
			name = Release;
		};
		50AB0DE11D8FF243008EDB0D /* Debug */ = {
			isa = XCBuildConfiguration;
			baseConfigurationReference = 3156D1F3A99794B96BBB2897 /* Pods-YSGGP.debug.xcconfig */;
			buildSettings = {
				ASSETCATALOG_COMPILER_APPICON_NAME = AppIcon;
				CODE_SIGN_ENTITLEMENTS = YSGGP/YSGGP.entitlements;
				CODE_SIGN_IDENTITY = "iPhone Developer";
				"CODE_SIGN_IDENTITY[sdk=iphoneos*]" = "iPhone Developer";
				DEVELOPMENT_TEAM = A2PX8YZMXY;
				ENABLE_BITCODE = NO;
				INFOPLIST_FILE = "YSGGP/Additional Classes/Info.plist";
				IPHONEOS_DEPLOYMENT_TARGET = 10.0;
				LD_RUNPATH_SEARCH_PATHS = "$(inherited) @executable_path/Frameworks";
				PRODUCT_BUNDLE_IDENTIFIER = com.softjourn.as;
				PRODUCT_NAME = "$(TARGET_NAME)";
				PROVISIONING_PROFILE = "";
				PROVISIONING_PROFILE_SPECIFIER = "";
				SWIFT_VERSION = 3.0;
				TARGETED_DEVICE_FAMILY = 1;
			};
			name = Debug;
		};
		50AB0DE21D8FF243008EDB0D /* Release */ = {
			isa = XCBuildConfiguration;
			baseConfigurationReference = 90B8E9930D6644F431BFC63B /* Pods-YSGGP.release.xcconfig */;
			buildSettings = {
				ASSETCATALOG_COMPILER_APPICON_NAME = AppIcon;
				CODE_SIGN_ENTITLEMENTS = YSGGP/YSGGP.entitlements;
				CODE_SIGN_IDENTITY = "iPhone Developer";
				"CODE_SIGN_IDENTITY[sdk=iphoneos*]" = "iPhone Developer";
				DEVELOPMENT_TEAM = A2PX8YZMXY;
				ENABLE_BITCODE = NO;
				INFOPLIST_FILE = "YSGGP/Additional Classes/Info.plist";
				IPHONEOS_DEPLOYMENT_TARGET = 10.0;
				LD_RUNPATH_SEARCH_PATHS = "$(inherited) @executable_path/Frameworks";
				PRODUCT_BUNDLE_IDENTIFIER = com.softjourn.as;
				PRODUCT_NAME = "$(TARGET_NAME)";
				PROVISIONING_PROFILE_SPECIFIER = "";
				SWIFT_VERSION = 3.0;
				TARGETED_DEVICE_FAMILY = 1;
			};
			name = Release;
		};
		50AB0DE71D8FF243008EDB0D /* Debug */ = {
			isa = XCBuildConfiguration;
			buildSettings = {
				ALWAYS_EMBED_SWIFT_STANDARD_LIBRARIES = YES;
				DEVELOPMENT_TEAM = A2PX8YZMXY;
				INFOPLIST_FILE = YSGGPUITests/Info.plist;
				LD_RUNPATH_SEARCH_PATHS = "$(inherited) @executable_path/Frameworks @loader_path/Frameworks";
				PRODUCT_BUNDLE_IDENTIFIER = com.yurssoft.YSGGPUITests;
				PRODUCT_NAME = "$(TARGET_NAME)";
				PROVISIONING_PROFILE = "c61c4bc6-da06-45d5-8410-b06d695c76c0";
				PROVISIONING_PROFILE_SPECIFIER = "Softjourn Development Profile";
				SWIFT_VERSION = 3.0;
				TEST_TARGET_NAME = YSGGP;
			};
			name = Debug;
		};
		50AB0DE81D8FF243008EDB0D /* Release */ = {
			isa = XCBuildConfiguration;
			buildSettings = {
				ALWAYS_EMBED_SWIFT_STANDARD_LIBRARIES = YES;
				DEVELOPMENT_TEAM = "";
				INFOPLIST_FILE = YSGGPUITests/Info.plist;
				LD_RUNPATH_SEARCH_PATHS = "$(inherited) @executable_path/Frameworks @loader_path/Frameworks";
				PRODUCT_BUNDLE_IDENTIFIER = com.yurssoft.YSGGPUITests;
				PRODUCT_NAME = "$(TARGET_NAME)";
				SWIFT_VERSION = 3.0;
				TEST_TARGET_NAME = YSGGP;
			};
			name = Release;
		};
/* End XCBuildConfiguration section */

/* Begin XCConfigurationList section */
		505B4A361DAD36600055C180 /* Build configuration list for PBXNativeTarget "YSGGPUnitTests" */ = {
			isa = XCConfigurationList;
			buildConfigurations = (
				505B4A371DAD36600055C180 /* Debug */,
				505B4A381DAD36600055C180 /* Release */,
			);
			defaultConfigurationIsVisible = 0;
			defaultConfigurationName = Release;
		};
		50AB0DB11D8FF242008EDB0D /* Build configuration list for PBXProject "YSGGP" */ = {
			isa = XCConfigurationList;
			buildConfigurations = (
				50AB0DDE1D8FF243008EDB0D /* Debug */,
				50AB0DDF1D8FF243008EDB0D /* Release */,
			);
			defaultConfigurationIsVisible = 0;
			defaultConfigurationName = Release;
		};
		50AB0DE01D8FF243008EDB0D /* Build configuration list for PBXNativeTarget "YSGGP" */ = {
			isa = XCConfigurationList;
			buildConfigurations = (
				50AB0DE11D8FF243008EDB0D /* Debug */,
				50AB0DE21D8FF243008EDB0D /* Release */,
			);
			defaultConfigurationIsVisible = 0;
			defaultConfigurationName = Release;
		};
		50AB0DE61D8FF243008EDB0D /* Build configuration list for PBXNativeTarget "YSGGPUITests" */ = {
			isa = XCConfigurationList;
			buildConfigurations = (
				50AB0DE71D8FF243008EDB0D /* Debug */,
				50AB0DE81D8FF243008EDB0D /* Release */,
			);
			defaultConfigurationIsVisible = 0;
			defaultConfigurationName = Release;
		};
/* End XCConfigurationList section */
	};
	rootObject = 50AB0DAE1D8FF242008EDB0D /* Project object */;
}
