// !$*UTF8*$!
{
	archiveVersion = 1;
	classes = {
	};
	objectVersion = 46;
	objects = {

/* Begin PBXBuildFile section */
		500570491F78EB14008C981C /* MJRefreshAutoFooter.m in Sources */ = {isa = PBXBuildFile; fileRef = 5005701D1F78EB14008C981C /* MJRefreshAutoFooter.m */; };
		5005704A1F78EB14008C981C /* MJRefreshBackFooter.m in Sources */ = {isa = PBXBuildFile; fileRef = 5005701F1F78EB14008C981C /* MJRefreshBackFooter.m */; };
		5005704B1F78EB14008C981C /* MJRefreshComponent.m in Sources */ = {isa = PBXBuildFile; fileRef = 500570211F78EB14008C981C /* MJRefreshComponent.m */; };
		5005704C1F78EB14008C981C /* MJRefreshFooter.m in Sources */ = {isa = PBXBuildFile; fileRef = 500570231F78EB14008C981C /* MJRefreshFooter.m */; };
		5005704D1F78EB14008C981C /* MJRefreshHeader.m in Sources */ = {isa = PBXBuildFile; fileRef = 500570251F78EB14008C981C /* MJRefreshHeader.m */; };
		5005704E1F78EB14008C981C /* MJRefreshAutoGifFooter.m in Sources */ = {isa = PBXBuildFile; fileRef = 5005702A1F78EB14008C981C /* MJRefreshAutoGifFooter.m */; };
		5005704F1F78EB14008C981C /* MJRefreshAutoNormalFooter.m in Sources */ = {isa = PBXBuildFile; fileRef = 5005702C1F78EB14008C981C /* MJRefreshAutoNormalFooter.m */; };
		500570501F78EB14008C981C /* MJRefreshAutoStateFooter.m in Sources */ = {isa = PBXBuildFile; fileRef = 5005702E1F78EB14008C981C /* MJRefreshAutoStateFooter.m */; };
		500570511F78EB14008C981C /* MJRefreshBackGifFooter.m in Sources */ = {isa = PBXBuildFile; fileRef = 500570311F78EB14008C981C /* MJRefreshBackGifFooter.m */; };
		500570521F78EB14008C981C /* MJRefreshBackNormalFooter.m in Sources */ = {isa = PBXBuildFile; fileRef = 500570331F78EB14008C981C /* MJRefreshBackNormalFooter.m */; };
		500570531F78EB14008C981C /* MJRefreshBackStateFooter.m in Sources */ = {isa = PBXBuildFile; fileRef = 500570351F78EB14008C981C /* MJRefreshBackStateFooter.m */; };
		500570541F78EB14008C981C /* MJRefreshGifHeader.m in Sources */ = {isa = PBXBuildFile; fileRef = 500570381F78EB14008C981C /* MJRefreshGifHeader.m */; };
		500570551F78EB14008C981C /* MJRefreshNormalHeader.m in Sources */ = {isa = PBXBuildFile; fileRef = 5005703A1F78EB14008C981C /* MJRefreshNormalHeader.m */; };
		500570561F78EB14008C981C /* MJRefreshStateHeader.m in Sources */ = {isa = PBXBuildFile; fileRef = 5005703C1F78EB14008C981C /* MJRefreshStateHeader.m */; };
		500570571F78EB14008C981C /* MJRefresh.bundle in Resources */ = {isa = PBXBuildFile; fileRef = 5005703D1F78EB14008C981C /* MJRefresh.bundle */; };
		500570581F78EB14008C981C /* MJRefreshConst.m in Sources */ = {isa = PBXBuildFile; fileRef = 500570401F78EB14008C981C /* MJRefreshConst.m */; };
		500570591F78EB14008C981C /* NSBundle+MJRefresh.m in Sources */ = {isa = PBXBuildFile; fileRef = 500570421F78EB14008C981C /* NSBundle+MJRefresh.m */; };
		5005705A1F78EB14008C981C /* UIScrollView+MJExtension.m in Sources */ = {isa = PBXBuildFile; fileRef = 500570441F78EB14008C981C /* UIScrollView+MJExtension.m */; };
		5005705B1F78EB14008C981C /* UIScrollView+MJRefresh.m in Sources */ = {isa = PBXBuildFile; fileRef = 500570461F78EB14008C981C /* UIScrollView+MJRefresh.m */; };
		5005705C1F78EB14008C981C /* UIView+MJExtension.m in Sources */ = {isa = PBXBuildFile; fileRef = 500570481F78EB14008C981C /* UIView+MJExtension.m */; };
		501046011F627C310075C5A8 /* ReqresDefaultLogger.swift in Sources */ = {isa = PBXBuildFile; fileRef = 501046001F627C310075C5A8 /* ReqresDefaultLogger.swift */; };
		501DD30A1F852552008AA5C0 /* YSNSLoggerDecorator.swift in Sources */ = {isa = PBXBuildFile; fileRef = 501DD3091F852552008AA5C0 /* YSNSLoggerDecorator.swift */; };
		502BE3661F878FEF005E03D0 /* YSNSErrorExtension.swift in Sources */ = {isa = PBXBuildFile; fileRef = 502BE3651F878FEF005E03D0 /* YSNSErrorExtension.swift */; };
		505A142C1F861AEE00EC82B0 /* Cartfile in Resources */ = {isa = PBXBuildFile; fileRef = 505A142B1F861AEE00EC82B0 /* Cartfile */; };
		505A142E1F861B9500EC82B0 /* LNPopupController.framework in Frameworks */ = {isa = PBXBuildFile; fileRef = 505A142D1F861B9500EC82B0 /* LNPopupController.framework */; };
		507293871F77D43A002A7C53 /* YSViewControllerLoggingExtension.swift in Sources */ = {isa = PBXBuildFile; fileRef = 507293861F77D43A002A7C53 /* YSViewControllerLoggingExtension.swift */; };
		50B1C4A41ED7F85D009B11B5 /* YSConverting.swift in Sources */ = {isa = PBXBuildFile; fileRef = 50B1C4A31ED7F85D009B11B5 /* YSConverting.swift */; };
		50E562761E71BA90004E47A2 /* YSAppDelegate.swift in Sources */ = {isa = PBXBuildFile; fileRef = 50E562261E71BA90004E47A2 /* YSAppDelegate.swift */; };
		50E562771E71BA90004E47A2 /* YSConstants.swift in Sources */ = {isa = PBXBuildFile; fileRef = 50E562271E71BA90004E47A2 /* YSConstants.swift */; };
		50E562781E71BA90004E47A2 /* YSDateExtension.swift in Sources */ = {isa = PBXBuildFile; fileRef = 50E562281E71BA90004E47A2 /* YSDateExtension.swift */; };
		50E562791E71BA90004E47A2 /* YSDictionaryExtension.swift in Sources */ = {isa = PBXBuildFile; fileRef = 50E562291E71BA90004E47A2 /* YSDictionaryExtension.swift */; };
		50E5627A1E71BA90004E47A2 /* YSNSObjectExtension.swift in Sources */ = {isa = PBXBuildFile; fileRef = 50E5622A1E71BA90004E47A2 /* YSNSObjectExtension.swift */; };
		50E5627B1E71BA90004E47A2 /* YSTabBarController.swift in Sources */ = {isa = PBXBuildFile; fileRef = 50E5622B1E71BA90004E47A2 /* YSTabBarController.swift */; };
		50E5627C1E71BA90004E47A2 /* YSTabBarControllerExtension.swift in Sources */ = {isa = PBXBuildFile; fileRef = 50E5622C1E71BA90004E47A2 /* YSTabBarControllerExtension.swift */; };
		50E5627D1E71BA90004E47A2 /* YSCredentialManager.swift in Sources */ = {isa = PBXBuildFile; fileRef = 50E5622E1E71BA90004E47A2 /* YSCredentialManager.swift */; };
		50E5627E1E71BA90004E47A2 /* YSDatabaseManager.swift in Sources */ = {isa = PBXBuildFile; fileRef = 50E5622F1E71BA90004E47A2 /* YSDatabaseManager.swift */; };
		50E5627F1E71BA90004E47A2 /* YSDriveFileDownloader.swift in Sources */ = {isa = PBXBuildFile; fileRef = 50E562301E71BA90004E47A2 /* YSDriveFileDownloader.swift */; };
		50E562801E71BA90004E47A2 /* YSFilesMetadataDownloader.swift in Sources */ = {isa = PBXBuildFile; fileRef = 50E562311E71BA90004E47A2 /* YSFilesMetadataDownloader.swift */; };
		50E562811E71BA90004E47A2 /* YSNetworkResponseManager.swift in Sources */ = {isa = PBXBuildFile; fileRef = 50E562321E71BA90004E47A2 /* YSNetworkResponseManager.swift */; };
		50E562821E71BA90004E47A2 /* YSToken.swift in Sources */ = {isa = PBXBuildFile; fileRef = 50E562331E71BA90004E47A2 /* YSToken.swift */; };
		50E562841E71BA90004E47A2 /* YSDriveSearchController.swift in Sources */ = {isa = PBXBuildFile; fileRef = 50E562361E71BA90004E47A2 /* YSDriveSearchController.swift */; };
		50E562851E71BA90004E47A2 /* YSDriveTopViewController.swift in Sources */ = {isa = PBXBuildFile; fileRef = 50E562371E71BA90004E47A2 /* YSDriveTopViewController.swift */; };
		50E562861E71BA90004E47A2 /* YSDriveViewController.swift in Sources */ = {isa = PBXBuildFile; fileRef = 50E562381E71BA90004E47A2 /* YSDriveViewController.swift */; };
		50E562871E71BA90004E47A2 /* YSPlayerController.swift in Sources */ = {isa = PBXBuildFile; fileRef = 50E562391E71BA90004E47A2 /* YSPlayerController.swift */; };
		50E562881E71BA90004E47A2 /* YSPlaylistViewController.swift in Sources */ = {isa = PBXBuildFile; fileRef = 50E5623A1E71BA90004E47A2 /* YSPlaylistViewController.swift */; };
		50E562891E71BA90004E47A2 /* YSSettingsTableViewController.swift in Sources */ = {isa = PBXBuildFile; fileRef = 50E5623B1E71BA90004E47A2 /* YSSettingsTableViewController.swift */; };
		50E5628A1E71BA90004E47A2 /* YSSettingsTopViewController.swift in Sources */ = {isa = PBXBuildFile; fileRef = 50E5623C1E71BA90004E47A2 /* YSSettingsTopViewController.swift */; };
		50E5628B1E71BA90004E47A2 /* YSCoordinatorProtocol.swift in Sources */ = {isa = PBXBuildFile; fileRef = 50E5623E1E71BA90004E47A2 /* YSCoordinatorProtocol.swift */; };
		50E5628C1E71BA90004E47A2 /* YSDriveCoordinator.swift in Sources */ = {isa = PBXBuildFile; fileRef = 50E5623F1E71BA90004E47A2 /* YSDriveCoordinator.swift */; };
		50E5628D1E71BA90004E47A2 /* YSDriveSearchCoordinator.swift in Sources */ = {isa = PBXBuildFile; fileRef = 50E562401E71BA90004E47A2 /* YSDriveSearchCoordinator.swift */; };
		50E5628E1E71BA90004E47A2 /* YSDriveTopCoordinator.swift in Sources */ = {isa = PBXBuildFile; fileRef = 50E562411E71BA90004E47A2 /* YSDriveTopCoordinator.swift */; };
		50E5628F1E71BA90004E47A2 /* YSPlayerCoordinator.swift in Sources */ = {isa = PBXBuildFile; fileRef = 50E562421E71BA90004E47A2 /* YSPlayerCoordinator.swift */; };
		50E562901E71BA90004E47A2 /* YSPlaylistCoordinator.swift in Sources */ = {isa = PBXBuildFile; fileRef = 50E562431E71BA90004E47A2 /* YSPlaylistCoordinator.swift */; };
		50E562911E71BA90004E47A2 /* YSSettingsCoordinator.swift in Sources */ = {isa = PBXBuildFile; fileRef = 50E562441E71BA90004E47A2 /* YSSettingsCoordinator.swift */; };
		50E562921E71BA90004E47A2 /* YSDownloadProtocol.swift in Sources */ = {isa = PBXBuildFile; fileRef = 50E562481E71BA90004E47A2 /* YSDownloadProtocol.swift */; };
		50E562931E71BA90004E47A2 /* YSDriveFileProtocol.swift in Sources */ = {isa = PBXBuildFile; fileRef = 50E562491E71BA90004E47A2 /* YSDriveFileProtocol.swift */; };
		50E562941E71BA90004E47A2 /* YSErrorProtocol.swift in Sources */ = {isa = PBXBuildFile; fileRef = 50E5624A1E71BA90004E47A2 /* YSErrorProtocol.swift */; };
		50E562951E71BA90004E47A2 /* YSDownload.swift in Sources */ = {isa = PBXBuildFile; fileRef = 50E5624C1E71BA90004E47A2 /* YSDownload.swift */; };
		50E562961E71BA90004E47A2 /* YSDriveFile.swift in Sources */ = {isa = PBXBuildFile; fileRef = 50E5624D1E71BA90004E47A2 /* YSDriveFile.swift */; };
		50E562971E71BA90004E47A2 /* YSError.swift in Sources */ = {isa = PBXBuildFile; fileRef = 50E5624E1E71BA90004E47A2 /* YSError.swift */; };
		50E562981E71BA90004E47A2 /* YSDriveModelProtocol.swift in Sources */ = {isa = PBXBuildFile; fileRef = 50E562501E71BA90004E47A2 /* YSDriveModelProtocol.swift */; };
		50E562991E71BA90004E47A2 /* YSDriveSearchModelProtocol.swift in Sources */ = {isa = PBXBuildFile; fileRef = 50E562511E71BA90004E47A2 /* YSDriveSearchModelProtocol.swift */; };
		50E5629A1E71BA90004E47A2 /* YSPlaylistAndPlayerProtocol.swift in Sources */ = {isa = PBXBuildFile; fileRef = 50E562521E71BA90004E47A2 /* YSPlaylistAndPlayerProtocol.swift */; };
		50E5629B1E71BA90004E47A2 /* YSSettingsModelProtocol.swift in Sources */ = {isa = PBXBuildFile; fileRef = 50E562531E71BA90004E47A2 /* YSSettingsModelProtocol.swift */; };
		50E5629C1E71BA90004E47A2 /* YSDriveModel.swift in Sources */ = {isa = PBXBuildFile; fileRef = 50E562541E71BA90004E47A2 /* YSDriveModel.swift */; };
		50E5629D1E71BA90004E47A2 /* YSDriveSearchModel.swift in Sources */ = {isa = PBXBuildFile; fileRef = 50E562551E71BA90004E47A2 /* YSDriveSearchModel.swift */; };
		50E5629E1E71BA90004E47A2 /* YSFolder.swift in Sources */ = {isa = PBXBuildFile; fileRef = 50E562561E71BA90004E47A2 /* YSFolder.swift */; };
		50E5629F1E71BA90004E47A2 /* YSPlaylistAndPlayerModel.swift in Sources */ = {isa = PBXBuildFile; fileRef = 50E562571E71BA90004E47A2 /* YSPlaylistAndPlayerModel.swift */; };
		50E562A01E71BA90004E47A2 /* YSSettingsModel.swift in Sources */ = {isa = PBXBuildFile; fileRef = 50E562581E71BA90004E47A2 /* YSSettingsModel.swift */; };
		50E562A11E71BA90004E47A2 /* YSDriveSearchViewModelProtocol.swift in Sources */ = {isa = PBXBuildFile; fileRef = 50E5625B1E71BA90004E47A2 /* YSDriveSearchViewModelProtocol.swift */; };
		50E562A21E71BA90004E47A2 /* YSDriveViewModelProtocol.swift in Sources */ = {isa = PBXBuildFile; fileRef = 50E5625C1E71BA90004E47A2 /* YSDriveViewModelProtocol.swift */; };
		50E562A31E71BA90004E47A2 /* YSPlayerViewModelProtocol.swift in Sources */ = {isa = PBXBuildFile; fileRef = 50E5625D1E71BA90004E47A2 /* YSPlayerViewModelProtocol.swift */; };
		50E562A41E71BA90004E47A2 /* YSPlaylistViewModelProtocol.swift in Sources */ = {isa = PBXBuildFile; fileRef = 50E5625E1E71BA90004E47A2 /* YSPlaylistViewModelProtocol.swift */; };
		50E562A51E71BA90004E47A2 /* YSSettingsViewModelProtocol.swift in Sources */ = {isa = PBXBuildFile; fileRef = 50E5625F1E71BA90004E47A2 /* YSSettingsViewModelProtocol.swift */; };
		50E562A61E71BA90004E47A2 /* YSDriveSearchViewModel.swift in Sources */ = {isa = PBXBuildFile; fileRef = 50E562601E71BA90004E47A2 /* YSDriveSearchViewModel.swift */; };
		50E562A71E71BA90004E47A2 /* YSDriveViewModel.swift in Sources */ = {isa = PBXBuildFile; fileRef = 50E562611E71BA90004E47A2 /* YSDriveViewModel.swift */; };
		50E562A81E71BA90004E47A2 /* YSPlayerViewModel.swift in Sources */ = {isa = PBXBuildFile; fileRef = 50E562621E71BA90004E47A2 /* YSPlayerViewModel.swift */; };
		50E562A91E71BA90004E47A2 /* YSPlaylistViewModel.swift in Sources */ = {isa = PBXBuildFile; fileRef = 50E562631E71BA90004E47A2 /* YSPlaylistViewModel.swift */; };
		50E562AA1E71BA90004E47A2 /* YSSettingsViewModel.swift in Sources */ = {isa = PBXBuildFile; fileRef = 50E562641E71BA90004E47A2 /* YSSettingsViewModel.swift */; };
		50E562AB1E71BA90004E47A2 /* Assets.xcassets in Resources */ = {isa = PBXBuildFile; fileRef = 50E562661E71BA90004E47A2 /* Assets.xcassets */; };
		50E562AC1E71BA90004E47A2 /* LaunchScreen.storyboard in Resources */ = {isa = PBXBuildFile; fileRef = 50E562671E71BA90004E47A2 /* LaunchScreen.storyboard */; };
		50E562AD1E71BA90004E47A2 /* Main.storyboard in Resources */ = {isa = PBXBuildFile; fileRef = 50E562691E71BA90004E47A2 /* Main.storyboard */; };
		50E562AE1E71BA90004E47A2 /* YSDriveFileTableViewCell.swift in Sources */ = {isa = PBXBuildFile; fileRef = 50E5626B1E71BA90004E47A2 /* YSDriveFileTableViewCell.swift */; };
		50E562AF1E71BA90004E47A2 /* YSDriveFileTableViewCell.xib in Resources */ = {isa = PBXBuildFile; fileRef = 50E5626C1E71BA90004E47A2 /* YSDriveFileTableViewCell.xib */; };
		50E562B01E71BA90004E47A2 /* YSHeaderForSection.swift in Sources */ = {isa = PBXBuildFile; fileRef = 50E5626D1E71BA90004E47A2 /* YSHeaderForSection.swift */; };
		50E562B11E71BA90004E47A2 /* YSHeaderForSection.xib in Resources */ = {isa = PBXBuildFile; fileRef = 50E5626E1E71BA90004E47A2 /* YSHeaderForSection.xib */; };
		50E562B21E71BA90004E47A2 /* YSToolbarView.swift in Sources */ = {isa = PBXBuildFile; fileRef = 50E5626F1E71BA90004E47A2 /* YSToolbarView.swift */; };
		50E562B31E71BA90004E47A2 /* YSToolbarView.xib in Resources */ = {isa = PBXBuildFile; fileRef = 50E562701E71BA90004E47A2 /* YSToolbarView.xib */; };
		50EC7AB71F4DAEEF00315985 /* YSClassExtension.swift in Sources */ = {isa = PBXBuildFile; fileRef = 50EC7AB61F4DAEEF00315985 /* YSClassExtension.swift */; };
		50EC7ABB1F4F692A00315985 /* YSStringExtension.swift in Sources */ = {isa = PBXBuildFile; fileRef = 50EC7ABA1F4F692A00315985 /* YSStringExtension.swift */; };
		50F4F4371F644EA000CB9646 /* YSSwiftMessagesExtension.swift in Sources */ = {isa = PBXBuildFile; fileRef = 50F4F4361F644EA000CB9646 /* YSSwiftMessagesExtension.swift */; };
		58437EB2B086D3F33BB34816 /* Pods_QuickFile.framework in Frameworks */ = {isa = PBXBuildFile; fileRef = 700D140BB4D9E31A8E2DCCFB /* Pods_QuickFile.framework */; };
/* End PBXBuildFile section */

/* Begin PBXCopyFilesBuildPhase section */
		50CBD1561E1D0842006789EF /* Embed Frameworks */ = {
			isa = PBXCopyFilesBuildPhase;
			buildActionMask = 2147483647;
			dstPath = "";
			dstSubfolderSpec = 10;
			files = (
			);
			name = "Embed Frameworks";
			runOnlyForDeploymentPostprocessing = 0;
		};
/* End PBXCopyFilesBuildPhase section */

/* Begin PBXFileReference section */
		3156D1F3A99794B96BBB2897 /* Pods-YSGGP.debug.xcconfig */ = {isa = PBXFileReference; includeInIndex = 1; lastKnownFileType = text.xcconfig; name = "Pods-YSGGP.debug.xcconfig"; path = "Pods/Target Support Files/Pods-YSGGP/Pods-YSGGP.debug.xcconfig"; sourceTree = "<group>"; };
		500570191F78E065008C981C /* QuickFile-Bridging-Header.h */ = {isa = PBXFileReference; lastKnownFileType = sourcecode.c.h; path = "QuickFile-Bridging-Header.h"; sourceTree = "<group>"; };
		5005701C1F78EB14008C981C /* MJRefreshAutoFooter.h */ = {isa = PBXFileReference; fileEncoding = 4; lastKnownFileType = sourcecode.c.h; path = MJRefreshAutoFooter.h; sourceTree = "<group>"; };
		5005701D1F78EB14008C981C /* MJRefreshAutoFooter.m */ = {isa = PBXFileReference; fileEncoding = 4; lastKnownFileType = sourcecode.c.objc; path = MJRefreshAutoFooter.m; sourceTree = "<group>"; };
		5005701E1F78EB14008C981C /* MJRefreshBackFooter.h */ = {isa = PBXFileReference; fileEncoding = 4; lastKnownFileType = sourcecode.c.h; path = MJRefreshBackFooter.h; sourceTree = "<group>"; };
		5005701F1F78EB14008C981C /* MJRefreshBackFooter.m */ = {isa = PBXFileReference; fileEncoding = 4; lastKnownFileType = sourcecode.c.objc; path = MJRefreshBackFooter.m; sourceTree = "<group>"; };
		500570201F78EB14008C981C /* MJRefreshComponent.h */ = {isa = PBXFileReference; fileEncoding = 4; lastKnownFileType = sourcecode.c.h; path = MJRefreshComponent.h; sourceTree = "<group>"; };
		500570211F78EB14008C981C /* MJRefreshComponent.m */ = {isa = PBXFileReference; fileEncoding = 4; lastKnownFileType = sourcecode.c.objc; path = MJRefreshComponent.m; sourceTree = "<group>"; };
		500570221F78EB14008C981C /* MJRefreshFooter.h */ = {isa = PBXFileReference; fileEncoding = 4; lastKnownFileType = sourcecode.c.h; path = MJRefreshFooter.h; sourceTree = "<group>"; };
		500570231F78EB14008C981C /* MJRefreshFooter.m */ = {isa = PBXFileReference; fileEncoding = 4; lastKnownFileType = sourcecode.c.objc; path = MJRefreshFooter.m; sourceTree = "<group>"; };
		500570241F78EB14008C981C /* MJRefreshHeader.h */ = {isa = PBXFileReference; fileEncoding = 4; lastKnownFileType = sourcecode.c.h; path = MJRefreshHeader.h; sourceTree = "<group>"; };
		500570251F78EB14008C981C /* MJRefreshHeader.m */ = {isa = PBXFileReference; fileEncoding = 4; lastKnownFileType = sourcecode.c.objc; path = MJRefreshHeader.m; sourceTree = "<group>"; };
		500570291F78EB14008C981C /* MJRefreshAutoGifFooter.h */ = {isa = PBXFileReference; fileEncoding = 4; lastKnownFileType = sourcecode.c.h; path = MJRefreshAutoGifFooter.h; sourceTree = "<group>"; };
		5005702A1F78EB14008C981C /* MJRefreshAutoGifFooter.m */ = {isa = PBXFileReference; fileEncoding = 4; lastKnownFileType = sourcecode.c.objc; path = MJRefreshAutoGifFooter.m; sourceTree = "<group>"; };
		5005702B1F78EB14008C981C /* MJRefreshAutoNormalFooter.h */ = {isa = PBXFileReference; fileEncoding = 4; lastKnownFileType = sourcecode.c.h; path = MJRefreshAutoNormalFooter.h; sourceTree = "<group>"; };
		5005702C1F78EB14008C981C /* MJRefreshAutoNormalFooter.m */ = {isa = PBXFileReference; fileEncoding = 4; lastKnownFileType = sourcecode.c.objc; path = MJRefreshAutoNormalFooter.m; sourceTree = "<group>"; };
		5005702D1F78EB14008C981C /* MJRefreshAutoStateFooter.h */ = {isa = PBXFileReference; fileEncoding = 4; lastKnownFileType = sourcecode.c.h; path = MJRefreshAutoStateFooter.h; sourceTree = "<group>"; };
		5005702E1F78EB14008C981C /* MJRefreshAutoStateFooter.m */ = {isa = PBXFileReference; fileEncoding = 4; lastKnownFileType = sourcecode.c.objc; path = MJRefreshAutoStateFooter.m; sourceTree = "<group>"; };
		500570301F78EB14008C981C /* MJRefreshBackGifFooter.h */ = {isa = PBXFileReference; fileEncoding = 4; lastKnownFileType = sourcecode.c.h; path = MJRefreshBackGifFooter.h; sourceTree = "<group>"; };
		500570311F78EB14008C981C /* MJRefreshBackGifFooter.m */ = {isa = PBXFileReference; fileEncoding = 4; lastKnownFileType = sourcecode.c.objc; path = MJRefreshBackGifFooter.m; sourceTree = "<group>"; };
		500570321F78EB14008C981C /* MJRefreshBackNormalFooter.h */ = {isa = PBXFileReference; fileEncoding = 4; lastKnownFileType = sourcecode.c.h; path = MJRefreshBackNormalFooter.h; sourceTree = "<group>"; };
		500570331F78EB14008C981C /* MJRefreshBackNormalFooter.m */ = {isa = PBXFileReference; fileEncoding = 4; lastKnownFileType = sourcecode.c.objc; path = MJRefreshBackNormalFooter.m; sourceTree = "<group>"; };
		500570341F78EB14008C981C /* MJRefreshBackStateFooter.h */ = {isa = PBXFileReference; fileEncoding = 4; lastKnownFileType = sourcecode.c.h; path = MJRefreshBackStateFooter.h; sourceTree = "<group>"; };
		500570351F78EB14008C981C /* MJRefreshBackStateFooter.m */ = {isa = PBXFileReference; fileEncoding = 4; lastKnownFileType = sourcecode.c.objc; path = MJRefreshBackStateFooter.m; sourceTree = "<group>"; };
		500570371F78EB14008C981C /* MJRefreshGifHeader.h */ = {isa = PBXFileReference; fileEncoding = 4; lastKnownFileType = sourcecode.c.h; path = MJRefreshGifHeader.h; sourceTree = "<group>"; };
		500570381F78EB14008C981C /* MJRefreshGifHeader.m */ = {isa = PBXFileReference; fileEncoding = 4; lastKnownFileType = sourcecode.c.objc; path = MJRefreshGifHeader.m; sourceTree = "<group>"; };
		500570391F78EB14008C981C /* MJRefreshNormalHeader.h */ = {isa = PBXFileReference; fileEncoding = 4; lastKnownFileType = sourcecode.c.h; path = MJRefreshNormalHeader.h; sourceTree = "<group>"; };
		5005703A1F78EB14008C981C /* MJRefreshNormalHeader.m */ = {isa = PBXFileReference; fileEncoding = 4; lastKnownFileType = sourcecode.c.objc; path = MJRefreshNormalHeader.m; sourceTree = "<group>"; };
		5005703B1F78EB14008C981C /* MJRefreshStateHeader.h */ = {isa = PBXFileReference; fileEncoding = 4; lastKnownFileType = sourcecode.c.h; path = MJRefreshStateHeader.h; sourceTree = "<group>"; };
		5005703C1F78EB14008C981C /* MJRefreshStateHeader.m */ = {isa = PBXFileReference; fileEncoding = 4; lastKnownFileType = sourcecode.c.objc; path = MJRefreshStateHeader.m; sourceTree = "<group>"; };
		5005703D1F78EB14008C981C /* MJRefresh.bundle */ = {isa = PBXFileReference; lastKnownFileType = "wrapper.plug-in"; path = MJRefresh.bundle; sourceTree = "<group>"; };
		5005703E1F78EB14008C981C /* MJRefresh.h */ = {isa = PBXFileReference; fileEncoding = 4; lastKnownFileType = sourcecode.c.h; path = MJRefresh.h; sourceTree = "<group>"; };
		5005703F1F78EB14008C981C /* MJRefreshConst.h */ = {isa = PBXFileReference; fileEncoding = 4; lastKnownFileType = sourcecode.c.h; path = MJRefreshConst.h; sourceTree = "<group>"; };
		500570401F78EB14008C981C /* MJRefreshConst.m */ = {isa = PBXFileReference; fileEncoding = 4; lastKnownFileType = sourcecode.c.objc; path = MJRefreshConst.m; sourceTree = "<group>"; };
		500570411F78EB14008C981C /* NSBundle+MJRefresh.h */ = {isa = PBXFileReference; fileEncoding = 4; lastKnownFileType = sourcecode.c.h; path = "NSBundle+MJRefresh.h"; sourceTree = "<group>"; };
		500570421F78EB14008C981C /* NSBundle+MJRefresh.m */ = {isa = PBXFileReference; fileEncoding = 4; lastKnownFileType = sourcecode.c.objc; path = "NSBundle+MJRefresh.m"; sourceTree = "<group>"; };
		500570431F78EB14008C981C /* UIScrollView+MJExtension.h */ = {isa = PBXFileReference; fileEncoding = 4; lastKnownFileType = sourcecode.c.h; path = "UIScrollView+MJExtension.h"; sourceTree = "<group>"; };
		500570441F78EB14008C981C /* UIScrollView+MJExtension.m */ = {isa = PBXFileReference; fileEncoding = 4; lastKnownFileType = sourcecode.c.objc; path = "UIScrollView+MJExtension.m"; sourceTree = "<group>"; };
		500570451F78EB14008C981C /* UIScrollView+MJRefresh.h */ = {isa = PBXFileReference; fileEncoding = 4; lastKnownFileType = sourcecode.c.h; path = "UIScrollView+MJRefresh.h"; sourceTree = "<group>"; };
		500570461F78EB14008C981C /* UIScrollView+MJRefresh.m */ = {isa = PBXFileReference; fileEncoding = 4; lastKnownFileType = sourcecode.c.objc; path = "UIScrollView+MJRefresh.m"; sourceTree = "<group>"; };
		500570471F78EB14008C981C /* UIView+MJExtension.h */ = {isa = PBXFileReference; fileEncoding = 4; lastKnownFileType = sourcecode.c.h; path = "UIView+MJExtension.h"; sourceTree = "<group>"; };
		500570481F78EB14008C981C /* UIView+MJExtension.m */ = {isa = PBXFileReference; fileEncoding = 4; lastKnownFileType = sourcecode.c.objc; path = "UIView+MJExtension.m"; sourceTree = "<group>"; };
		501046001F627C310075C5A8 /* ReqresDefaultLogger.swift */ = {isa = PBXFileReference; fileEncoding = 4; lastKnownFileType = sourcecode.swift; path = ReqresDefaultLogger.swift; sourceTree = "<group>"; };
		501DD3091F852552008AA5C0 /* YSNSLoggerDecorator.swift */ = {isa = PBXFileReference; lastKnownFileType = sourcecode.swift; path = YSNSLoggerDecorator.swift; sourceTree = "<group>"; };
		502BE3651F878FEF005E03D0 /* YSNSErrorExtension.swift */ = {isa = PBXFileReference; lastKnownFileType = sourcecode.swift; path = YSNSErrorExtension.swift; sourceTree = "<group>"; };
		505A142B1F861AEE00EC82B0 /* Cartfile */ = {isa = PBXFileReference; fileEncoding = 4; lastKnownFileType = text; path = Cartfile; sourceTree = "<group>"; };
		505A142D1F861B9500EC82B0 /* LNPopupController.framework */ = {isa = PBXFileReference; lastKnownFileType = wrapper.framework; name = LNPopupController.framework; path = Carthage/Build/iOS/LNPopupController.framework; sourceTree = "<group>"; };
		507293861F77D43A002A7C53 /* YSViewControllerLoggingExtension.swift */ = {isa = PBXFileReference; lastKnownFileType = sourcecode.swift; path = YSViewControllerLoggingExtension.swift; sourceTree = "<group>"; };
		508C57931F8FB45E00E8A472 /* GoogleService-Info.plist */ = {isa = PBXFileReference; lastKnownFileType = text.plist.xml; path = "GoogleService-Info.plist"; sourceTree = "<group>"; };
		508C57941F8FB45E00E8A472 /* ServiceAccount.json */ = {isa = PBXFileReference; lastKnownFileType = text.json; path = ServiceAccount.json; sourceTree = "<group>"; };
		50AB0DB61D8FF242008EDB0D /* QuickFile.app */ = {isa = PBXFileReference; explicitFileType = wrapper.application; includeInIndex = 0; path = QuickFile.app; sourceTree = BUILT_PRODUCTS_DIR; };
		50B1C4A31ED7F85D009B11B5 /* YSConverting.swift */ = {isa = PBXFileReference; fileEncoding = 4; lastKnownFileType = sourcecode.swift; path = YSConverting.swift; sourceTree = "<group>"; };
		50E562231E71BA90004E47A2 /* Info.plist */ = {isa = PBXFileReference; fileEncoding = 4; lastKnownFileType = text.plist.xml; path = Info.plist; sourceTree = "<group>"; };
		50E562261E71BA90004E47A2 /* YSAppDelegate.swift */ = {isa = PBXFileReference; fileEncoding = 4; lastKnownFileType = sourcecode.swift; path = YSAppDelegate.swift; sourceTree = "<group>"; };
		50E562271E71BA90004E47A2 /* YSConstants.swift */ = {isa = PBXFileReference; fileEncoding = 4; lastKnownFileType = sourcecode.swift; path = YSConstants.swift; sourceTree = "<group>"; };
		50E562281E71BA90004E47A2 /* YSDateExtension.swift */ = {isa = PBXFileReference; fileEncoding = 4; lastKnownFileType = sourcecode.swift; path = YSDateExtension.swift; sourceTree = "<group>"; };
		50E562291E71BA90004E47A2 /* YSDictionaryExtension.swift */ = {isa = PBXFileReference; fileEncoding = 4; lastKnownFileType = sourcecode.swift; path = YSDictionaryExtension.swift; sourceTree = "<group>"; };
		50E5622A1E71BA90004E47A2 /* YSNSObjectExtension.swift */ = {isa = PBXFileReference; fileEncoding = 4; lastKnownFileType = sourcecode.swift; path = YSNSObjectExtension.swift; sourceTree = "<group>"; };
		50E5622B1E71BA90004E47A2 /* YSTabBarController.swift */ = {isa = PBXFileReference; fileEncoding = 4; lastKnownFileType = sourcecode.swift; path = YSTabBarController.swift; sourceTree = "<group>"; };
		50E5622C1E71BA90004E47A2 /* YSTabBarControllerExtension.swift */ = {isa = PBXFileReference; fileEncoding = 4; lastKnownFileType = sourcecode.swift; path = YSTabBarControllerExtension.swift; sourceTree = "<group>"; };
		50E5622E1E71BA90004E47A2 /* YSCredentialManager.swift */ = {isa = PBXFileReference; fileEncoding = 4; lastKnownFileType = sourcecode.swift; path = YSCredentialManager.swift; sourceTree = "<group>"; };
		50E5622F1E71BA90004E47A2 /* YSDatabaseManager.swift */ = {isa = PBXFileReference; fileEncoding = 4; lastKnownFileType = sourcecode.swift; path = YSDatabaseManager.swift; sourceTree = "<group>"; };
		50E562301E71BA90004E47A2 /* YSDriveFileDownloader.swift */ = {isa = PBXFileReference; fileEncoding = 4; lastKnownFileType = sourcecode.swift; path = YSDriveFileDownloader.swift; sourceTree = "<group>"; };
		50E562311E71BA90004E47A2 /* YSFilesMetadataDownloader.swift */ = {isa = PBXFileReference; fileEncoding = 4; lastKnownFileType = sourcecode.swift; path = YSFilesMetadataDownloader.swift; sourceTree = "<group>"; };
		50E562321E71BA90004E47A2 /* YSNetworkResponseManager.swift */ = {isa = PBXFileReference; fileEncoding = 4; lastKnownFileType = sourcecode.swift; path = YSNetworkResponseManager.swift; sourceTree = "<group>"; };
		50E562331E71BA90004E47A2 /* YSToken.swift */ = {isa = PBXFileReference; fileEncoding = 4; lastKnownFileType = sourcecode.swift; path = YSToken.swift; sourceTree = "<group>"; };
		50E562361E71BA90004E47A2 /* YSDriveSearchController.swift */ = {isa = PBXFileReference; fileEncoding = 4; lastKnownFileType = sourcecode.swift; path = YSDriveSearchController.swift; sourceTree = "<group>"; };
		50E562371E71BA90004E47A2 /* YSDriveTopViewController.swift */ = {isa = PBXFileReference; fileEncoding = 4; lastKnownFileType = sourcecode.swift; path = YSDriveTopViewController.swift; sourceTree = "<group>"; };
		50E562381E71BA90004E47A2 /* YSDriveViewController.swift */ = {isa = PBXFileReference; fileEncoding = 4; lastKnownFileType = sourcecode.swift; path = YSDriveViewController.swift; sourceTree = "<group>"; };
		50E562391E71BA90004E47A2 /* YSPlayerController.swift */ = {isa = PBXFileReference; fileEncoding = 4; lastKnownFileType = sourcecode.swift; path = YSPlayerController.swift; sourceTree = "<group>"; };
		50E5623A1E71BA90004E47A2 /* YSPlaylistViewController.swift */ = {isa = PBXFileReference; fileEncoding = 4; lastKnownFileType = sourcecode.swift; path = YSPlaylistViewController.swift; sourceTree = "<group>"; };
		50E5623B1E71BA90004E47A2 /* YSSettingsTableViewController.swift */ = {isa = PBXFileReference; fileEncoding = 4; lastKnownFileType = sourcecode.swift; path = YSSettingsTableViewController.swift; sourceTree = "<group>"; };
		50E5623C1E71BA90004E47A2 /* YSSettingsTopViewController.swift */ = {isa = PBXFileReference; fileEncoding = 4; lastKnownFileType = sourcecode.swift; path = YSSettingsTopViewController.swift; sourceTree = "<group>"; };
		50E5623E1E71BA90004E47A2 /* YSCoordinatorProtocol.swift */ = {isa = PBXFileReference; fileEncoding = 4; lastKnownFileType = sourcecode.swift; path = YSCoordinatorProtocol.swift; sourceTree = "<group>"; };
		50E5623F1E71BA90004E47A2 /* YSDriveCoordinator.swift */ = {isa = PBXFileReference; fileEncoding = 4; lastKnownFileType = sourcecode.swift; path = YSDriveCoordinator.swift; sourceTree = "<group>"; };
		50E562401E71BA90004E47A2 /* YSDriveSearchCoordinator.swift */ = {isa = PBXFileReference; fileEncoding = 4; lastKnownFileType = sourcecode.swift; path = YSDriveSearchCoordinator.swift; sourceTree = "<group>"; };
		50E562411E71BA90004E47A2 /* YSDriveTopCoordinator.swift */ = {isa = PBXFileReference; fileEncoding = 4; lastKnownFileType = sourcecode.swift; path = YSDriveTopCoordinator.swift; sourceTree = "<group>"; };
		50E562421E71BA90004E47A2 /* YSPlayerCoordinator.swift */ = {isa = PBXFileReference; fileEncoding = 4; lastKnownFileType = sourcecode.swift; path = YSPlayerCoordinator.swift; sourceTree = "<group>"; };
		50E562431E71BA90004E47A2 /* YSPlaylistCoordinator.swift */ = {isa = PBXFileReference; fileEncoding = 4; lastKnownFileType = sourcecode.swift; path = YSPlaylistCoordinator.swift; sourceTree = "<group>"; };
		50E562441E71BA90004E47A2 /* YSSettingsCoordinator.swift */ = {isa = PBXFileReference; fileEncoding = 4; lastKnownFileType = sourcecode.swift; path = YSSettingsCoordinator.swift; sourceTree = "<group>"; };
		50E562481E71BA90004E47A2 /* YSDownloadProtocol.swift */ = {isa = PBXFileReference; fileEncoding = 4; lastKnownFileType = sourcecode.swift; path = YSDownloadProtocol.swift; sourceTree = "<group>"; };
		50E562491E71BA90004E47A2 /* YSDriveFileProtocol.swift */ = {isa = PBXFileReference; fileEncoding = 4; lastKnownFileType = sourcecode.swift; path = YSDriveFileProtocol.swift; sourceTree = "<group>"; };
		50E5624A1E71BA90004E47A2 /* YSErrorProtocol.swift */ = {isa = PBXFileReference; fileEncoding = 4; lastKnownFileType = sourcecode.swift; path = YSErrorProtocol.swift; sourceTree = "<group>"; };
		50E5624C1E71BA90004E47A2 /* YSDownload.swift */ = {isa = PBXFileReference; fileEncoding = 4; lastKnownFileType = sourcecode.swift; path = YSDownload.swift; sourceTree = "<group>"; };
		50E5624D1E71BA90004E47A2 /* YSDriveFile.swift */ = {isa = PBXFileReference; fileEncoding = 4; lastKnownFileType = sourcecode.swift; path = YSDriveFile.swift; sourceTree = "<group>"; };
		50E5624E1E71BA90004E47A2 /* YSError.swift */ = {isa = PBXFileReference; fileEncoding = 4; lastKnownFileType = sourcecode.swift; path = YSError.swift; sourceTree = "<group>"; };
		50E562501E71BA90004E47A2 /* YSDriveModelProtocol.swift */ = {isa = PBXFileReference; fileEncoding = 4; lastKnownFileType = sourcecode.swift; path = YSDriveModelProtocol.swift; sourceTree = "<group>"; };
		50E562511E71BA90004E47A2 /* YSDriveSearchModelProtocol.swift */ = {isa = PBXFileReference; fileEncoding = 4; lastKnownFileType = sourcecode.swift; path = YSDriveSearchModelProtocol.swift; sourceTree = "<group>"; };
		50E562521E71BA90004E47A2 /* YSPlaylistAndPlayerProtocol.swift */ = {isa = PBXFileReference; fileEncoding = 4; lastKnownFileType = sourcecode.swift; path = YSPlaylistAndPlayerProtocol.swift; sourceTree = "<group>"; };
		50E562531E71BA90004E47A2 /* YSSettingsModelProtocol.swift */ = {isa = PBXFileReference; fileEncoding = 4; lastKnownFileType = sourcecode.swift; path = YSSettingsModelProtocol.swift; sourceTree = "<group>"; };
		50E562541E71BA90004E47A2 /* YSDriveModel.swift */ = {isa = PBXFileReference; fileEncoding = 4; lastKnownFileType = sourcecode.swift; path = YSDriveModel.swift; sourceTree = "<group>"; };
		50E562551E71BA90004E47A2 /* YSDriveSearchModel.swift */ = {isa = PBXFileReference; fileEncoding = 4; lastKnownFileType = sourcecode.swift; path = YSDriveSearchModel.swift; sourceTree = "<group>"; };
		50E562561E71BA90004E47A2 /* YSFolder.swift */ = {isa = PBXFileReference; fileEncoding = 4; lastKnownFileType = sourcecode.swift; path = YSFolder.swift; sourceTree = "<group>"; };
		50E562571E71BA90004E47A2 /* YSPlaylistAndPlayerModel.swift */ = {isa = PBXFileReference; fileEncoding = 4; lastKnownFileType = sourcecode.swift; path = YSPlaylistAndPlayerModel.swift; sourceTree = "<group>"; };
		50E562581E71BA90004E47A2 /* YSSettingsModel.swift */ = {isa = PBXFileReference; fileEncoding = 4; lastKnownFileType = sourcecode.swift; path = YSSettingsModel.swift; sourceTree = "<group>"; };
		50E5625B1E71BA90004E47A2 /* YSDriveSearchViewModelProtocol.swift */ = {isa = PBXFileReference; fileEncoding = 4; lastKnownFileType = sourcecode.swift; path = YSDriveSearchViewModelProtocol.swift; sourceTree = "<group>"; };
		50E5625C1E71BA90004E47A2 /* YSDriveViewModelProtocol.swift */ = {isa = PBXFileReference; fileEncoding = 4; lastKnownFileType = sourcecode.swift; path = YSDriveViewModelProtocol.swift; sourceTree = "<group>"; };
		50E5625D1E71BA90004E47A2 /* YSPlayerViewModelProtocol.swift */ = {isa = PBXFileReference; fileEncoding = 4; lastKnownFileType = sourcecode.swift; path = YSPlayerViewModelProtocol.swift; sourceTree = "<group>"; };
		50E5625E1E71BA90004E47A2 /* YSPlaylistViewModelProtocol.swift */ = {isa = PBXFileReference; fileEncoding = 4; lastKnownFileType = sourcecode.swift; path = YSPlaylistViewModelProtocol.swift; sourceTree = "<group>"; };
		50E5625F1E71BA90004E47A2 /* YSSettingsViewModelProtocol.swift */ = {isa = PBXFileReference; fileEncoding = 4; lastKnownFileType = sourcecode.swift; path = YSSettingsViewModelProtocol.swift; sourceTree = "<group>"; };
		50E562601E71BA90004E47A2 /* YSDriveSearchViewModel.swift */ = {isa = PBXFileReference; fileEncoding = 4; lastKnownFileType = sourcecode.swift; path = YSDriveSearchViewModel.swift; sourceTree = "<group>"; };
		50E562611E71BA90004E47A2 /* YSDriveViewModel.swift */ = {isa = PBXFileReference; fileEncoding = 4; lastKnownFileType = sourcecode.swift; path = YSDriveViewModel.swift; sourceTree = "<group>"; };
		50E562621E71BA90004E47A2 /* YSPlayerViewModel.swift */ = {isa = PBXFileReference; fileEncoding = 4; lastKnownFileType = sourcecode.swift; path = YSPlayerViewModel.swift; sourceTree = "<group>"; };
		50E562631E71BA90004E47A2 /* YSPlaylistViewModel.swift */ = {isa = PBXFileReference; fileEncoding = 4; lastKnownFileType = sourcecode.swift; path = YSPlaylistViewModel.swift; sourceTree = "<group>"; };
		50E562641E71BA90004E47A2 /* YSSettingsViewModel.swift */ = {isa = PBXFileReference; fileEncoding = 4; lastKnownFileType = sourcecode.swift; path = YSSettingsViewModel.swift; sourceTree = "<group>"; };
		50E562661E71BA90004E47A2 /* Assets.xcassets */ = {isa = PBXFileReference; lastKnownFileType = folder.assetcatalog; path = Assets.xcassets; sourceTree = "<group>"; };
		50E562681E71BA90004E47A2 /* Base */ = {isa = PBXFileReference; lastKnownFileType = file.storyboard; name = Base; path = Base.lproj/LaunchScreen.storyboard; sourceTree = "<group>"; };
		50E5626A1E71BA90004E47A2 /* Base */ = {isa = PBXFileReference; lastKnownFileType = file.storyboard; name = Base; path = Base.lproj/Main.storyboard; sourceTree = "<group>"; };
		50E5626B1E71BA90004E47A2 /* YSDriveFileTableViewCell.swift */ = {isa = PBXFileReference; fileEncoding = 4; lastKnownFileType = sourcecode.swift; path = YSDriveFileTableViewCell.swift; sourceTree = "<group>"; };
		50E5626C1E71BA90004E47A2 /* YSDriveFileTableViewCell.xib */ = {isa = PBXFileReference; fileEncoding = 4; lastKnownFileType = file.xib; path = YSDriveFileTableViewCell.xib; sourceTree = "<group>"; };
		50E5626D1E71BA90004E47A2 /* YSHeaderForSection.swift */ = {isa = PBXFileReference; fileEncoding = 4; lastKnownFileType = sourcecode.swift; path = YSHeaderForSection.swift; sourceTree = "<group>"; };
		50E5626E1E71BA90004E47A2 /* YSHeaderForSection.xib */ = {isa = PBXFileReference; fileEncoding = 4; lastKnownFileType = file.xib; path = YSHeaderForSection.xib; sourceTree = "<group>"; };
		50E5626F1E71BA90004E47A2 /* YSToolbarView.swift */ = {isa = PBXFileReference; fileEncoding = 4; lastKnownFileType = sourcecode.swift; path = YSToolbarView.swift; sourceTree = "<group>"; };
		50E562701E71BA90004E47A2 /* YSToolbarView.xib */ = {isa = PBXFileReference; fileEncoding = 4; lastKnownFileType = file.xib; path = YSToolbarView.xib; sourceTree = "<group>"; };
		50E562711E71BA90004E47A2 /* QuickFile.entitlements */ = {isa = PBXFileReference; fileEncoding = 4; lastKnownFileType = text.plist.entitlements; path = QuickFile.entitlements; sourceTree = "<group>"; };
		50EC7AB61F4DAEEF00315985 /* YSClassExtension.swift */ = {isa = PBXFileReference; fileEncoding = 4; lastKnownFileType = sourcecode.swift; path = YSClassExtension.swift; sourceTree = "<group>"; };
		50EC7ABA1F4F692A00315985 /* YSStringExtension.swift */ = {isa = PBXFileReference; fileEncoding = 4; lastKnownFileType = sourcecode.swift; path = YSStringExtension.swift; sourceTree = "<group>"; };
		50F4F4361F644EA000CB9646 /* YSSwiftMessagesExtension.swift */ = {isa = PBXFileReference; fileEncoding = 4; lastKnownFileType = sourcecode.swift; path = YSSwiftMessagesExtension.swift; sourceTree = "<group>"; };
		700D140BB4D9E31A8E2DCCFB /* Pods_QuickFile.framework */ = {isa = PBXFileReference; explicitFileType = wrapper.framework; includeInIndex = 0; path = Pods_QuickFile.framework; sourceTree = BUILT_PRODUCTS_DIR; };
		90B8E9930D6644F431BFC63B /* Pods-YSGGP.release.xcconfig */ = {isa = PBXFileReference; includeInIndex = 1; lastKnownFileType = text.xcconfig; name = "Pods-YSGGP.release.xcconfig"; path = "Pods/Target Support Files/Pods-YSGGP/Pods-YSGGP.release.xcconfig"; sourceTree = "<group>"; };
		B5721FD85E43A7A23A3C32CC /* Pods-QuickFile.debug.xcconfig */ = {isa = PBXFileReference; includeInIndex = 1; lastKnownFileType = text.xcconfig; name = "Pods-QuickFile.debug.xcconfig"; path = "Pods/Target Support Files/Pods-QuickFile/Pods-QuickFile.debug.xcconfig"; sourceTree = "<group>"; };
		C48E5DE7F722C2E89B93FDA8 /* Pods-QuickFile.release.xcconfig */ = {isa = PBXFileReference; includeInIndex = 1; lastKnownFileType = text.xcconfig; name = "Pods-QuickFile.release.xcconfig"; path = "Pods/Target Support Files/Pods-QuickFile/Pods-QuickFile.release.xcconfig"; sourceTree = "<group>"; };
/* End PBXFileReference section */

/* Begin PBXFrameworksBuildPhase section */
		50AB0DB31D8FF242008EDB0D /* Frameworks */ = {
			isa = PBXFrameworksBuildPhase;
			buildActionMask = 2147483647;
			files = (
				505A142E1F861B9500EC82B0 /* LNPopupController.framework in Frameworks */,
				58437EB2B086D3F33BB34816 /* Pods_QuickFile.framework in Frameworks */,
			);
			runOnlyForDeploymentPostprocessing = 0;
		};
/* End PBXFrameworksBuildPhase section */

/* Begin PBXGroup section */
		5005701A1F78EB14008C981C /* MJRefresh */ = {
			isa = PBXGroup;
			children = (
				5005701B1F78EB14008C981C /* Base */,
				500570261F78EB14008C981C /* Custom */,
				5005703D1F78EB14008C981C /* MJRefresh.bundle */,
				5005703E1F78EB14008C981C /* MJRefresh.h */,
				5005703F1F78EB14008C981C /* MJRefreshConst.h */,
				500570401F78EB14008C981C /* MJRefreshConst.m */,
				500570411F78EB14008C981C /* NSBundle+MJRefresh.h */,
				500570421F78EB14008C981C /* NSBundle+MJRefresh.m */,
				500570431F78EB14008C981C /* UIScrollView+MJExtension.h */,
				500570441F78EB14008C981C /* UIScrollView+MJExtension.m */,
				500570451F78EB14008C981C /* UIScrollView+MJRefresh.h */,
				500570461F78EB14008C981C /* UIScrollView+MJRefresh.m */,
				500570471F78EB14008C981C /* UIView+MJExtension.h */,
				500570481F78EB14008C981C /* UIView+MJExtension.m */,
			);
			path = MJRefresh;
			sourceTree = SOURCE_ROOT;
		};
		5005701B1F78EB14008C981C /* Base */ = {
			isa = PBXGroup;
			children = (
				5005701C1F78EB14008C981C /* MJRefreshAutoFooter.h */,
				5005701D1F78EB14008C981C /* MJRefreshAutoFooter.m */,
				5005701E1F78EB14008C981C /* MJRefreshBackFooter.h */,
				5005701F1F78EB14008C981C /* MJRefreshBackFooter.m */,
				500570201F78EB14008C981C /* MJRefreshComponent.h */,
				500570211F78EB14008C981C /* MJRefreshComponent.m */,
				500570221F78EB14008C981C /* MJRefreshFooter.h */,
				500570231F78EB14008C981C /* MJRefreshFooter.m */,
				500570241F78EB14008C981C /* MJRefreshHeader.h */,
				500570251F78EB14008C981C /* MJRefreshHeader.m */,
			);
			path = Base;
			sourceTree = "<group>";
		};
		500570261F78EB14008C981C /* Custom */ = {
			isa = PBXGroup;
			children = (
				500570271F78EB14008C981C /* Footer */,
				500570361F78EB14008C981C /* Header */,
			);
			path = Custom;
			sourceTree = "<group>";
		};
		500570271F78EB14008C981C /* Footer */ = {
			isa = PBXGroup;
			children = (
				500570281F78EB14008C981C /* Auto */,
				5005702F1F78EB14008C981C /* Back */,
			);
			path = Footer;
			sourceTree = "<group>";
		};
		500570281F78EB14008C981C /* Auto */ = {
			isa = PBXGroup;
			children = (
				500570291F78EB14008C981C /* MJRefreshAutoGifFooter.h */,
				5005702A1F78EB14008C981C /* MJRefreshAutoGifFooter.m */,
				5005702B1F78EB14008C981C /* MJRefreshAutoNormalFooter.h */,
				5005702C1F78EB14008C981C /* MJRefreshAutoNormalFooter.m */,
				5005702D1F78EB14008C981C /* MJRefreshAutoStateFooter.h */,
				5005702E1F78EB14008C981C /* MJRefreshAutoStateFooter.m */,
			);
			path = Auto;
			sourceTree = "<group>";
		};
		5005702F1F78EB14008C981C /* Back */ = {
			isa = PBXGroup;
			children = (
				500570301F78EB14008C981C /* MJRefreshBackGifFooter.h */,
				500570311F78EB14008C981C /* MJRefreshBackGifFooter.m */,
				500570321F78EB14008C981C /* MJRefreshBackNormalFooter.h */,
				500570331F78EB14008C981C /* MJRefreshBackNormalFooter.m */,
				500570341F78EB14008C981C /* MJRefreshBackStateFooter.h */,
				500570351F78EB14008C981C /* MJRefreshBackStateFooter.m */,
			);
			path = Back;
			sourceTree = "<group>";
		};
		500570361F78EB14008C981C /* Header */ = {
			isa = PBXGroup;
			children = (
				500570371F78EB14008C981C /* MJRefreshGifHeader.h */,
				500570381F78EB14008C981C /* MJRefreshGifHeader.m */,
				500570391F78EB14008C981C /* MJRefreshNormalHeader.h */,
				5005703A1F78EB14008C981C /* MJRefreshNormalHeader.m */,
				5005703B1F78EB14008C981C /* MJRefreshStateHeader.h */,
				5005703C1F78EB14008C981C /* MJRefreshStateHeader.m */,
			);
			path = Header;
			sourceTree = "<group>";
		};
		501DD3081F851FC1008AA5C0 /* Plists */ = {
			isa = PBXGroup;
			children = (
				50E562231E71BA90004E47A2 /* Info.plist */,
				508C57931F8FB45E00E8A472 /* GoogleService-Info.plist */,
				508C57941F8FB45E00E8A472 /* ServiceAccount.json */,
			);
			path = Plists;
			sourceTree = "<group>";
		};
		50AB0DAD1D8FF242008EDB0D = {
			isa = PBXGroup;
			children = (
				505A142B1F861AEE00EC82B0 /* Cartfile */,
				6AE4711898AD76DF85E73D3E /* Frameworks */,
				77BC85D60FDCB8FE1D7F7AC3 /* Pods */,
				50AB0DB71D8FF242008EDB0D /* Products */,
				50E562201E71BA90004E47A2 /* QuickFile */,
			);
			sourceTree = "<group>";
		};
		50AB0DB71D8FF242008EDB0D /* Products */ = {
			isa = PBXGroup;
			children = (
				50AB0DB61D8FF242008EDB0D /* QuickFile.app */,
			);
			name = Products;
			sourceTree = "<group>";
		};
		50E562201E71BA90004E47A2 /* QuickFile */ = {
			isa = PBXGroup;
			children = (
				500570191F78E065008C981C /* QuickFile-Bridging-Header.h */,
				5005701A1F78EB14008C981C /* MJRefresh */,
				50E5622D1E71BA90004E47A2 /* API */,
				50E562211E71BA90004E47A2 /* Additional_Classes */,
				50E562351E71BA90004E47A2 /* Controllers */,
				50E5623D1E71BA90004E47A2 /* Coordinators */,
				50E562451E71BA90004E47A2 /* Models */,
				50E562591E71BA90004E47A2 /* ViewModels */,
				50E562651E71BA90004E47A2 /* Views */,
				50E562711E71BA90004E47A2 /* QuickFile.entitlements */,
			);
			path = QuickFile;
			sourceTree = "<group>";
		};
		50E562211E71BA90004E47A2 /* Additional_Classes */ = {
			isa = PBXGroup;
			children = (
				501DD3081F851FC1008AA5C0 /* Plists */,
				50F4F4351F644E1000CB9646 /* Extensions */,
				50B1C4A31ED7F85D009B11B5 /* YSConverting.swift */,
				501046001F627C310075C5A8 /* ReqresDefaultLogger.swift */,
				50E562261E71BA90004E47A2 /* YSAppDelegate.swift */,
				50E562271E71BA90004E47A2 /* YSConstants.swift */,
				50E5622B1E71BA90004E47A2 /* YSTabBarController.swift */,
				501DD3091F852552008AA5C0 /* YSNSLoggerDecorator.swift */,
			);
			path = Additional_Classes;
			sourceTree = "<group>";
		};
		50E5622D1E71BA90004E47A2 /* API */ = {
			isa = PBXGroup;
			children = (
				50E5622E1E71BA90004E47A2 /* YSCredentialManager.swift */,
				50E5622F1E71BA90004E47A2 /* YSDatabaseManager.swift */,
				50E562301E71BA90004E47A2 /* YSDriveFileDownloader.swift */,
				50E562311E71BA90004E47A2 /* YSFilesMetadataDownloader.swift */,
				50E562321E71BA90004E47A2 /* YSNetworkResponseManager.swift */,
				50E562331E71BA90004E47A2 /* YSToken.swift */,
			);
			path = API;
			sourceTree = "<group>";
		};
		50E562351E71BA90004E47A2 /* Controllers */ = {
			isa = PBXGroup;
			children = (
				50E562361E71BA90004E47A2 /* YSDriveSearchController.swift */,
				50E562371E71BA90004E47A2 /* YSDriveTopViewController.swift */,
				50E562381E71BA90004E47A2 /* YSDriveViewController.swift */,
				50E562391E71BA90004E47A2 /* YSPlayerController.swift */,
				50E5623A1E71BA90004E47A2 /* YSPlaylistViewController.swift */,
				50E5623B1E71BA90004E47A2 /* YSSettingsTableViewController.swift */,
				50E5623C1E71BA90004E47A2 /* YSSettingsTopViewController.swift */,
			);
			path = Controllers;
			sourceTree = "<group>";
		};
		50E5623D1E71BA90004E47A2 /* Coordinators */ = {
			isa = PBXGroup;
			children = (
				50E5623E1E71BA90004E47A2 /* YSCoordinatorProtocol.swift */,
				50E5623F1E71BA90004E47A2 /* YSDriveCoordinator.swift */,
				50E562401E71BA90004E47A2 /* YSDriveSearchCoordinator.swift */,
				50E562411E71BA90004E47A2 /* YSDriveTopCoordinator.swift */,
				50E562421E71BA90004E47A2 /* YSPlayerCoordinator.swift */,
				50E562431E71BA90004E47A2 /* YSPlaylistCoordinator.swift */,
				50E562441E71BA90004E47A2 /* YSSettingsCoordinator.swift */,
			);
			path = Coordinators;
			sourceTree = "<group>";
		};
		50E562451E71BA90004E47A2 /* Models */ = {
			isa = PBXGroup;
			children = (
				50E562461E71BA90004E47A2 /* Data */,
				50E5624F1E71BA90004E47A2 /* Protocols */,
				50E562541E71BA90004E47A2 /* YSDriveModel.swift */,
				50E562551E71BA90004E47A2 /* YSDriveSearchModel.swift */,
				50E562571E71BA90004E47A2 /* YSPlaylistAndPlayerModel.swift */,
				50E562581E71BA90004E47A2 /* YSSettingsModel.swift */,
			);
			path = Models;
			sourceTree = "<group>";
		};
		50E562461E71BA90004E47A2 /* Data */ = {
			isa = PBXGroup;
			children = (
				50E562471E71BA90004E47A2 /* Data Protocols */,
				50E5624B1E71BA90004E47A2 /* Data Structs */,
			);
			path = Data;
			sourceTree = "<group>";
		};
		50E562471E71BA90004E47A2 /* Data Protocols */ = {
			isa = PBXGroup;
			children = (
				50E562481E71BA90004E47A2 /* YSDownloadProtocol.swift */,
				50E562491E71BA90004E47A2 /* YSDriveFileProtocol.swift */,
				50E5624A1E71BA90004E47A2 /* YSErrorProtocol.swift */,
			);
			path = "Data Protocols";
			sourceTree = "<group>";
		};
		50E5624B1E71BA90004E47A2 /* Data Structs */ = {
			isa = PBXGroup;
			children = (
				50E5624C1E71BA90004E47A2 /* YSDownload.swift */,
				50E5624D1E71BA90004E47A2 /* YSDriveFile.swift */,
				50E5624E1E71BA90004E47A2 /* YSError.swift */,
				50E562561E71BA90004E47A2 /* YSFolder.swift */,
			);
			path = "Data Structs";
			sourceTree = "<group>";
		};
		50E5624F1E71BA90004E47A2 /* Protocols */ = {
			isa = PBXGroup;
			children = (
				50E562501E71BA90004E47A2 /* YSDriveModelProtocol.swift */,
				50E562511E71BA90004E47A2 /* YSDriveSearchModelProtocol.swift */,
				50E562521E71BA90004E47A2 /* YSPlaylistAndPlayerProtocol.swift */,
				50E562531E71BA90004E47A2 /* YSSettingsModelProtocol.swift */,
			);
			path = Protocols;
			sourceTree = "<group>";
		};
		50E562591E71BA90004E47A2 /* ViewModels */ = {
			isa = PBXGroup;
			children = (
				50E5625A1E71BA90004E47A2 /* Protocols */,
				50E562601E71BA90004E47A2 /* YSDriveSearchViewModel.swift */,
				50E562611E71BA90004E47A2 /* YSDriveViewModel.swift */,
				50E562621E71BA90004E47A2 /* YSPlayerViewModel.swift */,
				50E562631E71BA90004E47A2 /* YSPlaylistViewModel.swift */,
				50E562641E71BA90004E47A2 /* YSSettingsViewModel.swift */,
			);
			path = ViewModels;
			sourceTree = "<group>";
		};
		50E5625A1E71BA90004E47A2 /* Protocols */ = {
			isa = PBXGroup;
			children = (
				50E5625B1E71BA90004E47A2 /* YSDriveSearchViewModelProtocol.swift */,
				50E5625C1E71BA90004E47A2 /* YSDriveViewModelProtocol.swift */,
				50E5625D1E71BA90004E47A2 /* YSPlayerViewModelProtocol.swift */,
				50E5625E1E71BA90004E47A2 /* YSPlaylistViewModelProtocol.swift */,
				50E5625F1E71BA90004E47A2 /* YSSettingsViewModelProtocol.swift */,
			);
			path = Protocols;
			sourceTree = "<group>";
		};
		50E562651E71BA90004E47A2 /* Views */ = {
			isa = PBXGroup;
			children = (
				50E562661E71BA90004E47A2 /* Assets.xcassets */,
				50E562671E71BA90004E47A2 /* LaunchScreen.storyboard */,
				50E562691E71BA90004E47A2 /* Main.storyboard */,
				50E5626B1E71BA90004E47A2 /* YSDriveFileTableViewCell.swift */,
				50E5626C1E71BA90004E47A2 /* YSDriveFileTableViewCell.xib */,
				50E5626D1E71BA90004E47A2 /* YSHeaderForSection.swift */,
				50E5626E1E71BA90004E47A2 /* YSHeaderForSection.xib */,
				50E5626F1E71BA90004E47A2 /* YSToolbarView.swift */,
				50E562701E71BA90004E47A2 /* YSToolbarView.xib */,
			);
			path = Views;
			sourceTree = "<group>";
		};
		50F4F4351F644E1000CB9646 /* Extensions */ = {
			isa = PBXGroup;
			children = (
				50F4F4361F644EA000CB9646 /* YSSwiftMessagesExtension.swift */,
				507293861F77D43A002A7C53 /* YSViewControllerLoggingExtension.swift */,
				50EC7AB61F4DAEEF00315985 /* YSClassExtension.swift */,
				50E562281E71BA90004E47A2 /* YSDateExtension.swift */,
				50E562291E71BA90004E47A2 /* YSDictionaryExtension.swift */,
				50E5622A1E71BA90004E47A2 /* YSNSObjectExtension.swift */,
				50EC7ABA1F4F692A00315985 /* YSStringExtension.swift */,
				50E5622C1E71BA90004E47A2 /* YSTabBarControllerExtension.swift */,
				502BE3651F878FEF005E03D0 /* YSNSErrorExtension.swift */,
			);
			path = Extensions;
			sourceTree = "<group>";
		};
		6AE4711898AD76DF85E73D3E /* Frameworks */ = {
			isa = PBXGroup;
			children = (
				505A142D1F861B9500EC82B0 /* LNPopupController.framework */,
				700D140BB4D9E31A8E2DCCFB /* Pods_QuickFile.framework */,
			);
			name = Frameworks;
			sourceTree = "<group>";
		};
		77BC85D60FDCB8FE1D7F7AC3 /* Pods */ = {
			isa = PBXGroup;
			children = (
				3156D1F3A99794B96BBB2897 /* Pods-YSGGP.debug.xcconfig */,
				90B8E9930D6644F431BFC63B /* Pods-YSGGP.release.xcconfig */,
				B5721FD85E43A7A23A3C32CC /* Pods-QuickFile.debug.xcconfig */,
				C48E5DE7F722C2E89B93FDA8 /* Pods-QuickFile.release.xcconfig */,
			);
			name = Pods;
			sourceTree = "<group>";
		};
/* End PBXGroup section */

/* Begin PBXNativeTarget section */
		50AB0DB51D8FF242008EDB0D /* QuickFile */ = {
			isa = PBXNativeTarget;
			buildConfigurationList = 50AB0DE01D8FF243008EDB0D /* Build configuration list for PBXNativeTarget "QuickFile" */;
			buildPhases = (
				8AAE1B2F875A9DC262D22F9C /* [CP] Check Pods Manifest.lock */,
				50AB0DB21D8FF242008EDB0D /* Sources */,
				50AB0DB31D8FF242008EDB0D /* Frameworks */,
				50AB0DB41D8FF242008EDB0D /* Resources */,
				07CB881B3B1C2E24B034515F /* [CP] Embed Pods Frameworks */,
				007B97F269BEA38879F14D2A /* [CP] Copy Pods Resources */,
				502578121DC3513300C6EFFF /* ShellScript */,
				507016191DEDE56400A7CAEF /* ShellScript */,
				50CBD1561E1D0842006789EF /* Embed Frameworks */,
				505A142F1F861BD000EC82B0 /* ShellScript */,
				502BE3671F87A06C005E03D0 /* ShellScript */,
			);
			buildRules = (
			);
			dependencies = (
			);
			name = QuickFile;
			productName = YSGGP;
			productReference = 50AB0DB61D8FF242008EDB0D /* QuickFile.app */;
			productType = "com.apple.product-type.application";
		};
/* End PBXNativeTarget section */

/* Begin PBXProject section */
		50AB0DAE1D8FF242008EDB0D /* Project object */ = {
			isa = PBXProject;
			attributes = {
				LastSwiftUpdateCheck = 0800;
				LastUpgradeCheck = 0800;
				ORGANIZATIONNAME = "Yurii Boiko";
				TargetAttributes = {
					50AB0DB51D8FF242008EDB0D = {
						CreatedOnToolsVersion = 8.0;
						DevelopmentTeam = 9GXW8252L9;
						ProvisioningStyle = Manual;
						SystemCapabilities = {
							com.apple.BackgroundModes = {
								enabled = 0;
							};
							com.apple.Keychain = {
								enabled = 1;
							};
							com.apple.Push = {
								enabled = 1;
							};
						};
					};
				};
			};
			buildConfigurationList = 50AB0DB11D8FF242008EDB0D /* Build configuration list for PBXProject "QuickFile" */;
			compatibilityVersion = "Xcode 3.2";
			developmentRegion = English;
			hasScannedForEncodings = 0;
			knownRegions = (
				en,
				Base,
			);
			mainGroup = 50AB0DAD1D8FF242008EDB0D;
			productRefGroup = 50AB0DB71D8FF242008EDB0D /* Products */;
			projectDirPath = "";
			projectRoot = "";
			targets = (
				50AB0DB51D8FF242008EDB0D /* QuickFile */,
			);
		};
/* End PBXProject section */

/* Begin PBXResourcesBuildPhase section */
		50AB0DB41D8FF242008EDB0D /* Resources */ = {
			isa = PBXResourcesBuildPhase;
			buildActionMask = 2147483647;
			files = (
				505A142C1F861AEE00EC82B0 /* Cartfile in Resources */,
				50E562AD1E71BA90004E47A2 /* Main.storyboard in Resources */,
				50E562AC1E71BA90004E47A2 /* LaunchScreen.storyboard in Resources */,
				50E562B31E71BA90004E47A2 /* YSToolbarView.xib in Resources */,
				50E562AF1E71BA90004E47A2 /* YSDriveFileTableViewCell.xib in Resources */,
				50E562AB1E71BA90004E47A2 /* Assets.xcassets in Resources */,
				50E562B11E71BA90004E47A2 /* YSHeaderForSection.xib in Resources */,
				500570571F78EB14008C981C /* MJRefresh.bundle in Resources */,
			);
			runOnlyForDeploymentPostprocessing = 0;
		};
/* End PBXResourcesBuildPhase section */

/* Begin PBXShellScriptBuildPhase section */
		007B97F269BEA38879F14D2A /* [CP] Copy Pods Resources */ = {
			isa = PBXShellScriptBuildPhase;
			buildActionMask = 2147483647;
			files = (
			);
			inputPaths = (
				"${SRCROOT}/Pods/Target Support Files/Pods-QuickFile/Pods-QuickFile-resources.sh",
				"${PODS_ROOT}/GoogleSignIn/Resources/GoogleSignIn.bundle",
			);
			name = "[CP] Copy Pods Resources";
			outputPaths = (
				"${TARGET_BUILD_DIR}/${UNLOCALIZED_RESOURCES_FOLDER_PATH}",
			);
			runOnlyForDeploymentPostprocessing = 0;
			shellPath = /bin/sh;
			shellScript = "\"${SRCROOT}/Pods/Target Support Files/Pods-QuickFile/Pods-QuickFile-resources.sh\"\n";
			showEnvVarsInLog = 0;
		};
		07CB881B3B1C2E24B034515F /* [CP] Embed Pods Frameworks */ = {
			isa = PBXShellScriptBuildPhase;
			buildActionMask = 2147483647;
			files = (
			);
			inputPaths = (
				"${SRCROOT}/Pods/Target Support Files/Pods-QuickFile/Pods-QuickFile-frameworks.sh",
				"${BUILT_PRODUCTS_DIR}/DZNEmptyDataSet/DZNEmptyDataSet.framework",
				"${BUILT_PRODUCTS_DIR}/DownloadButton/DownloadButton.framework",
				"${BUILT_PRODUCTS_DIR}/GTMOAuth2/GTMOAuth2.framework",
				"${BUILT_PRODUCTS_DIR}/GTMSessionFetcher/GTMSessionFetcher.framework",
				"${BUILT_PRODUCTS_DIR}/GoogleToolboxForMac/GoogleToolboxForMac.framework",
				"${BUILT_PRODUCTS_DIR}/KeychainAccess/KeychainAccess.framework",
				"${BUILT_PRODUCTS_DIR}/M13ProgressSuite/M13ProgressSuite.framework",
				"${BUILT_PRODUCTS_DIR}/MarqueeLabel/MarqueeLabel.framework",
				"${BUILT_PRODUCTS_DIR}/NSLogger/NSLogger.framework",
				"${BUILT_PRODUCTS_DIR}/Protobuf/Protobuf.framework",
				"${BUILT_PRODUCTS_DIR}/RazzleDazzle/RazzleDazzle.framework",
				"${BUILT_PRODUCTS_DIR}/ReachabilitySwift/Reachability.framework",
				"${BUILT_PRODUCTS_DIR}/Reflection/Reflection.framework",
				"${BUILT_PRODUCTS_DIR}/Reqres/Reqres.framework",
				"${BUILT_PRODUCTS_DIR}/SwiftMessages/SwiftMessages.framework",
				"${BUILT_PRODUCTS_DIR}/SwiftyTimer/SwiftyTimer.framework",
				"${BUILT_PRODUCTS_DIR}/leveldb-library/leveldb.framework",
				"${BUILT_PRODUCTS_DIR}/nanopb/nanopb.framework",
			);
			name = "[CP] Embed Pods Frameworks";
			outputPaths = (
				"${TARGET_BUILD_DIR}/${FRAMEWORKS_FOLDER_PATH}/DZNEmptyDataSet.framework",
				"${TARGET_BUILD_DIR}/${FRAMEWORKS_FOLDER_PATH}/DownloadButton.framework",
				"${TARGET_BUILD_DIR}/${FRAMEWORKS_FOLDER_PATH}/GTMOAuth2.framework",
				"${TARGET_BUILD_DIR}/${FRAMEWORKS_FOLDER_PATH}/GTMSessionFetcher.framework",
				"${TARGET_BUILD_DIR}/${FRAMEWORKS_FOLDER_PATH}/GoogleToolboxForMac.framework",
				"${TARGET_BUILD_DIR}/${FRAMEWORKS_FOLDER_PATH}/KeychainAccess.framework",
				"${TARGET_BUILD_DIR}/${FRAMEWORKS_FOLDER_PATH}/M13ProgressSuite.framework",
				"${TARGET_BUILD_DIR}/${FRAMEWORKS_FOLDER_PATH}/MarqueeLabel.framework",
				"${TARGET_BUILD_DIR}/${FRAMEWORKS_FOLDER_PATH}/NSLogger.framework",
				"${TARGET_BUILD_DIR}/${FRAMEWORKS_FOLDER_PATH}/Protobuf.framework",
				"${TARGET_BUILD_DIR}/${FRAMEWORKS_FOLDER_PATH}/RazzleDazzle.framework",
				"${TARGET_BUILD_DIR}/${FRAMEWORKS_FOLDER_PATH}/Reachability.framework",
				"${TARGET_BUILD_DIR}/${FRAMEWORKS_FOLDER_PATH}/Reflection.framework",
				"${TARGET_BUILD_DIR}/${FRAMEWORKS_FOLDER_PATH}/Reqres.framework",
				"${TARGET_BUILD_DIR}/${FRAMEWORKS_FOLDER_PATH}/SwiftMessages.framework",
				"${TARGET_BUILD_DIR}/${FRAMEWORKS_FOLDER_PATH}/SwiftyTimer.framework",
				"${TARGET_BUILD_DIR}/${FRAMEWORKS_FOLDER_PATH}/leveldb.framework",
				"${TARGET_BUILD_DIR}/${FRAMEWORKS_FOLDER_PATH}/nanopb.framework",
			);
			runOnlyForDeploymentPostprocessing = 0;
			shellPath = /bin/sh;
			shellScript = "\"${SRCROOT}/Pods/Target Support Files/Pods-QuickFile/Pods-QuickFile-frameworks.sh\"\n";
			showEnvVarsInLog = 0;
		};
		502578121DC3513300C6EFFF /* ShellScript */ = {
			isa = PBXShellScriptBuildPhase;
			buildActionMask = 8;
			files = (
			);
			inputPaths = (
			);
			outputPaths = (
			);
			runOnlyForDeploymentPostprocessing = 1;
			shellPath = /bin/sh;
			shellScript = "ADDITIONAL_FILES_DIR=${SRCROOT}/QuickFile/Additional_Classes/Plists\nGOOGLE_APP_ID=$( defaults read ${ADDITIONAL_FILES_DIR}/GoogleService-Info.plist GOOGLE_APP_ID )\n\n\"${PODS_ROOT}\"/FirebaseCrash/upload-sym \"${ADDITIONAL_FILES_DIR}/ServiceAccount.json\"";
		};
		502BE3671F87A06C005E03D0 /* ShellScript */ = {
			isa = PBXShellScriptBuildPhase;
			buildActionMask = 2147483647;
			files = (
			);
			inputPaths = (
			);
			outputPaths = (
			);
			runOnlyForDeploymentPostprocessing = 0;
			shellPath = /bin/sh;
			shellScript = "\"${PODS_ROOT}/SwiftLint/swiftlint\"";
		};
		505A142F1F861BD000EC82B0 /* ShellScript */ = {
			isa = PBXShellScriptBuildPhase;
			buildActionMask = 2147483647;
			files = (
			);
			inputPaths = (
				"$(SRCROOT)/Carthage/Build/iOS/LNPopupController.framework",
			);
			outputPaths = (
				"$(BUILT_PRODUCTS_DIR)/$(FRAMEWORKS_FOLDER_PATH)/LNPopupController.framework",
			);
			runOnlyForDeploymentPostprocessing = 0;
			shellPath = /bin/sh;
			shellScript = "/usr/local/bin/carthage copy-frameworks";
		};
		507016191DEDE56400A7CAEF /* ShellScript */ = {
			isa = PBXShellScriptBuildPhase;
			buildActionMask = 12;
			files = (
			);
			inputPaths = (
			);
			outputPaths = (
			);
			runOnlyForDeploymentPostprocessing = 0;
			shellPath = /bin/sh;
			shellScript = "if [ \"${CONFIGURATION}\" = \"Debug\" ]; then\nTAGS=\"TODO:|FIXME:|WARNING:\"\necho \"searching ${SRCROOT} for ${TAGS}\"\nfind \"${SRCROOT}\" \\( -name \"*.swift\" \\) -print0 | xargs -0 egrep --with-filename --line-number --only-matching \"($TAGS).*\\$\" | perl -p -e \"s/($TAGS)/ warning: \\$1/\"\nfi";
		};
		8AAE1B2F875A9DC262D22F9C /* [CP] Check Pods Manifest.lock */ = {
			isa = PBXShellScriptBuildPhase;
			buildActionMask = 2147483647;
			files = (
			);
			inputPaths = (
				"${PODS_PODFILE_DIR_PATH}/Podfile.lock",
				"${PODS_ROOT}/Manifest.lock",
			);
			name = "[CP] Check Pods Manifest.lock";
			outputPaths = (
				"$(DERIVED_FILE_DIR)/Pods-QuickFile-checkManifestLockResult.txt",
			);
			runOnlyForDeploymentPostprocessing = 0;
			shellPath = /bin/sh;
			shellScript = "diff \"${PODS_PODFILE_DIR_PATH}/Podfile.lock\" \"${PODS_ROOT}/Manifest.lock\" > /dev/null\nif [ $? != 0 ] ; then\n    # print error to STDERR\n    echo \"error: The sandbox is not in sync with the Podfile.lock. Run 'pod install' or update your CocoaPods installation.\" >&2\n    exit 1\nfi\n# This output is used by Xcode 'outputs' to avoid re-running this script phase.\necho \"SUCCESS\" > \"${SCRIPT_OUTPUT_FILE_0}\"\n";
			showEnvVarsInLog = 0;
		};
/* End PBXShellScriptBuildPhase section */

/* Begin PBXSourcesBuildPhase section */
		50AB0DB21D8FF242008EDB0D /* Sources */ = {
			isa = PBXSourcesBuildPhase;
			buildActionMask = 2147483647;
			files = (
				50B1C4A41ED7F85D009B11B5 /* YSConverting.swift in Sources */,
				50E5628E1E71BA90004E47A2 /* YSDriveTopCoordinator.swift in Sources */,
				50E5628F1E71BA90004E47A2 /* YSPlayerCoordinator.swift in Sources */,
				50E562841E71BA90004E47A2 /* YSDriveSearchController.swift in Sources */,
				50E562941E71BA90004E47A2 /* YSErrorProtocol.swift in Sources */,
				50E562921E71BA90004E47A2 /* YSDownloadProtocol.swift in Sources */,
				50E562911E71BA90004E47A2 /* YSSettingsCoordinator.swift in Sources */,
				50E562851E71BA90004E47A2 /* YSDriveTopViewController.swift in Sources */,
				5005704E1F78EB14008C981C /* MJRefreshAutoGifFooter.m in Sources */,
				5005704B1F78EB14008C981C /* MJRefreshComponent.m in Sources */,
				50E562771E71BA90004E47A2 /* YSConstants.swift in Sources */,
				50E562B21E71BA90004E47A2 /* YSToolbarView.swift in Sources */,
				50E562A41E71BA90004E47A2 /* YSPlaylistViewModelProtocol.swift in Sources */,
				50E5629E1E71BA90004E47A2 /* YSFolder.swift in Sources */,
				50E5629D1E71BA90004E47A2 /* YSDriveSearchModel.swift in Sources */,
				500570591F78EB14008C981C /* NSBundle+MJRefresh.m in Sources */,
				50E562791E71BA90004E47A2 /* YSDictionaryExtension.swift in Sources */,
				50E562B01E71BA90004E47A2 /* YSHeaderForSection.swift in Sources */,
				50E562881E71BA90004E47A2 /* YSPlaylistViewController.swift in Sources */,
				500570551F78EB14008C981C /* MJRefreshNormalHeader.m in Sources */,
				501DD30A1F852552008AA5C0 /* YSNSLoggerDecorator.swift in Sources */,
				50E5627E1E71BA90004E47A2 /* YSDatabaseManager.swift in Sources */,
				501046011F627C310075C5A8 /* ReqresDefaultLogger.swift in Sources */,
				50E5627B1E71BA90004E47A2 /* YSTabBarController.swift in Sources */,
				50E562991E71BA90004E47A2 /* YSDriveSearchModelProtocol.swift in Sources */,
				50E562AE1E71BA90004E47A2 /* YSDriveFileTableViewCell.swift in Sources */,
				50E562871E71BA90004E47A2 /* YSPlayerController.swift in Sources */,
				50E5627D1E71BA90004E47A2 /* YSCredentialManager.swift in Sources */,
				50E562A91E71BA90004E47A2 /* YSPlaylistViewModel.swift in Sources */,
				50E5628D1E71BA90004E47A2 /* YSDriveSearchCoordinator.swift in Sources */,
				50E5629B1E71BA90004E47A2 /* YSSettingsModelProtocol.swift in Sources */,
				50E562951E71BA90004E47A2 /* YSDownload.swift in Sources */,
				50E562761E71BA90004E47A2 /* YSAppDelegate.swift in Sources */,
				500570491F78EB14008C981C /* MJRefreshAutoFooter.m in Sources */,
				50E562A11E71BA90004E47A2 /* YSDriveSearchViewModelProtocol.swift in Sources */,
				50E562A81E71BA90004E47A2 /* YSPlayerViewModel.swift in Sources */,
				50E562981E71BA90004E47A2 /* YSDriveModelProtocol.swift in Sources */,
				50EC7AB71F4DAEEF00315985 /* YSClassExtension.swift in Sources */,
				5005704C1F78EB14008C981C /* MJRefreshFooter.m in Sources */,
				50E562781E71BA90004E47A2 /* YSDateExtension.swift in Sources */,
				50E5628A1E71BA90004E47A2 /* YSSettingsTopViewController.swift in Sources */,
				50E562811E71BA90004E47A2 /* YSNetworkResponseManager.swift in Sources */,
				50E562821E71BA90004E47A2 /* YSToken.swift in Sources */,
				50E562971E71BA90004E47A2 /* YSError.swift in Sources */,
				50E562A31E71BA90004E47A2 /* YSPlayerViewModelProtocol.swift in Sources */,
				50E562931E71BA90004E47A2 /* YSDriveFileProtocol.swift in Sources */,
				50E5627A1E71BA90004E47A2 /* YSNSObjectExtension.swift in Sources */,
				500570531F78EB14008C981C /* MJRefreshBackStateFooter.m in Sources */,
				500570541F78EB14008C981C /* MJRefreshGifHeader.m in Sources */,
				5005704D1F78EB14008C981C /* MJRefreshHeader.m in Sources */,
				50E5628B1E71BA90004E47A2 /* YSCoordinatorProtocol.swift in Sources */,
				5005704A1F78EB14008C981C /* MJRefreshBackFooter.m in Sources */,
				50EC7ABB1F4F692A00315985 /* YSStringExtension.swift in Sources */,
				50E5628C1E71BA90004E47A2 /* YSDriveCoordinator.swift in Sources */,
				50E5629F1E71BA90004E47A2 /* YSPlaylistAndPlayerModel.swift in Sources */,
				50E562AA1E71BA90004E47A2 /* YSSettingsViewModel.swift in Sources */,
				50E562901E71BA90004E47A2 /* YSPlaylistCoordinator.swift in Sources */,
				500570561F78EB14008C981C /* MJRefreshStateHeader.m in Sources */,
				500570521F78EB14008C981C /* MJRefreshBackNormalFooter.m in Sources */,
				507293871F77D43A002A7C53 /* YSViewControllerLoggingExtension.swift in Sources */,
				500570501F78EB14008C981C /* MJRefreshAutoStateFooter.m in Sources */,
				50E562A51E71BA90004E47A2 /* YSSettingsViewModelProtocol.swift in Sources */,
				500570581F78EB14008C981C /* MJRefreshConst.m in Sources */,
				50E562801E71BA90004E47A2 /* YSFilesMetadataDownloader.swift in Sources */,
				5005705B1F78EB14008C981C /* UIScrollView+MJRefresh.m in Sources */,
				50E5627C1E71BA90004E47A2 /* YSTabBarControllerExtension.swift in Sources */,
				50E562A01E71BA90004E47A2 /* YSSettingsModel.swift in Sources */,
				5005704F1F78EB14008C981C /* MJRefreshAutoNormalFooter.m in Sources */,
				5005705A1F78EB14008C981C /* UIScrollView+MJExtension.m in Sources */,
				50E562A71E71BA90004E47A2 /* YSDriveViewModel.swift in Sources */,
				50E562A61E71BA90004E47A2 /* YSDriveSearchViewModel.swift in Sources */,
				50E5629C1E71BA90004E47A2 /* YSDriveModel.swift in Sources */,
				5005705C1F78EB14008C981C /* UIView+MJExtension.m in Sources */,
				50E5627F1E71BA90004E47A2 /* YSDriveFileDownloader.swift in Sources */,
				500570511F78EB14008C981C /* MJRefreshBackGifFooter.m in Sources */,
				50E562A21E71BA90004E47A2 /* YSDriveViewModelProtocol.swift in Sources */,
				50E562891E71BA90004E47A2 /* YSSettingsTableViewController.swift in Sources */,
				50E562961E71BA90004E47A2 /* YSDriveFile.swift in Sources */,
				50F4F4371F644EA000CB9646 /* YSSwiftMessagesExtension.swift in Sources */,
				502BE3661F878FEF005E03D0 /* YSNSErrorExtension.swift in Sources */,
				50E562861E71BA90004E47A2 /* YSDriveViewController.swift in Sources */,
				50E5629A1E71BA90004E47A2 /* YSPlaylistAndPlayerProtocol.swift in Sources */,
			);
			runOnlyForDeploymentPostprocessing = 0;
		};
/* End PBXSourcesBuildPhase section */

/* Begin PBXVariantGroup section */
		50E562671E71BA90004E47A2 /* LaunchScreen.storyboard */ = {
			isa = PBXVariantGroup;
			children = (
				50E562681E71BA90004E47A2 /* Base */,
			);
			name = LaunchScreen.storyboard;
			path = .;
			sourceTree = "<group>";
		};
		50E562691E71BA90004E47A2 /* Main.storyboard */ = {
			isa = PBXVariantGroup;
			children = (
				50E5626A1E71BA90004E47A2 /* Base */,
			);
			name = Main.storyboard;
			path = .;
			sourceTree = "<group>";
		};
/* End PBXVariantGroup section */

/* Begin XCBuildConfiguration section */
		50AB0DDE1D8FF243008EDB0D /* Debug */ = {
			isa = XCBuildConfiguration;
			buildSettings = {
				ALWAYS_SEARCH_USER_PATHS = NO;
				CLANG_ANALYZER_NONNULL = YES;
				CLANG_CXX_LANGUAGE_STANDARD = "gnu++0x";
				CLANG_CXX_LIBRARY = "libc++";
				CLANG_ENABLE_MODULES = YES;
				CLANG_ENABLE_OBJC_ARC = YES;
				CLANG_WARN_BOOL_CONVERSION = YES;
				CLANG_WARN_CONSTANT_CONVERSION = YES;
				CLANG_WARN_DIRECT_OBJC_ISA_USAGE = YES_ERROR;
				CLANG_WARN_DOCUMENTATION_COMMENTS = YES;
				CLANG_WARN_EMPTY_BODY = YES;
				CLANG_WARN_ENUM_CONVERSION = YES;
				CLANG_WARN_INFINITE_RECURSION = YES;
				CLANG_WARN_INT_CONVERSION = YES;
				CLANG_WARN_OBJC_ROOT_CLASS = YES_ERROR;
				CLANG_WARN_SUSPICIOUS_MOVE = YES;
				CLANG_WARN_SUSPICIOUS_MOVES = YES;
				CLANG_WARN_UNREACHABLE_CODE = YES;
				CLANG_WARN__DUPLICATE_METHOD_MATCH = YES;
				CODE_SIGN_IDENTITY = "iPhone Developer";
				"CODE_SIGN_IDENTITY[sdk=iphoneos*]" = "iPhone Developer";
				COPY_PHASE_STRIP = NO;
				DEBUG_INFORMATION_FORMAT = dwarf;
				ENABLE_STRICT_OBJC_MSGSEND = YES;
				ENABLE_TESTABILITY = YES;
				GCC_C_LANGUAGE_STANDARD = gnu99;
				GCC_DYNAMIC_NO_PIC = NO;
				GCC_NO_COMMON_BLOCKS = YES;
				GCC_OPTIMIZATION_LEVEL = 0;
				GCC_PREPROCESSOR_DEFINITIONS = (
					"DEBUG=1",
					"$(inherited)",
				);
				GCC_WARN_64_TO_32_BIT_CONVERSION = YES;
				GCC_WARN_ABOUT_RETURN_TYPE = YES_ERROR;
				GCC_WARN_UNDECLARED_SELECTOR = YES;
				GCC_WARN_UNINITIALIZED_AUTOS = YES_AGGRESSIVE;
				GCC_WARN_UNUSED_FUNCTION = YES;
				GCC_WARN_UNUSED_VARIABLE = YES;
				IPHONEOS_DEPLOYMENT_TARGET = 10.0;
				MTL_ENABLE_DEBUG_INFO = YES;
				ONLY_ACTIVE_ARCH = YES;
				SDKROOT = iphoneos;
				SWIFT_ACTIVE_COMPILATION_CONDITIONS = DEBUG;
				SWIFT_OPTIMIZATION_LEVEL = "-Onone";
				TARGETED_DEVICE_FAMILY = "1,2";
			};
			name = Debug;
		};
		50AB0DDF1D8FF243008EDB0D /* Release */ = {
			isa = XCBuildConfiguration;
			buildSettings = {
				ALWAYS_SEARCH_USER_PATHS = NO;
				CLANG_ANALYZER_NONNULL = YES;
				CLANG_CXX_LANGUAGE_STANDARD = "gnu++0x";
				CLANG_CXX_LIBRARY = "libc++";
				CLANG_ENABLE_MODULES = YES;
				CLANG_ENABLE_OBJC_ARC = YES;
				CLANG_WARN_BOOL_CONVERSION = YES;
				CLANG_WARN_CONSTANT_CONVERSION = YES;
				CLANG_WARN_DIRECT_OBJC_ISA_USAGE = YES_ERROR;
				CLANG_WARN_DOCUMENTATION_COMMENTS = YES;
				CLANG_WARN_EMPTY_BODY = YES;
				CLANG_WARN_ENUM_CONVERSION = YES;
				CLANG_WARN_INFINITE_RECURSION = YES;
				CLANG_WARN_INT_CONVERSION = YES;
				CLANG_WARN_OBJC_ROOT_CLASS = YES_ERROR;
				CLANG_WARN_SUSPICIOUS_MOVE = YES;
				CLANG_WARN_SUSPICIOUS_MOVES = YES;
				CLANG_WARN_UNREACHABLE_CODE = YES;
				CLANG_WARN__DUPLICATE_METHOD_MATCH = YES;
				CODE_SIGN_IDENTITY = "iPhone Developer";
				"CODE_SIGN_IDENTITY[sdk=iphoneos*]" = "iPhone Developer";
				COPY_PHASE_STRIP = NO;
				DEBUG_INFORMATION_FORMAT = "dwarf-with-dsym";
				ENABLE_NS_ASSERTIONS = NO;
				ENABLE_STRICT_OBJC_MSGSEND = YES;
				GCC_C_LANGUAGE_STANDARD = gnu99;
				GCC_NO_COMMON_BLOCKS = YES;
				GCC_WARN_64_TO_32_BIT_CONVERSION = YES;
				GCC_WARN_ABOUT_RETURN_TYPE = YES_ERROR;
				GCC_WARN_UNDECLARED_SELECTOR = YES;
				GCC_WARN_UNINITIALIZED_AUTOS = YES_AGGRESSIVE;
				GCC_WARN_UNUSED_FUNCTION = YES;
				GCC_WARN_UNUSED_VARIABLE = YES;
				IPHONEOS_DEPLOYMENT_TARGET = 10.0;
				MTL_ENABLE_DEBUG_INFO = NO;
				SDKROOT = iphoneos;
				SWIFT_OPTIMIZATION_LEVEL = "-Owholemodule";
				TARGETED_DEVICE_FAMILY = "1,2";
				VALIDATE_PRODUCT = YES;
			};
			name = Release;
		};
		50AB0DE11D8FF243008EDB0D /* Debug */ = {
			isa = XCBuildConfiguration;
			baseConfigurationReference = B5721FD85E43A7A23A3C32CC /* Pods-QuickFile.debug.xcconfig */;
			buildSettings = {
				ASSETCATALOG_COMPILER_APPICON_NAME = AppIcon;
				CODE_SIGN_ENTITLEMENTS = QuickFile/QuickFile.entitlements;
				CODE_SIGN_IDENTITY = "iPhone Developer";
				"CODE_SIGN_IDENTITY[sdk=iphoneos*]" = "iPhone Developer";
				DEVELOPMENT_TEAM = 9GXW8252L9;
				ENABLE_BITCODE = NO;
				FRAMEWORK_SEARCH_PATHS = (
					"$(inherited)",
					"$(PROJECT_DIR)/Carthage/Build/iOS",
				);
				INFOPLIST_FILE = "$(SRCROOT)/QuickFile/Additional_Classes/Plists/Info.plist";
				IPHONEOS_DEPLOYMENT_TARGET = 10.0;
				LD_RUNPATH_SEARCH_PATHS = "$(inherited) @executable_path/Frameworks";
				PRODUCT_BUNDLE_IDENTIFIER = "com.yurs-soft.quickfile";
				PRODUCT_NAME = "$(TARGET_NAME)";
				PROVISIONING_PROFILE = "8d2b3d35-e61c-4ad9-af46-68e7f5a44979";
				PROVISIONING_PROFILE_SPECIFIER = Dev;
				SWIFT_OBJC_BRIDGING_HEADER = "$(PROJECT_DIR)/$(PROJECT_NAME)/$(PROJECT_NAME)-Bridging-Header.h";
				SWIFT_VERSION = 3.0;
				TARGETED_DEVICE_FAMILY = 1;
			};
			name = Debug;
		};
		50AB0DE21D8FF243008EDB0D /* Release */ = {
			isa = XCBuildConfiguration;
			baseConfigurationReference = C48E5DE7F722C2E89B93FDA8 /* Pods-QuickFile.release.xcconfig */;
			buildSettings = {
				ASSETCATALOG_COMPILER_APPICON_NAME = AppIcon;
				CODE_SIGN_ENTITLEMENTS = QuickFile/QuickFile.entitlements;
				CODE_SIGN_IDENTITY = "iPhone Developer";
				"CODE_SIGN_IDENTITY[sdk=iphoneos*]" = "iPhone Distribution";
				DEVELOPMENT_TEAM = 9GXW8252L9;
				ENABLE_BITCODE = NO;
				FRAMEWORK_SEARCH_PATHS = (
					"$(inherited)",
					"$(PROJECT_DIR)/Carthage/Build/iOS",
				);
				GCC_OPTIMIZATION_LEVEL = 0;
				INFOPLIST_FILE = "$(SRCROOT)/QuickFile/Additional_Classes/Plists/Info.plist";
				IPHONEOS_DEPLOYMENT_TARGET = 10.0;
				LD_RUNPATH_SEARCH_PATHS = "$(inherited) @executable_path/Frameworks";
				PRODUCT_BUNDLE_IDENTIFIER = "com.yurs-soft.quickfile";
				PRODUCT_NAME = "$(TARGET_NAME)";
				PROVISIONING_PROFILE = "c4e2ef3d-5c67-4a1b-b7ec-8064c66a7c81";
				PROVISIONING_PROFILE_SPECIFIER = Prod;
				SWIFT_OBJC_BRIDGING_HEADER = "$(PROJECT_DIR)/$(PROJECT_NAME)/$(PROJECT_NAME)-Bridging-Header.h";
				SWIFT_OPTIMIZATION_LEVEL = "-Onone";
				SWIFT_VERSION = 3.0;
				TARGETED_DEVICE_FAMILY = 1;
			};
			name = Release;
		};
/* End XCBuildConfiguration section */

/* Begin XCConfigurationList section */
		50AB0DB11D8FF242008EDB0D /* Build configuration list for PBXProject "QuickFile" */ = {
			isa = XCConfigurationList;
			buildConfigurations = (
				50AB0DDE1D8FF243008EDB0D /* Debug */,
				50AB0DDF1D8FF243008EDB0D /* Release */,
			);
			defaultConfigurationIsVisible = 0;
			defaultConfigurationName = Release;
		};
		50AB0DE01D8FF243008EDB0D /* Build configuration list for PBXNativeTarget "QuickFile" */ = {
			isa = XCConfigurationList;
			buildConfigurations = (
				50AB0DE11D8FF243008EDB0D /* Debug */,
				50AB0DE21D8FF243008EDB0D /* Release */,
			);
			defaultConfigurationIsVisible = 0;
			defaultConfigurationName = Release;
		};
/* End XCConfigurationList section */
	};
	rootObject = 50AB0DAE1D8FF242008EDB0D /* Project object */;
}
